{
  "version": 4,
  "terraform_version": "0.15.3",
  "serial": 131,
  "lineage": "8bb67666-edbc-7c9c-0104-2fc6e6dff050",
  "outputs": {
    "elk-pass": {
      "value": "3R4:gU1y9]V+JAV?}!g$",
      "type": "string",
      "sensitive": true
    },
    "elk_fqdn": {
      "value": "https://c-c9q9u7592gj7pjrmks49.rw.mdb.yandexcloud.net",
      "type": "string"
    }
  },
  "resources": [
    {
      "module": "module.First-module",
      "mode": "managed",
      "type": "random_password",
      "name": "passwords",
      "provider": "provider[\"registry.terraform.io/hashicorp/random\"]",
      "instances": [
        {
          "index_key": 0,
          "schema_version": 0,
          "attributes": {
            "id": "none",
            "keepers": null,
            "length": 20,
            "lower": true,
            "min_lower": 0,
            "min_numeric": 0,
            "min_special": 0,
            "min_upper": 0,
            "number": true,
            "override_special": null,
            "result": "3R4:gU1y9]V+JAV?}!g$",
            "special": true,
            "upper": true
          },
          "sensitive_attributes": [],
          "private": "bnVsbA=="
        }
      ]
    },
    {
      "module": "module.First-module",
      "mode": "managed",
      "type": "yandex_mdb_elasticsearch_cluster",
      "name": "yc-elk",
      "provider": "provider[\"registry.terraform.io/yandex-cloud/yandex\"]",
      "instances": [
        {
          "schema_version": 0,
          "attributes": {
            "config": [
              {
                "admin_password": "3R4:gU1y9]V+JAV?}!g$",
                "data_node": [
                  {
                    "resources": [
                      {
                        "disk_size": 1000,
                        "disk_type_id": "network-ssd",
                        "resource_preset_id": "s2.medium"
                      }
                    ]
                  }
                ],
                "edition": "basic",
                "master_node": [],
                "plugins": null,
                "version": "7.13"
              }
            ],
            "created_at": "2021-07-29T10:00:29Z",
            "description": "",
            "environment": "PRODUCTION",
            "folder_id": "b1gci8pu7s2seup3mpor",
            "health": "HEALTH_UNKNOWN",
            "host": [
              {
                "assign_public_ip": false,
                "fqdn": "rc1a-14hkfth4m84oaep8.mdb.yandexcloud.net",
                "name": "datanode0",
                "subnet_id": "e9boih92qspkol5morvl",
                "type": "DATA_NODE",
                "zone": "ru-central1-a"
              },
              {
                "assign_public_ip": false,
                "fqdn": "rc1b-dm76i9bvbupthn1o.mdb.yandexcloud.net",
                "name": "datanode1",
                "subnet_id": "e2lbe671uvs0i8u3cr3s",
                "type": "DATA_NODE",
                "zone": "ru-central1-b"
              },
              {
                "assign_public_ip": false,
                "fqdn": "rc1c-5djm1mrcpdku4gp5.mdb.yandexcloud.net",
                "name": "datanode2",
                "subnet_id": "b0c0ddsip8vkulcqh7k4",
                "type": "DATA_NODE",
                "zone": "ru-central1-c"
              }
            ],
            "id": "c9q9u7592gj7pjrmks49",
            "labels": null,
            "name": "yc-elk",
            "network_id": "enp5t00135hd1mut1to9",
            "security_group_ids": null,
            "service_account_id": "",
            "status": "RUNNING",
            "timeouts": null
          },
          "sensitive_attributes": [
            [
              {
                "type": "get_attr",
                "value": "config"
              },
              {
                "type": "index",
                "value": {
                  "value": 0,
                  "type": "number"
                }
              },
              {
                "type": "get_attr",
                "value": "admin_password"
              }
            ]
          ],
          "private": "eyJlMmJmYjczMC1lY2FhLTExZTYtOGY4OC0zNDM2M2JjN2M0YzAiOnsiY3JlYXRlIjoxODAwMDAwMDAwMDAwLCJkZWxldGUiOjkwMDAwMDAwMDAwMCwidXBkYXRlIjozNjAwMDAwMDAwMDAwfX0=",
          "dependencies": [
            "module.First-module.random_password.passwords"
          ]
        }
      ]
    },
    {
      "module": "module.Second-module",
      "mode": "data",
      "type": "template_file",
      "name": "cloud_init_lin",
      "provider": "provider[\"registry.terraform.io/hashicorp/template\"]",
      "instances": [
        {
          "schema_version": 0,
          "attributes": {
            "filename": null,
            "id": "5b3b502ca7f705ab35b091617cd3a9ef10aec105006e29da2f1b64c4147c7f51",
            "rendered": "#cloud-config\n#ssh_pwauth: no\nusers:\n  - name: yc-user\n    sudo: ALL=(ALL) NOPASSWD:ALL\n    groups: sudo\n    shell: /bin/bash\n    ssh_authorized_keys:\n      - \"ssh-rsa AAAAB3NzaC1yc2EAAAADAQABAAACAQDFFJjy1w9s5fCuhLsYVER/oGEcqhGOLLY4xmGEw59MJ+bg/Rlpvw3ZLIj/L4R2QPn+g0sJxcyAIRcpqFYNzWNcC1j4+821P2eG45lE3na3+/biMThXEZCbvqdKq7CBOwHaNxUkTxuGllTDM5gRRik+WEOYMKjJfkP2+78JD/hDh49WDXGI8U9W3L/J7YFc8nW1SRuWI77erUVyVXeOIK+d8Y+T/VMJRaYG6UFRNljNgCDTNaK4ZtEhY4qR43/XYfST62jWHsppT/pHkoGq1bmzdcU0ytqQ3Wapb+qW0VOR0wpeP6CsJNmXkqJHWJQnpGLy+L7CxhgG6zmE7h4XBU+baciLJvye/j413HOeKnloxRcvV90/fvq0DQOcwOn9BpfhycIfpA9B/1AO4+XOPSHCQ4RLpXWSVNIAisevq/p7NC99InB2Y+d87sEBPJwKBZ5kSLMXFkOLkRuFA9+GNlKAjkpeIbzgTlI4O1I4gdTDyAKyZBsc5LSfjOAzRnqsgS9DEJFuyE5WoEGZDF62ZPE0/ZPf+zV+s0cMYYEUsoaeeRZa+N9GWtWFAhcSdECgyvJQsmImLxQ1CkqE55+UJ/zhmGm8XlVD2gcNML8oyHpnSkiH5Ei3hcaUow1r1twM0AF7jxMI3JnBPuQfRu3J/XS7OvoIBLS7Vz2nmwsVqXWMMQ==\"\n      ",
            "template": "#cloud-config\n#ssh_pwauth: no\nusers:\n  - name: yc-user\n    sudo: ALL=(ALL) NOPASSWD:ALL\n    groups: sudo\n    shell: /bin/bash\n    ssh_authorized_keys:\n      - \"${ssh_key}\"\n      ",
            "vars": {
              "ssh_key": "ssh-rsa AAAAB3NzaC1yc2EAAAADAQABAAACAQDFFJjy1w9s5fCuhLsYVER/oGEcqhGOLLY4xmGEw59MJ+bg/Rlpvw3ZLIj/L4R2QPn+g0sJxcyAIRcpqFYNzWNcC1j4+821P2eG45lE3na3+/biMThXEZCbvqdKq7CBOwHaNxUkTxuGllTDM5gRRik+WEOYMKjJfkP2+78JD/hDh49WDXGI8U9W3L/J7YFc8nW1SRuWI77erUVyVXeOIK+d8Y+T/VMJRaYG6UFRNljNgCDTNaK4ZtEhY4qR43/XYfST62jWHsppT/pHkoGq1bmzdcU0ytqQ3Wapb+qW0VOR0wpeP6CsJNmXkqJHWJQnpGLy+L7CxhgG6zmE7h4XBU+baciLJvye/j413HOeKnloxRcvV90/fvq0DQOcwOn9BpfhycIfpA9B/1AO4+XOPSHCQ4RLpXWSVNIAisevq/p7NC99InB2Y+d87sEBPJwKBZ5kSLMXFkOLkRuFA9+GNlKAjkpeIbzgTlI4O1I4gdTDyAKyZBsc5LSfjOAzRnqsgS9DEJFuyE5WoEGZDF62ZPE0/ZPf+zV+s0cMYYEUsoaeeRZa+N9GWtWFAhcSdECgyvJQsmImLxQ1CkqE55+UJ/zhmGm8XlVD2gcNML8oyHpnSkiH5Ei3hcaUow1r1twM0AF7jxMI3JnBPuQfRu3J/XS7OvoIBLS7Vz2nmwsVqXWMMQ=="
            }
          },
          "sensitive_attributes": []
        }
      ]
    },
    {
      "module": "module.Second-module",
      "mode": "data",
      "type": "template_file",
      "name": "docker-declaration",
      "provider": "provider[\"registry.terraform.io/hashicorp/template\"]",
      "instances": [
        {
          "schema_version": 0,
          "attributes": {
            "filename": null,
            "id": "9a6e2afd94566c8aefad83de861c53e9536b69098cf3c1406b2050abe8d2e6e1",
            "rendered": "spec:\n  containers:\n  - env:\n    - name: ELASTIC_SERVER\n      value: https://c-c9q9u7592gj7pjrmks49.rw.mdb.yandexcloud.net:9200\n    - name: KIBANA_SERVER\n      value: https://c-c9q9u7592gj7pjrmks49.rw.mdb.yandexcloud.net\n    - name: ELASTIC_AUTH_USER\n      value: admin\n    - name: ELASTIC_AUTH_PW\n      value: 3R4:gU1y9]V+JAV?}!g$\n    - name: ELASTIC_INDEX_NAME\n      value: audit-trails-index\n    - name: S3_KEY\n      value: v5CuHyMuWnPRG2VS_Ok9\n    - name: S3_SECRET\n      value: Shrr5tsVwdSlfKFfTdpjo1Maw3G3zDKMnLPjM1E6\n    - name: S3_BUCKET\n      value: bucket-mirtov8\n    - name: S3_FOLDER\n      value: folder\n    - name: SLEEP_TIME\n      value: 300\n    - name: PYTHONUNBUFFERED\n      value: 1\n    - name: ELK_PASS_ENCR\n      value: AAAAAQAAABRhYmozM3A2YW1lZzNsNGdsM2M3cwAAABCb6IX/Q/w2mMRhHCfS5CmnAAAADOJxorJ9Pow4+kcb6z7benuOJQczkwdvpFR6i/t43kRP4xswkZKAQYAiTFTu7K7ylQ==\n    - name: S3_KEY_ENCR\n      value: AAAAAQAAABRhYmozM3A2YW1lZzNsNGdsM2M3cwAAABCIEXEUg6wcZMu28jbTwQ44AAAADIxhke/o4JPOvADq93GK0aubf4pLzkJ7Ty+pRvdGhOtP1AT+846U7NtNCByPiWZ8NQ==\n    - name: S3_SECRET_ENCR\n      value: AAAAAQAAABRhYmozM3A2YW1lZzNsNGdsM2M3cwAAABBni1V3EC545xDbwNufiVrMAAAADE5wfsAtUAVt4EjiTrf+F3iy1hcbWYwrU8/E+LuNqMo///TmCVXvhyuBuaRixBV9jhrBOn8pkiLhBdz0ry4CqEjndjCd\n    image: cr.yandex/crpjfmfou6gflobbfvfv/s3-elk-importer:latest\n    name: my-container\n    securityContext:\n      privileged: false\n    stdin: false\n    tty: false\n  restartPolicy: Always",
            "template": "spec:\n  containers:\n  - env:\n    - name: ELASTIC_SERVER\n      value: ${ELASTIC_SERVER}\n    - name: KIBANA_SERVER\n      value: ${KIBANA_SERVER}\n    - name: ELASTIC_AUTH_USER\n      value: ${ELASTIC_AUTH_USER}\n    - name: ELASTIC_AUTH_PW\n      value: ${ELASTIC_AUTH_PW}\n    - name: ELASTIC_INDEX_NAME\n      value: ${ELASTIC_INDEX_NAME}\n    - name: S3_KEY\n      value: ${S3_KEY}\n    - name: S3_SECRET\n      value: ${S3_SECRET}\n    - name: S3_BUCKET\n      value: ${S3_BUCKET}\n    - name: S3_FOLDER\n      value: ${S3_FOLDER}\n    - name: SLEEP_TIME\n      value: ${SLEEP_TIME}\n    - name: PYTHONUNBUFFERED\n      value: 1\n    - name: ELK_PASS_ENCR\n      value: ${ELK_PASS_ENCR}\n    - name: S3_KEY_ENCR\n      value: ${S3_KEY_ENCR}\n    - name: S3_SECRET_ENCR\n      value: ${S3_SECRET_ENCR}\n    image: cr.yandex/crpjfmfou6gflobbfvfv/s3-elk-importer:latest\n    name: my-container\n    securityContext:\n      privileged: false\n    stdin: false\n    tty: false\n  restartPolicy: Always",
            "vars": {
              "ELASTIC_AUTH_PW": "3R4:gU1y9]V+JAV?}!g$",
              "ELASTIC_AUTH_USER": "admin",
              "ELASTIC_INDEX_NAME": "audit-trails-index",
              "ELASTIC_SERVER": "https://c-c9q9u7592gj7pjrmks49.rw.mdb.yandexcloud.net:9200",
              "ELK_PASS_ENCR": "AAAAAQAAABRhYmozM3A2YW1lZzNsNGdsM2M3cwAAABCb6IX/Q/w2mMRhHCfS5CmnAAAADOJxorJ9Pow4+kcb6z7benuOJQczkwdvpFR6i/t43kRP4xswkZKAQYAiTFTu7K7ylQ==",
              "KIBANA_SERVER": "https://c-c9q9u7592gj7pjrmks49.rw.mdb.yandexcloud.net",
              "S3_BUCKET": "bucket-mirtov8",
              "S3_FOLDER": "folder",
              "S3_KEY": "v5CuHyMuWnPRG2VS_Ok9",
              "S3_KEY_ENCR": "AAAAAQAAABRhYmozM3A2YW1lZzNsNGdsM2M3cwAAABCIEXEUg6wcZMu28jbTwQ44AAAADIxhke/o4JPOvADq93GK0aubf4pLzkJ7Ty+pRvdGhOtP1AT+846U7NtNCByPiWZ8NQ==",
              "S3_SECRET": "Shrr5tsVwdSlfKFfTdpjo1Maw3G3zDKMnLPjM1E6",
              "S3_SECRET_ENCR": "AAAAAQAAABRhYmozM3A2YW1lZzNsNGdsM2M3cwAAABBni1V3EC545xDbwNufiVrMAAAADE5wfsAtUAVt4EjiTrf+F3iy1hcbWYwrU8/E+LuNqMo///TmCVXvhyuBuaRixBV9jhrBOn8pkiLhBdz0ry4CqEjndjCd",
              "SLEEP_TIME": "300"
            }
          },
          "sensitive_attributes": [
            [
              {
                "type": "get_attr",
                "value": "vars"
              },
              {
                "type": "index",
                "value": {
                  "value": "ELASTIC_AUTH_PW",
                  "type": "string"
                }
              }
            ],
            [
              {
                "type": "get_attr",
                "value": "vars"
              },
              {
                "type": "index",
                "value": {
                  "value": "S3_SECRET",
                  "type": "string"
                }
              }
            ]
          ]
        }
      ]
    },
    {
      "module": "module.Second-module",
      "mode": "data",
      "type": "yandex_compute_image",
      "name": "container-optimized-image",
      "provider": "provider[\"registry.terraform.io/yandex-cloud/yandex\"]",
      "instances": [
        {
          "schema_version": 0,
          "attributes": {
            "created_at": "2021-04-26T12:58:40Z",
            "description": "Container Optimized Image 2.1.0",
            "family": "container-optimized-image",
            "folder_id": "standard-images",
            "id": "fd8doth0oleutak3rt3j",
            "image_id": "fd8doth0oleutak3rt3j",
            "labels": {},
            "min_disk_size": 10,
            "name": "container-optimized-image-1619441823",
            "os_type": "linux",
            "product_ids": [
              "f2e1tocicep20aq7evht"
            ],
            "size": 6,
            "status": "ready"
          },
          "sensitive_attributes": []
        }
      ]
    },
    {
      "module": "module.Second-module",
      "mode": "data",
      "type": "yandex_compute_image",
      "name": "img_lin",
      "provider": "provider[\"registry.terraform.io/yandex-cloud/yandex\"]",
      "instances": [
        {
          "schema_version": 0,
          "attributes": {
            "created_at": "2021-06-10T17:13:11Z",
            "description": "Ubuntu 20.04 distribution. Official website and documentation: https://www.ubuntu.com",
            "family": "ubuntu-2004-lts",
            "folder_id": "standard-images",
            "id": "fd83klic6c8gfgi40urb",
            "image_id": "fd83klic6c8gfgi40urb",
            "labels": {},
            "min_disk_size": 3,
            "name": "ubuntu-2004-lts-1623345129",
            "os_type": "linux",
            "product_ids": [
              "f2efrqfcllr7ns1o7b1t"
            ],
            "size": 2,
            "status": "ready"
          },
          "sensitive_attributes": []
        }
      ]
    },
    {
      "module": "module.Second-module",
      "mode": "data",
      "type": "yandex_iam_service_account",
      "name": "bucket_sa",
      "provider": "provider[\"registry.terraform.io/yandex-cloud/yandex\"]",
      "instances": [
        {
          "schema_version": 0,
          "attributes": {
            "created_at": "2021-07-28T06:49:14Z",
            "description": "",
            "folder_id": "b1gci8pu7s2seup3mpor",
            "id": "aje5h5587p1bffca503j",
            "name": "storage-ed-elk",
            "service_account_id": "aje5h5587p1bffca503j"
          },
          "sensitive_attributes": []
        }
      ]
    },
    {
      "module": "module.Second-module",
      "mode": "managed",
      "type": "local_file",
      "name": "private_key",
      "provider": "provider[\"registry.terraform.io/hashicorp/local\"]",
      "instances": [
        {
          "schema_version": 0,
          "attributes": {
            "content": "-----BEGIN RSA PRIVATE KEY-----\nMIIJKAIBAAKCAgEAxRSY8tcPbOXwroS7GFREf6BhHKoRjiy2OMZhhMOfTCfm4P0Z\nab8N2SyI/y+EdkD5/oNLCcXMgCEXKahWDc1jXAtY+PvNtT9nhuOZRN52t/v24jE4\nVxGQm76nSquwgTsB2jcVJE8bhpZUwzOYEUYpPlhDmDCoyX5D9vu/CQ/4Q4ePVg1x\niPFPVty/ye2BXPJ1tUkbliO+3q1FclV3jiCvnfGPk/1TCUWmBulBUTZYzYAg0zWi\nuGbRIWOKkeN/12H0k+to1h7KaU/6R5KBqtW5s3XFNMrakN1mqW/qltFTkdMKXj+g\nrCTZl5KiR1iUJ6Ri8vi+wsYYBus5hO4eFwVPm2nIiyb8nv4+Ndxznip5aMUXL1fd\nP376tA0DnMDp/QaX4cnCH6QPQf9QDuPlzj0hwkOES6V1klTSAIrHr6v6ezQvfSJw\ndmPnfO7BATycCgWeZEizFxZDi5EbhQPfhjZSgI5KXiG84E5SODtSOIHUw8gCsmQb\nHOS0n4zgM0Z6rIEvQxCRbshOVqBBmQxetmTxNP2T3/s1frNHDGGBFLKGnnkWWvjf\nRlrVhQIXEnRAoMryULJiJi8UNQpKhOeflCf84ZhpvF5VQ9oHDTC/KMh6Z0pIh+RI\nt4XGlKMNa9bcDNABe48TCNyZwT7kH0btyf10uzr6CAS0u1c9p5sLFal1jDECAwEA\nAQKCAgBICiNugRZuZA76fCI33nW7gVB+Pdx07/sb/cgf07IjEGLg0yO698+EFzds\nsF3nLBE166A+TkNWgsIIxDPQj8dGGg/H06N6IVcig4e/GOKklkHEpOFHUnBdve9A\n6El4s60VqxTbVN9m7wTE5dMsXU0uMO1kcEUCglktqxBFq8TASokml3ts52htA/xH\nP74Nz8MfJT4kP6TBmOzNwlgVZ/VJ8sbc/bigpwjtdc4edZM4ayGUkwKMDWlcnxpE\nAbj1biUM/PwxaMfsfwOprfAgFkfvRZl0lsIWOhgQz4wc3R+DKnWbxf5hbobrVPpk\nwghGBVz2G97/K5IU1V8NLE1rdNGIBJque0J1zhlK1mzA4I4yEhFMe1tNuhtV/mxT\nWW8s/D0cMauoILkbED36iXRZ3E1FaqN/O3GiaxcaBkHYOO4+WEEfgwqLTjcy/9Vp\nnqCi53IanPA0eV9q+DMJoQy8T/k6purCqHpRH+dt7h4DENNEEjJJF5Kss33OGZXu\nS/7CFR1mTsI7pdL1eR4jxU+ecHAcOrhwXw4U/LNoeo/Tn1EaWHk8t7g1au+9ZBar\nXwBAHP4gTOtOX8tPIqHD6hDkqcHP+oma/S7c11yRJKXPITpO5lytA2s17wemqzD6\n2XkHpcQYcqBiwlFeJ3Eh/U4T7WOHxKM8tu+Kgta77uMgnGWDEQKCAQEA+dGbY8gF\nG3cI73UoPC7KdZ+DBDMIzXLcMtkHz/gGULAcgXo0mNx1aaFkwDfZqdd11TVPK+ZJ\nZbFt/scNFdArLFtngy3b39WCjXvO2K6JsiXn979gTlNfkThPIzroXmrZ/9Rv/q51\nEMhAMLo+kq7s2F0vTPWwBYjY2UF6eFC9tR/LaQXgyUoTMF/YeLWBoGY5IGkpODa1\nKfH0FEw2cbbfLHOzV7AFEG4RcCrZxflvDsfYTCXRnxhgvzK3/iQuzanCNlNP6dTg\no5BcT95qL4a3r9X5lgZcTiUxySbPql3swHt9kvcJQmurEG8wskGNouYyLG63OqHi\nIzRb18rCA+WEwwKCAQEAyfTv9JvRqYJjg6HBEAb3uu9q4I4IeJU4pqI/u0XujXI3\nmHjifZ0bu+2OO6Ds6sF+/82Ixn3TNN7yaNMgvYHRxx4/5StITyAHNrwOJGJvcN5T\nNKrcgg0bSlPzyvIvKz3A+Kq/CkD4GrIhMDW8TuodfhctwGBTM5vAS+Ci0FUgNjOt\nuanK3U5DOPVnzR3nGXM14aXfPySznwrrcOU1+aIe3ENdB4Gc0R/DuAIG81C8YvnQ\nCXC+R8/mGOaS3bfvu6DxV8/V1aQkvQ19cXPrBRTaz7ZbLn9L2Q+8VDK3lwO79vKg\nWBZ4MynDrMalKVbcWqXnkHT8/GG9hZSdeU/6DugL+wKCAQEAlv38mIudoqMIsIq0\nPePeFMfLjW83I84Hj2gj06xKTNyU7iEpxzaAdM7KsW9QTNpgavRknNj8hc1++R3g\nJ84BOjco0l2WZqyK0u8A73BW42kL0m9GSzETMxfApT+GkQKuLnV9F4bkVLdkLM90\n4H1/w6pW24In2MCEqJNt7WiHsQC9lgWqfp8aCAP2N8ckyQjgAFnvQv2189s8tkP2\nKDbqnthzjk1iUjLksVIE/Cat3FYnwqadEzbNyuJh2OaPr1iqfOFQDLnQ6KtpUBDT\nR1R6k3mV9/pyMf1DIRwnKgbJAPHizUAoxY+D/lPmL+d1Lv9JVhe5AWQ05ShRVpVD\nPM2ttwKCAQAzNmye/+Bz9r+bgqo9kTbC7bGRjhLx2Q1LnDtDFyG+NqeIf6cXqX59\n8miuEEnj4ft9jLZRd1jWwG6CTH+x7riuoKodSBOHFR0fMSL48QlHeulooqdWR1KT\nT6Sz4yQ49+j2Zf4Z8I2530/xNL8y18Vw0xnj/ck7fhSOaUGASQXpGMPGIBt0cUM0\nr26KIjoXRxLzzKdHENyHyTIZJ9a/HfBrdJ2jqKeGlGKCR+lRTDjpdGXf7vohpcO4\nrsexd9JQJyjsVqToDz7Nvh0AZx/C4x31rE2FBfzK52WfiFjr76N7pN0qWVBT0RRw\nvNLnH8KzLf0BsdjxeyufMyeXusMzgn5/AoIBABMCVqP4nTO1UOjf/AmEM44znF97\nh3I/0pbYuv8nbPi7FDGtjMRrRv1guaig1XlqQ0bvCojE4ez8kUDNroPEwEuwDZDA\nS8MT/g/MR6IRMjJ+puB2UwT7JHwch8B9kEzr1UsQ7Hui97p6yk7BK/SXfXKyRNlw\n6GqBqsVMuj6713ZuLvsxBUMfcTNV3Ct5QoLMMGGKriAT4kIubEA6dNSbeXQ8LbGW\nG/lpJ7TucA6GBKC9TJWwGNjiMn+VzL3kUZP20u66A+yzKrp13w/LSi9Sp4dY7BOE\n/iE0bYqNXCJWedb6MVPAZoFT7vl9mOUEiPJRZtRmgIA8tvGwtmiDBjHpM7g=\n-----END RSA PRIVATE KEY-----\n",
            "content_base64": null,
            "directory_permission": "0777",
            "file_permission": "0600",
            "filename": "pt_key.pem",
            "id": "d9bdcd4c9fe9363de2aa2b80cc1a363b1833ef2d",
            "sensitive_content": null,
            "source": null
          },
          "sensitive_attributes": [
            [
              {
                "type": "get_attr",
                "value": "content"
              }
            ]
          ],
          "private": "bnVsbA==",
          "dependencies": [
            "module.Second-module.tls_private_key.ssh"
          ]
        }
      ]
    },
    {
      "module": "module.Second-module",
      "mode": "managed",
      "type": "tls_private_key",
      "name": "ssh",
      "provider": "provider[\"registry.terraform.io/hashicorp/tls\"]",
      "instances": [
        {
          "schema_version": 0,
          "attributes": {
            "algorithm": "RSA",
            "ecdsa_curve": "P224",
            "id": "05a1fba50f3b3abdf9774101a006db827fcc12df",
            "private_key_pem": "-----BEGIN RSA PRIVATE KEY-----\nMIIJKAIBAAKCAgEAxRSY8tcPbOXwroS7GFREf6BhHKoRjiy2OMZhhMOfTCfm4P0Z\nab8N2SyI/y+EdkD5/oNLCcXMgCEXKahWDc1jXAtY+PvNtT9nhuOZRN52t/v24jE4\nVxGQm76nSquwgTsB2jcVJE8bhpZUwzOYEUYpPlhDmDCoyX5D9vu/CQ/4Q4ePVg1x\niPFPVty/ye2BXPJ1tUkbliO+3q1FclV3jiCvnfGPk/1TCUWmBulBUTZYzYAg0zWi\nuGbRIWOKkeN/12H0k+to1h7KaU/6R5KBqtW5s3XFNMrakN1mqW/qltFTkdMKXj+g\nrCTZl5KiR1iUJ6Ri8vi+wsYYBus5hO4eFwVPm2nIiyb8nv4+Ndxznip5aMUXL1fd\nP376tA0DnMDp/QaX4cnCH6QPQf9QDuPlzj0hwkOES6V1klTSAIrHr6v6ezQvfSJw\ndmPnfO7BATycCgWeZEizFxZDi5EbhQPfhjZSgI5KXiG84E5SODtSOIHUw8gCsmQb\nHOS0n4zgM0Z6rIEvQxCRbshOVqBBmQxetmTxNP2T3/s1frNHDGGBFLKGnnkWWvjf\nRlrVhQIXEnRAoMryULJiJi8UNQpKhOeflCf84ZhpvF5VQ9oHDTC/KMh6Z0pIh+RI\nt4XGlKMNa9bcDNABe48TCNyZwT7kH0btyf10uzr6CAS0u1c9p5sLFal1jDECAwEA\nAQKCAgBICiNugRZuZA76fCI33nW7gVB+Pdx07/sb/cgf07IjEGLg0yO698+EFzds\nsF3nLBE166A+TkNWgsIIxDPQj8dGGg/H06N6IVcig4e/GOKklkHEpOFHUnBdve9A\n6El4s60VqxTbVN9m7wTE5dMsXU0uMO1kcEUCglktqxBFq8TASokml3ts52htA/xH\nP74Nz8MfJT4kP6TBmOzNwlgVZ/VJ8sbc/bigpwjtdc4edZM4ayGUkwKMDWlcnxpE\nAbj1biUM/PwxaMfsfwOprfAgFkfvRZl0lsIWOhgQz4wc3R+DKnWbxf5hbobrVPpk\nwghGBVz2G97/K5IU1V8NLE1rdNGIBJque0J1zhlK1mzA4I4yEhFMe1tNuhtV/mxT\nWW8s/D0cMauoILkbED36iXRZ3E1FaqN/O3GiaxcaBkHYOO4+WEEfgwqLTjcy/9Vp\nnqCi53IanPA0eV9q+DMJoQy8T/k6purCqHpRH+dt7h4DENNEEjJJF5Kss33OGZXu\nS/7CFR1mTsI7pdL1eR4jxU+ecHAcOrhwXw4U/LNoeo/Tn1EaWHk8t7g1au+9ZBar\nXwBAHP4gTOtOX8tPIqHD6hDkqcHP+oma/S7c11yRJKXPITpO5lytA2s17wemqzD6\n2XkHpcQYcqBiwlFeJ3Eh/U4T7WOHxKM8tu+Kgta77uMgnGWDEQKCAQEA+dGbY8gF\nG3cI73UoPC7KdZ+DBDMIzXLcMtkHz/gGULAcgXo0mNx1aaFkwDfZqdd11TVPK+ZJ\nZbFt/scNFdArLFtngy3b39WCjXvO2K6JsiXn979gTlNfkThPIzroXmrZ/9Rv/q51\nEMhAMLo+kq7s2F0vTPWwBYjY2UF6eFC9tR/LaQXgyUoTMF/YeLWBoGY5IGkpODa1\nKfH0FEw2cbbfLHOzV7AFEG4RcCrZxflvDsfYTCXRnxhgvzK3/iQuzanCNlNP6dTg\no5BcT95qL4a3r9X5lgZcTiUxySbPql3swHt9kvcJQmurEG8wskGNouYyLG63OqHi\nIzRb18rCA+WEwwKCAQEAyfTv9JvRqYJjg6HBEAb3uu9q4I4IeJU4pqI/u0XujXI3\nmHjifZ0bu+2OO6Ds6sF+/82Ixn3TNN7yaNMgvYHRxx4/5StITyAHNrwOJGJvcN5T\nNKrcgg0bSlPzyvIvKz3A+Kq/CkD4GrIhMDW8TuodfhctwGBTM5vAS+Ci0FUgNjOt\nuanK3U5DOPVnzR3nGXM14aXfPySznwrrcOU1+aIe3ENdB4Gc0R/DuAIG81C8YvnQ\nCXC+R8/mGOaS3bfvu6DxV8/V1aQkvQ19cXPrBRTaz7ZbLn9L2Q+8VDK3lwO79vKg\nWBZ4MynDrMalKVbcWqXnkHT8/GG9hZSdeU/6DugL+wKCAQEAlv38mIudoqMIsIq0\nPePeFMfLjW83I84Hj2gj06xKTNyU7iEpxzaAdM7KsW9QTNpgavRknNj8hc1++R3g\nJ84BOjco0l2WZqyK0u8A73BW42kL0m9GSzETMxfApT+GkQKuLnV9F4bkVLdkLM90\n4H1/w6pW24In2MCEqJNt7WiHsQC9lgWqfp8aCAP2N8ckyQjgAFnvQv2189s8tkP2\nKDbqnthzjk1iUjLksVIE/Cat3FYnwqadEzbNyuJh2OaPr1iqfOFQDLnQ6KtpUBDT\nR1R6k3mV9/pyMf1DIRwnKgbJAPHizUAoxY+D/lPmL+d1Lv9JVhe5AWQ05ShRVpVD\nPM2ttwKCAQAzNmye/+Bz9r+bgqo9kTbC7bGRjhLx2Q1LnDtDFyG+NqeIf6cXqX59\n8miuEEnj4ft9jLZRd1jWwG6CTH+x7riuoKodSBOHFR0fMSL48QlHeulooqdWR1KT\nT6Sz4yQ49+j2Zf4Z8I2530/xNL8y18Vw0xnj/ck7fhSOaUGASQXpGMPGIBt0cUM0\nr26KIjoXRxLzzKdHENyHyTIZJ9a/HfBrdJ2jqKeGlGKCR+lRTDjpdGXf7vohpcO4\nrsexd9JQJyjsVqToDz7Nvh0AZx/C4x31rE2FBfzK52WfiFjr76N7pN0qWVBT0RRw\nvNLnH8KzLf0BsdjxeyufMyeXusMzgn5/AoIBABMCVqP4nTO1UOjf/AmEM44znF97\nh3I/0pbYuv8nbPi7FDGtjMRrRv1guaig1XlqQ0bvCojE4ez8kUDNroPEwEuwDZDA\nS8MT/g/MR6IRMjJ+puB2UwT7JHwch8B9kEzr1UsQ7Hui97p6yk7BK/SXfXKyRNlw\n6GqBqsVMuj6713ZuLvsxBUMfcTNV3Ct5QoLMMGGKriAT4kIubEA6dNSbeXQ8LbGW\nG/lpJ7TucA6GBKC9TJWwGNjiMn+VzL3kUZP20u66A+yzKrp13w/LSi9Sp4dY7BOE\n/iE0bYqNXCJWedb6MVPAZoFT7vl9mOUEiPJRZtRmgIA8tvGwtmiDBjHpM7g=\n-----END RSA PRIVATE KEY-----\n",
            "public_key_fingerprint_md5": "64:f1:4f:cb:b8:26:ff:3e:82:19:01:df:bf:02:ee:05",
            "public_key_openssh": "ssh-rsa AAAAB3NzaC1yc2EAAAADAQABAAACAQDFFJjy1w9s5fCuhLsYVER/oGEcqhGOLLY4xmGEw59MJ+bg/Rlpvw3ZLIj/L4R2QPn+g0sJxcyAIRcpqFYNzWNcC1j4+821P2eG45lE3na3+/biMThXEZCbvqdKq7CBOwHaNxUkTxuGllTDM5gRRik+WEOYMKjJfkP2+78JD/hDh49WDXGI8U9W3L/J7YFc8nW1SRuWI77erUVyVXeOIK+d8Y+T/VMJRaYG6UFRNljNgCDTNaK4ZtEhY4qR43/XYfST62jWHsppT/pHkoGq1bmzdcU0ytqQ3Wapb+qW0VOR0wpeP6CsJNmXkqJHWJQnpGLy+L7CxhgG6zmE7h4XBU+baciLJvye/j413HOeKnloxRcvV90/fvq0DQOcwOn9BpfhycIfpA9B/1AO4+XOPSHCQ4RLpXWSVNIAisevq/p7NC99InB2Y+d87sEBPJwKBZ5kSLMXFkOLkRuFA9+GNlKAjkpeIbzgTlI4O1I4gdTDyAKyZBsc5LSfjOAzRnqsgS9DEJFuyE5WoEGZDF62ZPE0/ZPf+zV+s0cMYYEUsoaeeRZa+N9GWtWFAhcSdECgyvJQsmImLxQ1CkqE55+UJ/zhmGm8XlVD2gcNML8oyHpnSkiH5Ei3hcaUow1r1twM0AF7jxMI3JnBPuQfRu3J/XS7OvoIBLS7Vz2nmwsVqXWMMQ==\n",
            "public_key_pem": "-----BEGIN PUBLIC KEY-----\nMIICIjANBgkqhkiG9w0BAQEFAAOCAg8AMIICCgKCAgEAxRSY8tcPbOXwroS7GFRE\nf6BhHKoRjiy2OMZhhMOfTCfm4P0Zab8N2SyI/y+EdkD5/oNLCcXMgCEXKahWDc1j\nXAtY+PvNtT9nhuOZRN52t/v24jE4VxGQm76nSquwgTsB2jcVJE8bhpZUwzOYEUYp\nPlhDmDCoyX5D9vu/CQ/4Q4ePVg1xiPFPVty/ye2BXPJ1tUkbliO+3q1FclV3jiCv\nnfGPk/1TCUWmBulBUTZYzYAg0zWiuGbRIWOKkeN/12H0k+to1h7KaU/6R5KBqtW5\ns3XFNMrakN1mqW/qltFTkdMKXj+grCTZl5KiR1iUJ6Ri8vi+wsYYBus5hO4eFwVP\nm2nIiyb8nv4+Ndxznip5aMUXL1fdP376tA0DnMDp/QaX4cnCH6QPQf9QDuPlzj0h\nwkOES6V1klTSAIrHr6v6ezQvfSJwdmPnfO7BATycCgWeZEizFxZDi5EbhQPfhjZS\ngI5KXiG84E5SODtSOIHUw8gCsmQbHOS0n4zgM0Z6rIEvQxCRbshOVqBBmQxetmTx\nNP2T3/s1frNHDGGBFLKGnnkWWvjfRlrVhQIXEnRAoMryULJiJi8UNQpKhOeflCf8\n4ZhpvF5VQ9oHDTC/KMh6Z0pIh+RIt4XGlKMNa9bcDNABe48TCNyZwT7kH0btyf10\nuzr6CAS0u1c9p5sLFal1jDECAwEAAQ==\n-----END PUBLIC KEY-----\n",
            "rsa_bits": 4096
          },
          "sensitive_attributes": [],
          "private": "bnVsbA=="
        }
      ]
    },
    {
      "module": "module.Second-module",
      "mode": "managed",
      "type": "yandex_compute_instance",
      "name": "instance-based-on-coi",
      "provider": "provider[\"registry.terraform.io/yandex-cloud/yandex\"]",
      "instances": [
        {
          "schema_version": 1,
          "attributes": {
            "allow_stopping_for_update": null,
            "boot_disk": [
              {
                "auto_delete": true,
                "device_name": "fhmila7djlsvnfs83msp",
                "disk_id": "fhmila7djlsvnfs83msp",
                "initialize_params": [
                  {
                    "description": "",
                    "image_id": "fd8doth0oleutak3rt3j",
                    "name": "",
                    "size": 100,
                    "snapshot_id": "",
                    "type": "network-ssd"
                  }
                ],
                "mode": "READ_WRITE"
              }
            ],
            "created_at": "2021-07-29T10:10:53Z",
            "description": "",
            "folder_id": "b1gci8pu7s2seup3mpor",
            "fqdn": "elk-sync.ru-central1.internal",
            "hostname": "elk-sync",
            "id": "fhmqo10sjtt9383i13bd",
            "labels": null,
            "metadata": {
              "docker-container-declaration": "spec:\n  containers:\n  - env:\n    - name: ELASTIC_SERVER\n      value: https://c-c9q9u7592gj7pjrmks49.rw.mdb.yandexcloud.net:9200\n    - name: KIBANA_SERVER\n      value: https://c-c9q9u7592gj7pjrmks49.rw.mdb.yandexcloud.net\n    - name: ELASTIC_AUTH_USER\n      value: admin\n    - name: ELASTIC_AUTH_PW\n      value: 3R4:gU1y9]V+JAV?}!g$\n    - name: ELASTIC_INDEX_NAME\n      value: audit-trails-index\n    - name: S3_KEY\n      value: v5CuHyMuWnPRG2VS_Ok9\n    - name: S3_SECRET\n      value: Shrr5tsVwdSlfKFfTdpjo1Maw3G3zDKMnLPjM1E6\n    - name: S3_BUCKET\n      value: bucket-mirtov8\n    - name: S3_FOLDER\n      value: folder\n    - name: SLEEP_TIME\n      value: 300\n    - name: PYTHONUNBUFFERED\n      value: 1\n    - name: ELK_PASS_ENCR\n      value: AAAAAQAAABRhYmozM3A2YW1lZzNsNGdsM2M3cwAAABCb6IX/Q/w2mMRhHCfS5CmnAAAADOJxorJ9Pow4+kcb6z7benuOJQczkwdvpFR6i/t43kRP4xswkZKAQYAiTFTu7K7ylQ==\n    - name: S3_KEY_ENCR\n      value: AAAAAQAAABRhYmozM3A2YW1lZzNsNGdsM2M3cwAAABCIEXEUg6wcZMu28jbTwQ44AAAADIxhke/o4JPOvADq93GK0aubf4pLzkJ7Ty+pRvdGhOtP1AT+846U7NtNCByPiWZ8NQ==\n    - name: S3_SECRET_ENCR\n      value: AAAAAQAAABRhYmozM3A2YW1lZzNsNGdsM2M3cwAAABBni1V3EC545xDbwNufiVrMAAAADE5wfsAtUAVt4EjiTrf+F3iy1hcbWYwrU8/E+LuNqMo///TmCVXvhyuBuaRixBV9jhrBOn8pkiLhBdz0ry4CqEjndjCd\n    image: cr.yandex/crpjfmfou6gflobbfvfv/s3-elk-importer:latest\n    name: my-container\n    securityContext:\n      privileged: false\n    stdin: false\n    tty: false\n  restartPolicy: Always",
              "user-data": "#cloud-config\n#ssh_pwauth: no\nusers:\n  - name: yc-user\n    sudo: ALL=(ALL) NOPASSWD:ALL\n    groups: sudo\n    shell: /bin/bash\n    ssh_authorized_keys:\n      - \"ssh-rsa AAAAB3NzaC1yc2EAAAADAQABAAACAQDFFJjy1w9s5fCuhLsYVER/oGEcqhGOLLY4xmGEw59MJ+bg/Rlpvw3ZLIj/L4R2QPn+g0sJxcyAIRcpqFYNzWNcC1j4+821P2eG45lE3na3+/biMThXEZCbvqdKq7CBOwHaNxUkTxuGllTDM5gRRik+WEOYMKjJfkP2+78JD/hDh49WDXGI8U9W3L/J7YFc8nW1SRuWI77erUVyVXeOIK+d8Y+T/VMJRaYG6UFRNljNgCDTNaK4ZtEhY4qR43/XYfST62jWHsppT/pHkoGq1bmzdcU0ytqQ3Wapb+qW0VOR0wpeP6CsJNmXkqJHWJQnpGLy+L7CxhgG6zmE7h4XBU+baciLJvye/j413HOeKnloxRcvV90/fvq0DQOcwOn9BpfhycIfpA9B/1AO4+XOPSHCQ4RLpXWSVNIAisevq/p7NC99InB2Y+d87sEBPJwKBZ5kSLMXFkOLkRuFA9+GNlKAjkpeIbzgTlI4O1I4gdTDyAKyZBsc5LSfjOAzRnqsgS9DEJFuyE5WoEGZDF62ZPE0/ZPf+zV+s0cMYYEUsoaeeRZa+N9GWtWFAhcSdECgyvJQsmImLxQ1CkqE55+UJ/zhmGm8XlVD2gcNML8oyHpnSkiH5Ei3hcaUow1r1twM0AF7jxMI3JnBPuQfRu3J/XS7OvoIBLS7Vz2nmwsVqXWMMQ==\"\n      "
            },
            "name": "elk-sync",
            "network_acceleration_type": "standard",
            "network_interface": [
              {
                "dns_record": [],
                "index": 0,
                "ip_address": "10.128.0.5",
                "ipv4": true,
                "ipv6": false,
                "ipv6_address": "",
                "ipv6_dns_record": [],
                "mac_address": "d0:0d:1a:c0:41:c9",
                "nat": false,
                "nat_dns_record": [],
                "nat_ip_address": "",
                "nat_ip_version": "",
                "security_group_ids": [],
                "subnet_id": "e9boih92qspkol5morvl"
              }
            ],
            "placement_policy": [
              {
                "placement_group_id": ""
              }
            ],
            "platform_id": "standard-v1",
            "resources": [
              {
                "core_fraction": 100,
                "cores": 4,
                "gpus": 0,
                "memory": 4
              }
            ],
            "scheduling_policy": [
              {
                "preemptible": false
              }
            ],
            "secondary_disk": [],
            "service_account_id": "aje5h5587p1bffca503j",
            "status": "running",
            "timeouts": null,
            "zone": "ru-central1-a"
          },
          "sensitive_attributes": [],
          "private": "eyJlMmJmYjczMC1lY2FhLTExZTYtOGY4OC0zNDM2M2JjN2M0YzAiOnsiY3JlYXRlIjozMDAwMDAwMDAwMDAsImRlbGV0ZSI6MzAwMDAwMDAwMDAwLCJ1cGRhdGUiOjMwMDAwMDAwMDAwMH0sInNjaGVtYV92ZXJzaW9uIjoiMSJ9",
          "dependencies": [
            "module.First-module.random_password.passwords",
            "module.First-module.yandex_mdb_elasticsearch_cluster.yc-elk",
            "module.Second-module.data.template_file.cloud_init_lin",
            "module.Second-module.data.template_file.docker-declaration",
            "module.Second-module.data.yandex_compute_image.container-optimized-image",
            "module.Second-module.data.yandex_iam_service_account.bucket_sa",
            "module.Second-module.tls_private_key.ssh",
            "module.Second-module.yandex_iam_service_account_static_access_key.sa_static_key",
            "module.Second-module.yandex_kms_secret_ciphertext.encrypted_pass",
            "module.Second-module.yandex_kms_secret_ciphertext.encrypted_s3_key",
            "module.Second-module.yandex_kms_secret_ciphertext.encrypted_s3_secret",
            "module.Second-module.yandex_kms_symmetric_key.key-elk"
          ]
        }
      ]
    },
    {
      "module": "module.Second-module",
      "mode": "managed",
      "type": "yandex_iam_service_account_static_access_key",
      "name": "sa_static_key",
      "provider": "provider[\"registry.terraform.io/yandex-cloud/yandex\"]",
      "instances": [
        {
          "schema_version": 0,
          "attributes": {
            "access_key": "v5CuHyMuWnPRG2VS_Ok9",
            "created_at": "2021-07-29T10:00:29Z",
            "description": "static access key for object storage",
            "encrypted_secret_key": null,
            "id": "aje7q4oaau67phl7q786",
            "key_fingerprint": null,
            "pgp_key": null,
            "secret_key": "Shrr5tsVwdSlfKFfTdpjo1Maw3G3zDKMnLPjM1E6",
            "service_account_id": "aje5h5587p1bffca503j"
          },
          "sensitive_attributes": [],
          "private": "bnVsbA==",
          "dependencies": [
            "module.Second-module.data.yandex_iam_service_account.bucket_sa"
          ]
        }
      ]
    },
    {
      "module": "module.Second-module",
      "mode": "managed",
      "type": "yandex_kms_secret_ciphertext",
      "name": "encrypted_pass",
      "provider": "provider[\"registry.terraform.io/yandex-cloud/yandex\"]",
      "instances": [
        {
          "schema_version": 0,
          "attributes": {
            "aad_context": null,
            "ciphertext": "AAAAAQAAABRhYmozM3A2YW1lZzNsNGdsM2M3cwAAABCb6IX/Q/w2mMRhHCfS5CmnAAAADOJxorJ9Pow4+kcb6z7benuOJQczkwdvpFR6i/t43kRP4xswkZKAQYAiTFTu7K7ylQ==",
            "id": "abjab7u6ogj3518oaceo/8630cd371744bae48b1db21a34a98c9c68bb2d22afc931074825a9de3b17a30f",
            "key_id": "abjab7u6ogj3518oaceo",
            "plaintext": "3R4:gU1y9]V+JAV?}!g$",
            "timeouts": null
          },
          "sensitive_attributes": [
            [
              {
                "type": "get_attr",
                "value": "plaintext"
              }
            ]
          ],
          "private": "eyJlMmJmYjczMC1lY2FhLTExZTYtOGY4OC0zNDM2M2JjN2M0YzAiOnsiY3JlYXRlIjo2MDAwMDAwMDAwMCwiZGVsZXRlIjo2MDAwMDAwMDAwMCwicmVhZCI6NjAwMDAwMDAwMDB9fQ==",
          "dependencies": [
            "module.First-module.random_password.passwords",
            "module.Second-module.yandex_kms_symmetric_key.key-elk"
          ]
        }
      ]
    },
    {
      "module": "module.Second-module",
      "mode": "managed",
      "type": "yandex_kms_secret_ciphertext",
      "name": "encrypted_s3_key",
      "provider": "provider[\"registry.terraform.io/yandex-cloud/yandex\"]",
      "instances": [
        {
          "schema_version": 0,
          "attributes": {
            "aad_context": null,
            "ciphertext": "AAAAAQAAABRhYmozM3A2YW1lZzNsNGdsM2M3cwAAABCIEXEUg6wcZMu28jbTwQ44AAAADIxhke/o4JPOvADq93GK0aubf4pLzkJ7Ty+pRvdGhOtP1AT+846U7NtNCByPiWZ8NQ==",
            "id": "abjab7u6ogj3518oaceo/3a077517800c9b7606e5d41d4392516aba50ae173f997d1e39e0be81bff5d22b",
            "key_id": "abjab7u6ogj3518oaceo",
            "plaintext": "v5CuHyMuWnPRG2VS_Ok9",
            "timeouts": null
          },
          "sensitive_attributes": [],
          "private": "eyJlMmJmYjczMC1lY2FhLTExZTYtOGY4OC0zNDM2M2JjN2M0YzAiOnsiY3JlYXRlIjo2MDAwMDAwMDAwMCwiZGVsZXRlIjo2MDAwMDAwMDAwMCwicmVhZCI6NjAwMDAwMDAwMDB9fQ==",
          "dependencies": [
            "module.Second-module.data.yandex_iam_service_account.bucket_sa",
            "module.Second-module.yandex_iam_service_account_static_access_key.sa_static_key",
            "module.Second-module.yandex_kms_symmetric_key.key-elk"
          ]
        }
      ]
    },
    {
      "module": "module.Second-module",
      "mode": "managed",
      "type": "yandex_kms_secret_ciphertext",
      "name": "encrypted_s3_secret",
      "provider": "provider[\"registry.terraform.io/yandex-cloud/yandex\"]",
      "instances": [
        {
          "schema_version": 0,
          "attributes": {
            "aad_context": null,
            "ciphertext": "AAAAAQAAABRhYmozM3A2YW1lZzNsNGdsM2M3cwAAABBni1V3EC545xDbwNufiVrMAAAADE5wfsAtUAVt4EjiTrf+F3iy1hcbWYwrU8/E+LuNqMo///TmCVXvhyuBuaRixBV9jhrBOn8pkiLhBdz0ry4CqEjndjCd",
            "id": "abjab7u6ogj3518oaceo/20e9603053141c29c65808435ba7645e11653aa80d44654bc32fb0a204c366b9",
            "key_id": "abjab7u6ogj3518oaceo",
            "plaintext": "Shrr5tsVwdSlfKFfTdpjo1Maw3G3zDKMnLPjM1E6",
            "timeouts": null
          },
          "sensitive_attributes": [
            [
              {
                "type": "get_attr",
                "value": "plaintext"
              }
            ]
          ],
          "private": "eyJlMmJmYjczMC1lY2FhLTExZTYtOGY4OC0zNDM2M2JjN2M0YzAiOnsiY3JlYXRlIjo2MDAwMDAwMDAwMCwiZGVsZXRlIjo2MDAwMDAwMDAwMCwicmVhZCI6NjAwMDAwMDAwMDB9fQ==",
          "dependencies": [
            "module.Second-module.data.yandex_iam_service_account.bucket_sa",
            "module.Second-module.yandex_iam_service_account_static_access_key.sa_static_key",
            "module.Second-module.yandex_kms_symmetric_key.key-elk"
          ]
        }
      ]
    },
    {
      "module": "module.Second-module",
      "mode": "managed",
      "type": "yandex_kms_symmetric_key",
      "name": "key-elk",
      "provider": "provider[\"registry.terraform.io/yandex-cloud/yandex\"]",
      "instances": [
        {
          "schema_version": 0,
          "attributes": {
            "created_at": "2021-07-29T10:00:29Z",
            "default_algorithm": "AES_128",
            "description": "description for key",
            "folder_id": "b1gci8pu7s2seup3mpor",
            "id": "abjab7u6ogj3518oaceo",
            "labels": null,
            "name": "key-elk",
            "rotated_at": "",
            "rotation_period": "",
            "status": "active",
            "timeouts": null
          },
          "sensitive_attributes": [],
          "private": "eyJlMmJmYjczMC1lY2FhLTExZTYtOGY4OC0zNDM2M2JjN2M0YzAiOnsiY3JlYXRlIjo2MDAwMDAwMDAwMCwiZGVsZXRlIjo2MDAwMDAwMDAwMCwicmVhZCI6NjAwMDAwMDAwMDAsInVwZGF0ZSI6NjAwMDAwMDAwMDB9fQ=="
        }
      ]
    },
    {
      "module": "module.Second-module",
      "mode": "managed",
      "type": "yandex_resourcemanager_folder_iam_binding",
      "name": "binding",
      "provider": "provider[\"registry.terraform.io/yandex-cloud/yandex\"]",
      "instances": [
        {
          "schema_version": 0,
          "attributes": {
            "folder_id": "b1gci8pu7s2seup3mpor",
            "id": "b1gci8pu7s2seup3mpor/kms.keys.encrypterDecrypter",
            "members": [
              "serviceAccount:aje5h5587p1bffca503j"
            ],
            "role": "kms.keys.encrypterDecrypter",
            "sleep_after": null
          },
          "sensitive_attributes": [],
          "private": "bnVsbA==",
          "dependencies": [
            "module.Second-module.data.yandex_iam_service_account.bucket_sa"
          ]
        }
      ]
    }
  ]
}
