{
  "version": 4,
  "terraform_version": "0.15.3",
  "serial": 3,
  "lineage": "14fcb2d7-a228-8384-8f66-3a744b2249d2",
  "outputs": {},
  "resources": [
    {
      "mode": "data",
      "type": "yandex_compute_image",
      "name": "container-optimized-image",
      "provider": "provider[\"registry.terraform.io/yandex-cloud/yandex\"]",
      "instances": [
        {
          "schema_version": 0,
          "attributes": {
            "created_at": "2021-04-26T12:58:40Z",
            "description": "Container Optimized Image 2.1.0",
            "family": "container-optimized-image",
            "folder_id": "standard-images",
            "id": "fd8doth0oleutak3rt3j",
            "image_id": "fd8doth0oleutak3rt3j",
            "labels": {},
            "min_disk_size": 10,
            "name": "container-optimized-image-1619441823",
            "os_type": "linux",
            "product_ids": [
              "f2e1tocicep20aq7evht"
            ],
            "size": 6,
            "status": "ready"
          },
          "sensitive_attributes": []
        }
      ]
    },
    {
      "mode": "managed",
      "type": "yandex_compute_instance",
      "name": "instance-based-on-coi",
      "provider": "provider[\"registry.terraform.io/yandex-cloud/yandex\"]",
      "instances": []
    },
    {
      "mode": "managed",
      "type": "yandex_lb_network_load_balancer",
      "name": "ext-lb",
      "provider": "provider[\"registry.terraform.io/yandex-cloud/yandex\"]",
      "instances": []
    },
    {
      "mode": "managed",
      "type": "yandex_lb_target_group",
      "name": "apps_group",
      "provider": "provider[\"registry.terraform.io/yandex-cloud/yandex\"]",
      "instances": []
    },
    {
      "mode": "managed",
      "type": "yandex_vpc_address",
      "name": "ext-address",
      "provider": "provider[\"registry.terraform.io/yandex-cloud/yandex\"]",
      "instances": [
        {
          "schema_version": 0,
          "attributes": {
            "created_at": "2021-07-26T17:15:43Z",
            "description": "",
            "external_ipv4_address": [
              {
                "address": "84.201.189.230",
                "ddos_protection_provider": "qrator",
                "outgoing_smtp_capability": "",
                "zone_id": "ru-central1-a"
              }
            ],
            "folder_id": "b1ghen4foi7mbm59jb7f",
            "id": "e9bgibq7ou2dmcnnp07u",
            "labels": null,
            "name": "ext-address",
            "reserved": true,
            "timeouts": null,
            "used": false
          },
          "sensitive_attributes": [],
          "private": "eyJlMmJmYjczMC1lY2FhLTExZTYtOGY4OC0zNDM2M2JjN2M0YzAiOnsiY3JlYXRlIjozMDAwMDAwMDAwMCwiZGVsZXRlIjozMDAwMDAwMDAwMCwidXBkYXRlIjozMDAwMDAwMDAwMH19"
        }
      ]
    },
    {
      "mode": "managed",
      "type": "yandex_vpc_subnet",
      "name": "app-subnet",
      "provider": "provider[\"registry.terraform.io/yandex-cloud/yandex\"]",
      "instances": []
    }
  ]
}
