{
  "version": 4,
  "terraform_version": "0.15.3",
  "serial": 274,
  "lineage": "d60fea03-d460-df07-bbd1-d41f37a72292",
  "outputs": {},
  "resources": [
    {
      "mode": "data",
      "type": "yandex_compute_image",
      "name": "container-optimized-image",
      "provider": "provider[\"registry.terraform.io/yandex-cloud/yandex\"]",
      "instances": [
        {
          "schema_version": 0,
          "attributes": {
            "created_at": "2021-04-26T12:58:40Z",
            "description": "Container Optimized Image 2.1.0",
            "family": "container-optimized-image",
            "folder_id": "standard-images",
            "id": "fd8doth0oleutak3rt3j",
            "image_id": "fd8doth0oleutak3rt3j",
            "labels": {},
            "min_disk_size": 10,
            "name": "container-optimized-image-1619441823",
            "os_type": "linux",
            "product_ids": [
              "f2e1tocicep20aq7evht"
            ],
            "size": 6,
            "status": "ready"
          },
          "sensitive_attributes": []
        }
      ]
    },
    {
      "mode": "managed",
      "type": "yandex_compute_instance",
      "name": "instance-based-on-coi",
      "provider": "provider[\"registry.terraform.io/yandex-cloud/yandex\"]",
      "instances": [
        {
          "index_key": 0,
          "schema_version": 1,
          "attributes": {
            "allow_stopping_for_update": null,
            "boot_disk": [
              {
                "auto_delete": true,
                "device_name": "fhm4rbsc9fenu8sq4pj5",
                "disk_id": "fhm4rbsc9fenu8sq4pj5",
                "initialize_params": [
                  {
                    "description": "",
                    "image_id": "fd8doth0oleutak3rt3j",
                    "name": "",
                    "size": 10,
                    "snapshot_id": "",
                    "type": "network-hdd"
                  }
                ],
                "mode": "READ_WRITE"
              }
            ],
            "created_at": "2021-07-21T09:21:05Z",
            "description": "",
            "folder_id": "b1g5dha51t4h3463lm9q",
            "fqdn": "app-a.ru-central1.internal",
            "hostname": "app-a",
            "id": "fhmsucuodj2a6u0vgp7l",
            "labels": null,
            "metadata": {
              "docker-container-declaration": "spec:\n  containers:\n  - image: nginx\n    securityContext:\n      privileged: false\n    stdin: false\n    tty: false"
            },
            "name": "app-a",
            "network_acceleration_type": "standard",
            "network_interface": [
              {
                "dns_record": [],
                "index": 0,
                "ip_address": "192.168.1.15",
                "ipv4": true,
                "ipv6": false,
                "ipv6_address": "",
                "ipv6_dns_record": [],
                "mac_address": "d0:0d:1c:f3:3d:86",
                "nat": true,
                "nat_dns_record": [],
                "nat_ip_address": "193.32.219.234",
                "nat_ip_version": "IPV4",
                "security_group_ids": [],
                "subnet_id": "e9bvvo6mes36bi7bqmaq"
              }
            ],
            "placement_policy": [
              {
                "placement_group_id": ""
              }
            ],
            "platform_id": "standard-v1",
            "resources": [
              {
                "core_fraction": 100,
                "cores": 2,
                "gpus": 0,
                "memory": 4
              }
            ],
            "scheduling_policy": [
              {
                "preemptible": false
              }
            ],
            "secondary_disk": [],
            "service_account_id": "",
            "status": "running",
            "timeouts": null,
            "zone": "ru-central1-a"
          },
          "sensitive_attributes": [],
          "private": "eyJlMmJmYjczMC1lY2FhLTExZTYtOGY4OC0zNDM2M2JjN2M0YzAiOnsiY3JlYXRlIjozMDAwMDAwMDAwMDAsImRlbGV0ZSI6MzAwMDAwMDAwMDAwLCJ1cGRhdGUiOjMwMDAwMDAwMDAwMH0sInNjaGVtYV92ZXJzaW9uIjoiMSJ9",
          "dependencies": [
            "data.yandex_compute_image.container-optimized-image",
            "yandex_vpc_network.vpc-positive",
            "yandex_vpc_subnet.app-subnet"
          ]
        },
        {
          "index_key": 1,
          "schema_version": 1,
          "attributes": {
            "allow_stopping_for_update": null,
            "boot_disk": [
              {
                "auto_delete": true,
                "device_name": "epdlmbalpris1afqncg6",
                "disk_id": "epdlmbalpris1afqncg6",
                "initialize_params": [
                  {
                    "description": "",
                    "image_id": "fd8doth0oleutak3rt3j",
                    "name": "",
                    "size": 10,
                    "snapshot_id": "",
                    "type": "network-hdd"
                  }
                ],
                "mode": "READ_WRITE"
              }
            ],
            "created_at": "2021-07-21T09:21:05Z",
            "description": "",
            "folder_id": "b1g5dha51t4h3463lm9q",
            "fqdn": "app-b.ru-central1.internal",
            "hostname": "app-b",
            "id": "epdsotvpj9dmuknv4d6d",
            "labels": null,
            "metadata": {
              "docker-container-declaration": "spec:\n  containers:\n  - image: nginx\n    securityContext:\n      privileged: false\n    stdin: false\n    tty: false"
            },
            "name": "app-b",
            "network_acceleration_type": "standard",
            "network_interface": [
              {
                "dns_record": [],
                "index": 0,
                "ip_address": "172.17.0.15",
                "ipv4": true,
                "ipv6": false,
                "ipv6_address": "",
                "ipv6_dns_record": [],
                "mac_address": "d0:0d:1c:c7:7f:99",
                "nat": true,
                "nat_dns_record": [],
                "nat_ip_address": "178.154.197.243",
                "nat_ip_version": "IPV4",
                "security_group_ids": [],
                "subnet_id": "e2l96limei9hr4t62hk3"
              }
            ],
            "placement_policy": [
              {
                "placement_group_id": ""
              }
            ],
            "platform_id": "standard-v1",
            "resources": [
              {
                "core_fraction": 100,
                "cores": 2,
                "gpus": 0,
                "memory": 4
              }
            ],
            "scheduling_policy": [
              {
                "preemptible": false
              }
            ],
            "secondary_disk": [],
            "service_account_id": "",
            "status": "running",
            "timeouts": null,
            "zone": "ru-central1-b"
          },
          "sensitive_attributes": [],
          "private": "eyJlMmJmYjczMC1lY2FhLTExZTYtOGY4OC0zNDM2M2JjN2M0YzAiOnsiY3JlYXRlIjozMDAwMDAwMDAwMDAsImRlbGV0ZSI6MzAwMDAwMDAwMDAwLCJ1cGRhdGUiOjMwMDAwMDAwMDAwMH0sInNjaGVtYV92ZXJzaW9uIjoiMSJ9",
          "dependencies": [
            "data.yandex_compute_image.container-optimized-image",
            "yandex_vpc_network.vpc-positive",
            "yandex_vpc_subnet.app-subnet"
          ]
        }
      ]
    },
    {
      "mode": "managed",
      "type": "yandex_lb_network_load_balancer",
      "name": "ext-lb",
      "provider": "provider[\"registry.terraform.io/yandex-cloud/yandex\"]",
      "instances": [
        {
          "schema_version": 0,
          "attributes": {
            "attached_target_group": [
              {
                "healthcheck": [
                  {
                    "healthy_threshold": 2,
                    "http_options": [],
                    "interval": 2,
                    "name": "tcp",
                    "tcp_options": [
                      {
                        "port": 80
                      }
                    ],
                    "timeout": 1,
                    "unhealthy_threshold": 2
                  }
                ],
                "target_group_id": "enpbgla6ga7b8v8bjek0"
              }
            ],
            "created_at": "2021-07-21T09:21:59Z",
            "description": "",
            "folder_id": "b1g5dha51t4h3463lm9q",
            "id": "b7rdq3npia795es5k24n",
            "labels": null,
            "listener": [
              {
                "external_address_spec": [
                  {
                    "address": "84.201.187.52",
                    "ip_version": "ipv4"
                  }
                ],
                "internal_address_spec": [],
                "name": "my-listener",
                "port": 80,
                "protocol": "tcp",
                "target_port": 80
              }
            ],
            "name": "extlb",
            "region_id": "ru-central1",
            "timeouts": null,
            "type": "external"
          },
          "sensitive_attributes": [],
          "private": "eyJlMmJmYjczMC1lY2FhLTExZTYtOGY4OC0zNDM2M2JjN2M0YzAiOnsiY3JlYXRlIjozMDAwMDAwMDAwMDAsImRlbGV0ZSI6MzAwMDAwMDAwMDAwLCJ1cGRhdGUiOjMwMDAwMDAwMDAwMH19",
          "dependencies": [
            "data.yandex_compute_image.container-optimized-image",
            "yandex_compute_instance.instance-based-on-coi",
            "yandex_lb_target_group.apps_group",
            "yandex_vpc_address.ext-address",
            "yandex_vpc_network.vpc-positive",
            "yandex_vpc_subnet.app-subnet"
          ]
        }
      ]
    },
    {
      "mode": "managed",
      "type": "yandex_lb_target_group",
      "name": "apps_group",
      "provider": "provider[\"registry.terraform.io/yandex-cloud/yandex\"]",
      "instances": [
        {
          "schema_version": 0,
          "attributes": {
            "created_at": "2021-07-21T09:21:57Z",
            "description": "",
            "folder_id": "b1g5dha51t4h3463lm9q",
            "id": "enpbgla6ga7b8v8bjek0",
            "labels": null,
            "name": "appsgroup",
            "region_id": "ru-central1",
            "target": [
              {
                "address": "172.17.0.15",
                "subnet_id": "e2l96limei9hr4t62hk3"
              },
              {
                "address": "192.168.1.15",
                "subnet_id": "e9bvvo6mes36bi7bqmaq"
              }
            ],
            "timeouts": null
          },
          "sensitive_attributes": [],
          "private": "eyJlMmJmYjczMC1lY2FhLTExZTYtOGY4OC0zNDM2M2JjN2M0YzAiOnsiY3JlYXRlIjozMDAwMDAwMDAwMDAsImRlbGV0ZSI6MzAwMDAwMDAwMDAwLCJ1cGRhdGUiOjMwMDAwMDAwMDAwMH19",
          "dependencies": [
            "data.yandex_compute_image.container-optimized-image",
            "yandex_compute_instance.instance-based-on-coi",
            "yandex_vpc_network.vpc-positive",
            "yandex_vpc_subnet.app-subnet"
          ]
        }
      ]
    },
    {
      "mode": "managed",
      "type": "yandex_vpc_address",
      "name": "ext-address",
      "provider": "provider[\"registry.terraform.io/yandex-cloud/yandex\"]",
      "instances": [
        {
          "schema_version": 0,
          "attributes": {
            "created_at": "2021-07-21T09:21:02Z",
            "description": "",
            "external_ipv4_address": [
              {
                "address": "84.201.187.52",
                "ddos_protection_provider": "qrator",
                "outgoing_smtp_capability": "",
                "zone_id": "ru-central1-a"
              }
            ],
            "folder_id": "b1g5dha51t4h3463lm9q",
            "id": "e9bi8btchrpdci0152dr",
            "labels": null,
            "name": "ext-address",
            "reserved": true,
            "timeouts": null,
            "used": false
          },
          "sensitive_attributes": [],
          "private": "eyJlMmJmYjczMC1lY2FhLTExZTYtOGY4OC0zNDM2M2JjN2M0YzAiOnsiY3JlYXRlIjozMDAwMDAwMDAwMCwiZGVsZXRlIjozMDAwMDAwMDAwMCwidXBkYXRlIjozMDAwMDAwMDAwMH19"
        }
      ]
    },
    {
      "mode": "managed",
      "type": "yandex_vpc_network",
      "name": "vpc-positive",
      "provider": "provider[\"registry.terraform.io/yandex-cloud/yandex\"]",
      "instances": [
        {
          "schema_version": 0,
          "attributes": {
            "created_at": "2021-07-21T09:21:02Z",
            "default_security_group_id": "",
            "description": "",
            "folder_id": "b1g5dha51t4h3463lm9q",
            "id": "enp5319ctfe47kh2q4jp",
            "labels": null,
            "name": "vpc-infra",
            "subnet_ids": [],
            "timeouts": null
          },
          "sensitive_attributes": [],
          "private": "eyJlMmJmYjczMC1lY2FhLTExZTYtOGY4OC0zNDM2M2JjN2M0YzAiOnsiY3JlYXRlIjo2MDAwMDAwMDAwMCwiZGVsZXRlIjo2MDAwMDAwMDAwMCwidXBkYXRlIjo2MDAwMDAwMDAwMH19"
        }
      ]
    },
    {
      "mode": "managed",
      "type": "yandex_vpc_subnet",
      "name": "app-subnet",
      "provider": "provider[\"registry.terraform.io/yandex-cloud/yandex\"]",
      "instances": [
        {
          "index_key": 0,
          "schema_version": 0,
          "attributes": {
            "created_at": "2021-07-21T09:21:04Z",
            "description": "",
            "dhcp_options": [],
            "folder_id": "b1g5dha51t4h3463lm9q",
            "id": "e9bvvo6mes36bi7bqmaq",
            "labels": null,
            "name": "app-subnet-a",
            "network_id": "enp5319ctfe47kh2q4jp",
            "route_table_id": "",
            "timeouts": null,
            "v4_cidr_blocks": [
              "192.168.1.0/24"
            ],
            "v6_cidr_blocks": [],
            "zone": "ru-central1-a"
          },
          "sensitive_attributes": [],
          "private": "eyJlMmJmYjczMC1lY2FhLTExZTYtOGY4OC0zNDM2M2JjN2M0YzAiOnsiY3JlYXRlIjoxODAwMDAwMDAwMDAsImRlbGV0ZSI6MTgwMDAwMDAwMDAwLCJ1cGRhdGUiOjE4MDAwMDAwMDAwMH19",
          "dependencies": [
            "yandex_vpc_network.vpc-positive"
          ]
        },
        {
          "index_key": 1,
          "schema_version": 0,
          "attributes": {
            "created_at": "2021-07-21T09:21:03Z",
            "description": "",
            "dhcp_options": [],
            "folder_id": "b1g5dha51t4h3463lm9q",
            "id": "e2l96limei9hr4t62hk3",
            "labels": null,
            "name": "app-subnet-b",
            "network_id": "enp5319ctfe47kh2q4jp",
            "route_table_id": "",
            "timeouts": null,
            "v4_cidr_blocks": [
              "172.17.0.0/24"
            ],
            "v6_cidr_blocks": [],
            "zone": "ru-central1-b"
          },
          "sensitive_attributes": [],
          "private": "eyJlMmJmYjczMC1lY2FhLTExZTYtOGY4OC0zNDM2M2JjN2M0YzAiOnsiY3JlYXRlIjoxODAwMDAwMDAwMDAsImRlbGV0ZSI6MTgwMDAwMDAwMDAwLCJ1cGRhdGUiOjE4MDAwMDAwMDAwMH19",
          "dependencies": [
            "yandex_vpc_network.vpc-positive"
          ]
        }
      ]
    }
  ]
}
