{
  "version": 4,
  "terraform_version": "0.15.3",
  "serial": 256,
  "lineage": "753728c8-2579-f135-2ea2-feda3d2d4310",
  "outputs": {},
  "resources": [
    {
      "mode": "managed",
      "type": "yandex_lb_network_load_balancer",
      "name": "ext-lb",
      "provider": "provider[\"registry.terraform.io/yandex-cloud/yandex\"]",
      "instances": [
        {
          "schema_version": 0,
          "attributes": {
            "attached_target_group": [
              {
                "healthcheck": [
                  {
                    "healthy_threshold": 2,
                    "http_options": [],
                    "interval": 2,
                    "name": "tcp",
                    "tcp_options": [
                      {
                        "port": 80
                      }
                    ],
                    "timeout": 1,
                    "unhealthy_threshold": 2
                  }
                ],
                "target_group_id": "enpbgla6ga7b8v8bjek0"
              }
            ],
            "created_at": "2021-07-21T14:43:16Z",
            "description": "",
            "folder_id": "b1g5dha51t4h3463lm9q",
            "id": "b7r20m3afb04183rf2oc",
            "labels": {},
            "listener": [
              {
                "external_address_spec": [
                  {
                    "address": "84.201.187.52",
                    "ip_version": "ipv4"
                  }
                ],
                "internal_address_spec": [],
                "name": "my-listener",
                "port": 80,
                "protocol": "tcp",
                "target_port": 80
              }
            ],
            "name": "extlb",
            "region_id": "ru-central1",
            "timeouts": {
              "create": null,
              "delete": null,
              "update": null
            },
            "type": "external"
          },
          "sensitive_attributes": [],
          "private": "eyJlMmJmYjczMC1lY2FhLTExZTYtOGY4OC0zNDM2M2JjN2M0YzAiOnsiY3JlYXRlIjozMDAwMDAwMDAwMDAsImRlbGV0ZSI6MzAwMDAwMDAwMDAwLCJ1cGRhdGUiOjMwMDAwMDAwMDAwMH0sInNjaGVtYV92ZXJzaW9uIjoiMCJ9"
        }
      ]
    }
  ]
}
