{
  "version": 4,
  "terraform_version": "0.15.3",
  "serial": 344,
  "lineage": "88f8bdeb-ccaa-c491-c3cc-cfcd6457aab8",
  "outputs": {},
  "resources": [
    {
      "mode": "data",
      "type": "archive_file",
      "name": "function",
      "provider": "provider[\"registry.terraform.io/hashicorp/archive\"]",
      "instances": [
        {
          "schema_version": 0,
          "attributes": {
            "excludes": null,
            "id": "22e4b8687c10525da2038b06bb886eb8bc05f446",
            "output_base64sha256": "3wHrvgfBtKLXxYNA5v3dua0kUSapxycw7BHX+svPtFg=",
            "output_file_mode": null,
            "output_md5": "d35d0cfedc2ee261aa128bb850988231",
            "output_path": "./sync.zip",
            "output_sha": "22e4b8687c10525da2038b06bb886eb8bc05f446",
            "output_size": 1071,
            "source": [],
            "source_content": null,
            "source_content_filename": null,
            "source_dir": "./function",
            "source_file": null,
            "type": "zip"
          },
          "sensitive_attributes": []
        }
      ]
    },
    {
      "mode": "data",
      "type": "template_file",
      "name": "cloud_init_lin",
      "provider": "provider[\"registry.terraform.io/hashicorp/template\"]",
      "instances": [
        {
          "schema_version": 0,
          "attributes": {
            "filename": null,
            "id": "82f63e1015b22103802b9703d8ad75c6929d2843bf2cd581eb8f1a47b4b10cac",
            "rendered": "#cloud-config\n#ssh_pwauth: no\nusers:\n  - name: yc-user\n    sudo: ALL=(ALL) NOPASSWD:ALL\n    groups: sudo\n    shell: /bin/bash\n    ssh_authorized_keys:\n      - \"ssh-rsa AAAAB3NzaC1yc2EAAAADAQABAAABgQDNU65i9w8rZOhJbfCrHkAY/WqB4hEH8SZYLzGN6rXltPqibKDNwXTo1BatS93nqahRv7Z3j1+/1jkKDhgvokRQ9XlSLp2t5UzEy+6VxJIavHpe3y69BYjUnbWp/7NOLMNxAyN8FUpHyAdAuIlLQDu0sKPbG6VmOMLMbaaVsXbFBj9Cv9tqS8aiEMtV8xF1cmgop4fAEv0+AFaBXSFgDh+u5brOuo5N8Rfn0HbvpE/pMPMqGTs1pQFToSotM/5vYJYE3O26UPpOqG2gphzzt6/skXTv8xoHRItInj0PnFXDDM8N9ChfhgpFcTDeMCqPhjtnZ8aLh13tByXDF1RCSB2hj3F1yI2hXCyJJvODuavX5w8wPQ4elli7RrA7XV1w4yLgPm7K8u5Z7783Jkcy6OJ6p+E24NnKbIj9dGqmiy76gmgqKA5C1F/Mk9r6pdfHT4RDekYR9/naaxRQNvdX1z98cI5RMId1H9s/BqEspAxbnjXqkZcef77mYl6nLdMizmU= mirtov8@mirtov8-osx\n\"\n      ",
            "template": "#cloud-config\n#ssh_pwauth: no\nusers:\n  - name: yc-user\n    sudo: ALL=(ALL) NOPASSWD:ALL\n    groups: sudo\n    shell: /bin/bash\n    ssh_authorized_keys:\n      - \"${ssh_key}\"\n      ",
            "vars": {
              "ssh_key": "ssh-rsa AAAAB3NzaC1yc2EAAAADAQABAAABgQDNU65i9w8rZOhJbfCrHkAY/WqB4hEH8SZYLzGN6rXltPqibKDNwXTo1BatS93nqahRv7Z3j1+/1jkKDhgvokRQ9XlSLp2t5UzEy+6VxJIavHpe3y69BYjUnbWp/7NOLMNxAyN8FUpHyAdAuIlLQDu0sKPbG6VmOMLMbaaVsXbFBj9Cv9tqS8aiEMtV8xF1cmgop4fAEv0+AFaBXSFgDh+u5brOuo5N8Rfn0HbvpE/pMPMqGTs1pQFToSotM/5vYJYE3O26UPpOqG2gphzzt6/skXTv8xoHRItInj0PnFXDDM8N9ChfhgpFcTDeMCqPhjtnZ8aLh13tByXDF1RCSB2hj3F1yI2hXCyJJvODuavX5w8wPQ4elli7RrA7XV1w4yLgPm7K8u5Z7783Jkcy6OJ6p+E24NnKbIj9dGqmiy76gmgqKA5C1F/Mk9r6pdfHT4RDekYR9/naaxRQNvdX1z98cI5RMId1H9s/BqEspAxbnjXqkZcef77mYl6nLdMizmU= mirtov8@mirtov8-osx\n",
              "ssh_private": "-----BEGIN OPENSSH PRIVATE KEY-----\nb3BlbnNzaC1rZXktdjEAAAAACmFlczI1Ni1jdHIAAAAGYmNyeXB0AAAAGAAAABBLG9Kkjv\nN3im1/eg/sfnJXAAAAEAAAAAEAAAGXAAAAB3NzaC1yc2EAAAADAQABAAABgQDNU65i9w8r\nZOhJbfCrHkAY/WqB4hEH8SZYLzGN6rXltPqibKDNwXTo1BatS93nqahRv7Z3j1+/1jkKDh\ngvokRQ9XlSLp2t5UzEy+6VxJIavHpe3y69BYjUnbWp/7NOLMNxAyN8FUpHyAdAuIlLQDu0\nsKPbG6VmOMLMbaaVsXbFBj9Cv9tqS8aiEMtV8xF1cmgop4fAEv0+AFaBXSFgDh+u5brOuo\n5N8Rfn0HbvpE/pMPMqGTs1pQFToSotM/5vYJYE3O26UPpOqG2gphzzt6/skXTv8xoHRItI\nnj0PnFXDDM8N9ChfhgpFcTDeMCqPhjtnZ8aLh13tByXDF1RCSB2hj3F1yI2hXCyJJvODua\nvX5w8wPQ4elli7RrA7XV1w4yLgPm7K8u5Z7783Jkcy6OJ6p+E24NnKbIj9dGqmiy76gmgq\nKA5C1F/Mk9r6pdfHT4RDekYR9/naaxRQNvdX1z98cI5RMId1H9s/BqEspAxbnjXqkZcef7\n7mYl6nLdMizmUAAAWQnG9z2q1ToXg0KfmB1P8aYM5w6JBt1ozyws/i7OmryI/DBuQWswKm\nBtw360kVyXrY556+Ny7frg9rw69lMT267Eg8N5dP5Tg2dpiKFKg4Yr1K2EYH2vqlF2aQPd\nhbYCx2zcgnruOtMbtIAV2egV//7j/P89iiztV+ktljpgj2Rx994biASmpbAAInfaJ7qFJz\ng3nB3ILc4PvlSYaQuQueif9mXWfdWX4uH7DpY/pFdO62Y/zf4zxFbwbHMkM1ddcGTdNC/7\nNaXbF2X0QnyaspbB+9cIvaOpyOXVii0ih4evjeJUZbv2h0HkkBQmp+WMWIlss75kkxHDby\np9e8ByPdLYxWGm2IopbsWK+JNvNLDZcDT6X/VhbfZZnbddsB38ch/vquctAqkWLYCxnDQY\nC19XisRmT6qHYYCK8cgl+Wbp+QOUTJU0fNa0/EKi84C+uUqPIC6hZerr35FIEY/dZHj6r5\nbUAAjqOV/ZEh+/38PBEUXXm4w2wQevn19/JvTFYncwN4QqR+a+1Oyxex/J/VBHs6DE9QMb\njAC6/CT/38xkES150vF3LNyEIYqOSxEmy4hjbo5M0359Xa9jHA2nOCvfQu8889qy8s7htO\nRl52zmZk9h30IX3ikpUMUecCOCNxmzw4v5U0W5p0URluHO0qt1Sr0PiGWs584WgZOKazty\nNj5h0BZAWVuAT4t3ITpJ4LSPYhzboPtf7tMDemgoT3y9Jz82Nc2xAeFA7rWkZRWMjkwAr+\nLTuQE3uLGVdGx3XPpxml2F3SGMMKG8IlER4E4ovNpuS6cNIDBwLXfbyHuv5/k37pHl+q4y\nrX+dlgoxMiAxwNf6YWHW2GKN8+lzm+VcTrwNdzidXBOPvmuabnMEt+XhkmQJxBU4+0cQQF\nGLmYTLxCPpyPcsJ0mZs7Stv+INEFjTrUTvvPT461maiJj+j5FvoYILlho7jj+MPs/2AQjF\n4vB7rnBUnazd9rJYCGUqbhpL3G365HMNMOTVRyD++qnLXetOFmkYSd8QYX8OHSpozdAjKC\n6AKFOcLQ3sroZeDyPe9/14RAM3jym0m24J4SDNKfnx5Ipvs2UCXvcpDFec/nReUqKo4MYI\nOzvxnee6QQ8u20HEdj9N2/Ei6jMKsQBukrHSI6f0OVvrnhHKSltVptUBVIKp9P+mqwuymr\nVghUSIJkwpbtPaVkrBzCmLe36o8Lqw82Ciy/gcQtIiq+KPk8osBaA1iciFW59RUu+5fd7k\nZ/jcmEV/MYb9HeaGBUwTALLlAxC8I8WFSuRzzT6wH57QUmYj1Y6kl/8QRYM35BgcSIICzO\nQ4FkQrl6VXtGoW+TycYBltrIKEcesGI4/97s0IpM0mVGZxbiX+VwaePR81RtFGMB+kT0xN\nZQvQxqk3jTNUa4YsjO8TkgnxrTWGoU26vXUaSXmmKT1Dl/x7kL4WQaKqhcuXnemdzRVOxX\n9n03G3PKCIvWShdph//iWGYj4n+koRxX0ZPYyQr78Tq91UJ95Mw3A+mSl/DEuavh/lyjkO\nrwvWEeuUik08O2cM0Oy6XYlgX9Fi+Hm0VwsDMxuk32prh+ynwVS1eWBbrruHVBBcqlg3DR\nF7xhtwAggmatOqLT4QDSleemne0c2mUt6EixqIACruAAyzAEOmqiNJBtni/2w29EpK+pUl\neFss9iSQju148qEsSF6rryTyRl44QSvwBTx2f3SdLcc+RaBByg33pgdeP/+jcfEhSuFWxX\n0TnstcGG+NWSQCcwBnB7ixAC8z/3ehsZ7KHx3Nap4mkRJ81nQ8bsW8KEatNegZOEKkH9YR\nyKkvr5VcvVeOPdVWJvqvntAqDEZCDYWe/nu67Wark0ormaTSUiuCsr8OHPd3BiG0ZWTiGw\nuapxdqph56wXEbtK84KILAIO5Ww=\n-----END OPENSSH PRIVATE KEY-----\n"
            }
          },
          "sensitive_attributes": []
        }
      ]
    },
    {
      "mode": "data",
      "type": "yandex_compute_image",
      "name": "img_lin",
      "provider": "provider[\"registry.terraform.io/yandex-cloud/yandex\"]",
      "instances": [
        {
          "schema_version": 0,
          "attributes": {
            "created_at": "2021-06-10T17:13:11Z",
            "description": "Ubuntu 20.04 distribution. Official website and documentation: https://www.ubuntu.com",
            "family": "ubuntu-2004-lts",
            "folder_id": "standard-images",
            "id": "fd83klic6c8gfgi40urb",
            "image_id": "fd83klic6c8gfgi40urb",
            "labels": {},
            "min_disk_size": 3,
            "name": "ubuntu-2004-lts-1623345129",
            "os_type": "linux",
            "product_ids": [
              "f2efrqfcllr7ns1o7b1t"
            ],
            "size": 2,
            "status": "ready"
          },
          "sensitive_attributes": []
        }
      ]
    },
    {
      "mode": "data",
      "type": "yandex_lb_target_group",
      "name": "app-group",
      "provider": "provider[\"registry.terraform.io/yandex-cloud/yandex\"]",
      "instances": [
        {
          "schema_version": 0,
          "attributes": {
            "created_at": "2021-07-21T16:17:18Z",
            "description": "",
            "folder_id": "b1g5dha51t4h3463lm9q",
            "id": "enp1m10vm5jpog9ugc5f",
            "labels": {},
            "name": "appsgroup",
            "target": [
              {
                "address": "172.17.0.15",
                "subnet_id": "e2l24mf9ecnknmd5mpte"
              },
              {
                "address": "192.168.1.15",
                "subnet_id": "e9b4f53sj3q6njg6si1b"
              }
            ],
            "target_group_id": "enp1m10vm5jpog9ugc5f"
          },
          "sensitive_attributes": []
        }
      ]
    },
    {
      "mode": "data",
      "type": "yandex_vpc_network",
      "name": "vpc-positive",
      "provider": "provider[\"registry.terraform.io/yandex-cloud/yandex\"]",
      "instances": [
        {
          "schema_version": 0,
          "attributes": {
            "created_at": "2021-07-21T09:21:02Z",
            "default_security_group_id": "",
            "description": "",
            "folder_id": "b1g5dha51t4h3463lm9q",
            "id": "enp5319ctfe47kh2q4jp",
            "labels": {},
            "name": "vpc-infra",
            "network_id": "enp5319ctfe47kh2q4jp",
            "subnet_ids": [
              "e2l24mf9ecnknmd5mpte",
              "e9b4f53sj3q6njg6si1b"
            ]
          },
          "sensitive_attributes": []
        }
      ]
    },
    {
      "mode": "managed",
      "type": "yandex_compute_instance",
      "name": "ptaf",
      "provider": "provider[\"registry.terraform.io/yandex-cloud/yandex\"]",
      "instances": [
        {
          "index_key": 0,
          "schema_version": 1,
          "attributes": {
            "allow_stopping_for_update": null,
            "boot_disk": [
              {
                "auto_delete": true,
                "device_name": "fhmd1riqkka5samlp6sv",
                "disk_id": "fhmd1riqkka5samlp6sv",
                "initialize_params": [
                  {
                    "description": "",
                    "image_id": "fd8p1mmcim8jllgd7vuc",
                    "name": "",
                    "size": 80,
                    "snapshot_id": "",
                    "type": "network-ssd"
                  }
                ],
                "mode": "READ_WRITE"
              }
            ],
            "created_at": "2021-07-21T21:01:15Z",
            "description": "",
            "folder_id": "b1g5dha51t4h3463lm9q",
            "fqdn": "ptaf-a.ru-central1.internal",
            "hostname": "ptaf-a",
            "id": "fhm3oldm0e6blstkjpsr",
            "labels": null,
            "metadata": {
              "serial-port-enable": "1",
              "user-data": "#cloud-config\n#ssh_pwauth: no\nusers:\n  - name: yc-user\n    sudo: ALL=(ALL) NOPASSWD:ALL\n    groups: sudo\n    shell: /bin/bash\n    ssh_authorized_keys:\n      - \"ssh-rsa AAAAB3NzaC1yc2EAAAADAQABAAABgQDNU65i9w8rZOhJbfCrHkAY/WqB4hEH8SZYLzGN6rXltPqibKDNwXTo1BatS93nqahRv7Z3j1+/1jkKDhgvokRQ9XlSLp2t5UzEy+6VxJIavHpe3y69BYjUnbWp/7NOLMNxAyN8FUpHyAdAuIlLQDu0sKPbG6VmOMLMbaaVsXbFBj9Cv9tqS8aiEMtV8xF1cmgop4fAEv0+AFaBXSFgDh+u5brOuo5N8Rfn0HbvpE/pMPMqGTs1pQFToSotM/5vYJYE3O26UPpOqG2gphzzt6/skXTv8xoHRItInj0PnFXDDM8N9ChfhgpFcTDeMCqPhjtnZ8aLh13tByXDF1RCSB2hj3F1yI2hXCyJJvODuavX5w8wPQ4elli7RrA7XV1w4yLgPm7K8u5Z7783Jkcy6OJ6p+E24NnKbIj9dGqmiy76gmgqKA5C1F/Mk9r6pdfHT4RDekYR9/naaxRQNvdX1z98cI5RMId1H9s/BqEspAxbnjXqkZcef77mYl6nLdMizmU= mirtov8@mirtov8-osx\n\"\n      "
            },
            "name": "ptaf-a",
            "network_acceleration_type": "standard",
            "network_interface": [
              {
                "dns_record": [],
                "index": 0,
                "ip_address": "192.168.2.10",
                "ipv4": true,
                "ipv6": false,
                "ipv6_address": "",
                "ipv6_dns_record": [],
                "mac_address": "d0:0d:3c:55:b6:03",
                "nat": false,
                "nat_dns_record": [],
                "nat_ip_address": "",
                "nat_ip_version": "",
                "security_group_ids": [
                  "enpfvbn81qaglhq4hfmi"
                ],
                "subnet_id": "e9ba0tbc3es3badj1jfl"
              }
            ],
            "placement_policy": [
              {
                "placement_group_id": ""
              }
            ],
            "platform_id": "standard-v1",
            "resources": [
              {
                "core_fraction": 100,
                "cores": 4,
                "gpus": 0,
                "memory": 8
              }
            ],
            "scheduling_policy": [
              {
                "preemptible": false
              }
            ],
            "secondary_disk": [],
            "service_account_id": "",
            "status": "running",
            "timeouts": null,
            "zone": "ru-central1-a"
          },
          "sensitive_attributes": [],
          "private": "eyJlMmJmYjczMC1lY2FhLTExZTYtOGY4OC0zNDM2M2JjN2M0YzAiOnsiY3JlYXRlIjozMDAwMDAwMDAwMDAsImRlbGV0ZSI6MzAwMDAwMDAwMDAwLCJ1cGRhdGUiOjMwMDAwMDAwMDAwMH0sInNjaGVtYV92ZXJzaW9uIjoiMSJ9",
          "dependencies": [
            "data.template_file.cloud_init_lin",
            "data.yandex_vpc_network.vpc-positive",
            "yandex_vpc_security_group.ptaf-sg",
            "yandex_vpc_security_group.ssh-broker",
            "yandex_vpc_subnet.ext-subnet"
          ]
        },
        {
          "index_key": 1,
          "schema_version": 1,
          "attributes": {
            "allow_stopping_for_update": null,
            "boot_disk": [
              {
                "auto_delete": true,
                "device_name": "epdjol6816svqooo0lo1",
                "disk_id": "epdjol6816svqooo0lo1",
                "initialize_params": [
                  {
                    "description": "",
                    "image_id": "fd8p1mmcim8jllgd7vuc",
                    "name": "",
                    "size": 80,
                    "snapshot_id": "",
                    "type": "network-ssd"
                  }
                ],
                "mode": "READ_WRITE"
              }
            ],
            "created_at": "2021-07-21T21:01:15Z",
            "description": "",
            "folder_id": "b1g5dha51t4h3463lm9q",
            "fqdn": "ptaf-b.ru-central1.internal",
            "hostname": "ptaf-b",
            "id": "epdm2684utlr3mvb3pbl",
            "labels": null,
            "metadata": {
              "serial-port-enable": "1",
              "user-data": "#cloud-config\n#ssh_pwauth: no\nusers:\n  - name: yc-user\n    sudo: ALL=(ALL) NOPASSWD:ALL\n    groups: sudo\n    shell: /bin/bash\n    ssh_authorized_keys:\n      - \"ssh-rsa AAAAB3NzaC1yc2EAAAADAQABAAABgQDNU65i9w8rZOhJbfCrHkAY/WqB4hEH8SZYLzGN6rXltPqibKDNwXTo1BatS93nqahRv7Z3j1+/1jkKDhgvokRQ9XlSLp2t5UzEy+6VxJIavHpe3y69BYjUnbWp/7NOLMNxAyN8FUpHyAdAuIlLQDu0sKPbG6VmOMLMbaaVsXbFBj9Cv9tqS8aiEMtV8xF1cmgop4fAEv0+AFaBXSFgDh+u5brOuo5N8Rfn0HbvpE/pMPMqGTs1pQFToSotM/5vYJYE3O26UPpOqG2gphzzt6/skXTv8xoHRItInj0PnFXDDM8N9ChfhgpFcTDeMCqPhjtnZ8aLh13tByXDF1RCSB2hj3F1yI2hXCyJJvODuavX5w8wPQ4elli7RrA7XV1w4yLgPm7K8u5Z7783Jkcy6OJ6p+E24NnKbIj9dGqmiy76gmgqKA5C1F/Mk9r6pdfHT4RDekYR9/naaxRQNvdX1z98cI5RMId1H9s/BqEspAxbnjXqkZcef77mYl6nLdMizmU= mirtov8@mirtov8-osx\n\"\n      "
            },
            "name": "ptaf-b",
            "network_acceleration_type": "standard",
            "network_interface": [
              {
                "dns_record": [],
                "index": 0,
                "ip_address": "172.18.0.10",
                "ipv4": true,
                "ipv6": false,
                "ipv6_address": "",
                "ipv6_dns_record": [],
                "mac_address": "d0:0d:16:11:90:4f",
                "nat": false,
                "nat_dns_record": [],
                "nat_ip_address": "",
                "nat_ip_version": "",
                "security_group_ids": [
                  "enpfvbn81qaglhq4hfmi"
                ],
                "subnet_id": "e2lk2acfhut4tvjrlhu1"
              }
            ],
            "placement_policy": [
              {
                "placement_group_id": ""
              }
            ],
            "platform_id": "standard-v1",
            "resources": [
              {
                "core_fraction": 100,
                "cores": 4,
                "gpus": 0,
                "memory": 8
              }
            ],
            "scheduling_policy": [
              {
                "preemptible": false
              }
            ],
            "secondary_disk": [],
            "service_account_id": "",
            "status": "running",
            "timeouts": null,
            "zone": "ru-central1-b"
          },
          "sensitive_attributes": [],
          "private": "eyJlMmJmYjczMC1lY2FhLTExZTYtOGY4OC0zNDM2M2JjN2M0YzAiOnsiY3JlYXRlIjozMDAwMDAwMDAwMDAsImRlbGV0ZSI6MzAwMDAwMDAwMDAwLCJ1cGRhdGUiOjMwMDAwMDAwMDAwMH0sInNjaGVtYV92ZXJzaW9uIjoiMSJ9",
          "dependencies": [
            "data.template_file.cloud_init_lin",
            "data.yandex_vpc_network.vpc-positive",
            "yandex_vpc_security_group.ptaf-sg",
            "yandex_vpc_security_group.ssh-broker",
            "yandex_vpc_subnet.ext-subnet"
          ]
        }
      ]
    },
    {
      "mode": "managed",
      "type": "yandex_compute_instance",
      "name": "ssh",
      "provider": "provider[\"registry.terraform.io/yandex-cloud/yandex\"]",
      "instances": [
        {
          "index_key": 0,
          "schema_version": 1,
          "attributes": {
            "allow_stopping_for_update": null,
            "boot_disk": [
              {
                "auto_delete": true,
                "device_name": "fhmmqoah78i6g4p985tn",
                "disk_id": "fhmmqoah78i6g4p985tn",
                "initialize_params": [
                  {
                    "description": "",
                    "image_id": "fd83klic6c8gfgi40urb",
                    "name": "",
                    "size": 26,
                    "snapshot_id": "",
                    "type": "network-ssd"
                  }
                ],
                "mode": "READ_WRITE"
              }
            ],
            "created_at": "2021-07-21T21:01:16Z",
            "description": "",
            "folder_id": "b1g5dha51t4h3463lm9q",
            "fqdn": "ssh-a.ru-central1.internal",
            "hostname": "ssh-a",
            "id": "fhmokqh2rths6dhq6t7b",
            "labels": null,
            "metadata": {
              "serial-port-enable": "1",
              "user-data": "#cloud-config\n#ssh_pwauth: no\nusers:\n  - name: yc-user\n    sudo: ALL=(ALL) NOPASSWD:ALL\n    groups: sudo\n    shell: /bin/bash\n    ssh_authorized_keys:\n      - \"ssh-rsa AAAAB3NzaC1yc2EAAAADAQABAAABgQDNU65i9w8rZOhJbfCrHkAY/WqB4hEH8SZYLzGN6rXltPqibKDNwXTo1BatS93nqahRv7Z3j1+/1jkKDhgvokRQ9XlSLp2t5UzEy+6VxJIavHpe3y69BYjUnbWp/7NOLMNxAyN8FUpHyAdAuIlLQDu0sKPbG6VmOMLMbaaVsXbFBj9Cv9tqS8aiEMtV8xF1cmgop4fAEv0+AFaBXSFgDh+u5brOuo5N8Rfn0HbvpE/pMPMqGTs1pQFToSotM/5vYJYE3O26UPpOqG2gphzzt6/skXTv8xoHRItInj0PnFXDDM8N9ChfhgpFcTDeMCqPhjtnZ8aLh13tByXDF1RCSB2hj3F1yI2hXCyJJvODuavX5w8wPQ4elli7RrA7XV1w4yLgPm7K8u5Z7783Jkcy6OJ6p+E24NnKbIj9dGqmiy76gmgqKA5C1F/Mk9r6pdfHT4RDekYR9/naaxRQNvdX1z98cI5RMId1H9s/BqEspAxbnjXqkZcef77mYl6nLdMizmU= mirtov8@mirtov8-osx\n\"\n      "
            },
            "name": "ssh-a",
            "network_acceleration_type": "standard",
            "network_interface": [
              {
                "dns_record": [],
                "index": 0,
                "ip_address": "192.168.0.9",
                "ipv4": true,
                "ipv6": false,
                "ipv6_address": "",
                "ipv6_dns_record": [],
                "mac_address": "d0:0d:18:a6:a2:2d",
                "nat": true,
                "nat_dns_record": [],
                "nat_ip_address": "130.193.51.248",
                "nat_ip_version": "IPV4",
                "security_group_ids": [
                  "enpaqf10lmekffcdoon4"
                ],
                "subnet_id": "e9b4ornkhgdlrvao2m6r"
              }
            ],
            "placement_policy": [
              {
                "placement_group_id": ""
              }
            ],
            "platform_id": "standard-v2",
            "resources": [
              {
                "core_fraction": 100,
                "cores": 2,
                "gpus": 0,
                "memory": 4
              }
            ],
            "scheduling_policy": [
              {
                "preemptible": false
              }
            ],
            "secondary_disk": [],
            "service_account_id": "",
            "status": "running",
            "timeouts": null,
            "zone": "ru-central1-a"
          },
          "sensitive_attributes": [],
          "private": "eyJlMmJmYjczMC1lY2FhLTExZTYtOGY4OC0zNDM2M2JjN2M0YzAiOnsiY3JlYXRlIjozMDAwMDAwMDAwMDAsImRlbGV0ZSI6MzAwMDAwMDAwMDAwLCJ1cGRhdGUiOjMwMDAwMDAwMDAwMH0sInNjaGVtYV92ZXJzaW9uIjoiMSJ9",
          "dependencies": [
            "data.template_file.cloud_init_lin",
            "data.yandex_compute_image.img_lin",
            "data.yandex_vpc_network.vpc-positive",
            "yandex_vpc_security_group.ssh-broker",
            "yandex_vpc_subnet.mgmgt-subnet"
          ]
        },
        {
          "index_key": 1,
          "schema_version": 1,
          "attributes": {
            "allow_stopping_for_update": null,
            "boot_disk": [
              {
                "auto_delete": true,
                "device_name": "epdsripb89223d566h0v",
                "disk_id": "epdsripb89223d566h0v",
                "initialize_params": [
                  {
                    "description": "",
                    "image_id": "fd83klic6c8gfgi40urb",
                    "name": "",
                    "size": 26,
                    "snapshot_id": "",
                    "type": "network-ssd"
                  }
                ],
                "mode": "READ_WRITE"
              }
            ],
            "created_at": "2021-07-21T21:01:16Z",
            "description": "",
            "folder_id": "b1g5dha51t4h3463lm9q",
            "fqdn": "ssh-b.ru-central1.internal",
            "hostname": "ssh-b",
            "id": "epd7vj3qhspc6lsq5vde",
            "labels": null,
            "metadata": {
              "serial-port-enable": "1",
              "user-data": "#cloud-config\n#ssh_pwauth: no\nusers:\n  - name: yc-user\n    sudo: ALL=(ALL) NOPASSWD:ALL\n    groups: sudo\n    shell: /bin/bash\n    ssh_authorized_keys:\n      - \"ssh-rsa AAAAB3NzaC1yc2EAAAADAQABAAABgQDNU65i9w8rZOhJbfCrHkAY/WqB4hEH8SZYLzGN6rXltPqibKDNwXTo1BatS93nqahRv7Z3j1+/1jkKDhgvokRQ9XlSLp2t5UzEy+6VxJIavHpe3y69BYjUnbWp/7NOLMNxAyN8FUpHyAdAuIlLQDu0sKPbG6VmOMLMbaaVsXbFBj9Cv9tqS8aiEMtV8xF1cmgop4fAEv0+AFaBXSFgDh+u5brOuo5N8Rfn0HbvpE/pMPMqGTs1pQFToSotM/5vYJYE3O26UPpOqG2gphzzt6/skXTv8xoHRItInj0PnFXDDM8N9ChfhgpFcTDeMCqPhjtnZ8aLh13tByXDF1RCSB2hj3F1yI2hXCyJJvODuavX5w8wPQ4elli7RrA7XV1w4yLgPm7K8u5Z7783Jkcy6OJ6p+E24NnKbIj9dGqmiy76gmgqKA5C1F/Mk9r6pdfHT4RDekYR9/naaxRQNvdX1z98cI5RMId1H9s/BqEspAxbnjXqkZcef77mYl6nLdMizmU= mirtov8@mirtov8-osx\n\"\n      "
            },
            "name": "ssh-b",
            "network_acceleration_type": "standard",
            "network_interface": [
              {
                "dns_record": [],
                "index": 0,
                "ip_address": "172.16.0.9",
                "ipv4": true,
                "ipv6": false,
                "ipv6_address": "",
                "ipv6_dns_record": [],
                "mac_address": "d0:0d:7f:cc:7a:8f",
                "nat": true,
                "nat_dns_record": [],
                "nat_ip_address": "84.201.164.240",
                "nat_ip_version": "IPV4",
                "security_group_ids": [
                  "enpaqf10lmekffcdoon4"
                ],
                "subnet_id": "e2lar2gvt6ego58p0ao9"
              }
            ],
            "placement_policy": [
              {
                "placement_group_id": ""
              }
            ],
            "platform_id": "standard-v2",
            "resources": [
              {
                "core_fraction": 100,
                "cores": 2,
                "gpus": 0,
                "memory": 4
              }
            ],
            "scheduling_policy": [
              {
                "preemptible": false
              }
            ],
            "secondary_disk": [],
            "service_account_id": "",
            "status": "running",
            "timeouts": null,
            "zone": "ru-central1-b"
          },
          "sensitive_attributes": [],
          "private": "eyJlMmJmYjczMC1lY2FhLTExZTYtOGY4OC0zNDM2M2JjN2M0YzAiOnsiY3JlYXRlIjozMDAwMDAwMDAwMDAsImRlbGV0ZSI6MzAwMDAwMDAwMDAwLCJ1cGRhdGUiOjMwMDAwMDAwMDAwMH0sInNjaGVtYV92ZXJzaW9uIjoiMSJ9",
          "dependencies": [
            "data.template_file.cloud_init_lin",
            "data.yandex_compute_image.img_lin",
            "data.yandex_vpc_network.vpc-positive",
            "yandex_vpc_security_group.ssh-broker",
            "yandex_vpc_subnet.mgmgt-subnet"
          ]
        }
      ]
    },
    {
      "mode": "managed",
      "type": "yandex_function",
      "name": "bypass",
      "provider": "provider[\"registry.terraform.io/yandex-cloud/yandex\"]",
      "instances": [
        {
          "schema_version": 0,
          "attributes": {
            "content": [
              {
                "zip_filename": "./sync.zip"
              }
            ],
            "created_at": "2021-07-21T21:03:13Z",
            "description": "",
            "entrypoint": "handler.sh",
            "environment": {
              "elb": "extlb",
              "folderid": "b1g5dha51t4h3463lm9q",
              "ilb": "intlb",
              "test": "b1g5dha51t4h3463lm9q",
              "tgvmid": "enp1m10vm5jpog9ugc5f",
              "tgwafid": "enpuuijb8283a29k9brs"
            },
            "execution_timeout": "200",
            "folder_id": "b1g5dha51t4h3463lm9q",
            "id": "d4e7stajvc348lvdcl05",
            "image_size": 4096,
            "labels": null,
            "loggroup_id": "ckgrhtjod0dtmqte8q3n",
            "memory": 128,
            "name": "bypass-function",
            "package": [],
            "runtime": "bash",
            "service_account_id": "aje3e6sv3uhastpk3lp8",
            "tags": [],
            "timeouts": null,
            "user_hash": "3wHrvgfBtKLXxYNA5v3dua0kUSapxycw7BHX+svPtFg=",
            "version": "d4e23bk1gf8nkmm7bs51"
          },
          "sensitive_attributes": [],
          "private": "eyJlMmJmYjczMC1lY2FhLTExZTYtOGY4OC0zNDM2M2JjN2M0YzAiOnsiY3JlYXRlIjozMDAwMDAwMDAwMDAsImRlbGV0ZSI6MzAwMDAwMDAwMDAwLCJ1cGRhdGUiOjMwMDAwMDAwMDAwMH19",
          "dependencies": [
            "data.archive_file.function",
            "data.template_file.cloud_init_lin",
            "data.yandex_lb_target_group.app-group",
            "data.yandex_vpc_network.vpc-positive",
            "yandex_compute_instance.ptaf",
            "yandex_iam_service_account.sa-ptaf",
            "yandex_lb_network_load_balancer.ext-lb",
            "yandex_lb_network_load_balancer.int-lb",
            "yandex_lb_target_group.ptaf_group",
            "yandex_vpc_security_group.ptaf-sg",
            "yandex_vpc_security_group.ssh-broker",
            "yandex_vpc_subnet.ext-subnet"
          ]
        }
      ]
    },
    {
      "mode": "managed",
      "type": "yandex_function_trigger",
      "name": "bypass-trigger",
      "provider": "provider[\"registry.terraform.io/yandex-cloud/yandex\"]",
      "instances": [
        {
          "schema_version": 0,
          "attributes": {
            "created_at": "2021-07-21T21:03:16Z",
            "description": "any description",
            "dlq": [],
            "folder_id": "b1g5dha51t4h3463lm9q",
            "function": [
              {
                "id": "d4e7stajvc348lvdcl05",
                "retry_attempts": "",
                "retry_interval": "",
                "service_account_id": "aje3e6sv3uhastpk3lp8",
                "tag": ""
              }
            ],
            "id": "a1s79300v55v84vr3q0s",
            "iot": [],
            "labels": null,
            "log_group": [],
            "message_queue": [],
            "name": "bypass-trigger",
            "object_storage": [],
            "timeouts": null,
            "timer": [
              {
                "cron_expression": "*/5 * * * ? *"
              }
            ]
          },
          "sensitive_attributes": [],
          "private": "eyJlMmJmYjczMC1lY2FhLTExZTYtOGY4OC0zNDM2M2JjN2M0YzAiOnsiY3JlYXRlIjozMDAwMDAwMDAwMDAsImRlbGV0ZSI6MzAwMDAwMDAwMDAwLCJ1cGRhdGUiOjMwMDAwMDAwMDAwMH19",
          "dependencies": [
            "data.archive_file.function",
            "data.template_file.cloud_init_lin",
            "data.yandex_lb_target_group.app-group",
            "data.yandex_vpc_network.vpc-positive",
            "yandex_compute_instance.ptaf",
            "yandex_function.bypass",
            "yandex_iam_service_account.sa-ptaf",
            "yandex_lb_network_load_balancer.ext-lb",
            "yandex_lb_network_load_balancer.int-lb",
            "yandex_lb_target_group.ptaf_group",
            "yandex_vpc_security_group.ptaf-sg",
            "yandex_vpc_security_group.ssh-broker",
            "yandex_vpc_subnet.ext-subnet"
          ]
        }
      ]
    },
    {
      "mode": "managed",
      "type": "yandex_iam_service_account",
      "name": "sa-ptaf",
      "provider": "provider[\"registry.terraform.io/yandex-cloud/yandex\"]",
      "instances": [
        {
          "schema_version": 0,
          "attributes": {
            "created_at": "2021-07-21T21:01:13Z",
            "description": "service account for ptaf func",
            "folder_id": "b1g5dha51t4h3463lm9q",
            "id": "aje3e6sv3uhastpk3lp8",
            "name": "sa-ptaf",
            "timeouts": null
          },
          "sensitive_attributes": [],
          "private": "eyJlMmJmYjczMC1lY2FhLTExZTYtOGY4OC0zNDM2M2JjN2M0YzAiOnsiY3JlYXRlIjo2MDAwMDAwMDAwMCwiZGVsZXRlIjo2MDAwMDAwMDAwMCwidXBkYXRlIjo2MDAwMDAwMDAwMH19"
        }
      ]
    },
    {
      "mode": "managed",
      "type": "yandex_lb_network_load_balancer",
      "name": "ext-lb",
      "provider": "provider[\"registry.terraform.io/yandex-cloud/yandex\"]",
      "instances": [
        {
          "schema_version": 0,
          "attributes": {
            "attached_target_group": [
              {
                "healthcheck": [
                  {
                    "healthy_threshold": 2,
                    "http_options": [],
                    "interval": 2,
                    "name": "tcp",
                    "tcp_options": [
                      {
                        "port": 80
                      }
                    ],
                    "timeout": 1,
                    "unhealthy_threshold": 2
                  }
                ],
                "target_group_id": "enpuuijb8283a29k9brs"
              }
            ],
            "created_at": "2021-07-21T21:02:36Z",
            "description": "",
            "folder_id": "b1g5dha51t4h3463lm9q",
            "id": "b7ro2lioa2k9h5bc1547",
            "labels": null,
            "listener": [
              {
                "external_address_spec": [
                  {
                    "address": "84.201.174.244",
                    "ip_version": "ipv4"
                  }
                ],
                "internal_address_spec": [],
                "name": "my-listener",
                "port": 80,
                "protocol": "tcp",
                "target_port": 80
              }
            ],
            "name": "extlb",
            "region_id": "ru-central1",
            "timeouts": null,
            "type": "external"
          },
          "sensitive_attributes": [],
          "private": "eyJlMmJmYjczMC1lY2FhLTExZTYtOGY4OC0zNDM2M2JjN2M0YzAiOnsiY3JlYXRlIjozMDAwMDAwMDAwMDAsImRlbGV0ZSI6MzAwMDAwMDAwMDAwLCJ1cGRhdGUiOjMwMDAwMDAwMDAwMH19",
          "dependencies": [
            "data.template_file.cloud_init_lin",
            "data.yandex_vpc_network.vpc-positive",
            "yandex_compute_instance.ptaf",
            "yandex_lb_target_group.ptaf_group",
            "yandex_vpc_security_group.ptaf-sg",
            "yandex_vpc_security_group.ssh-broker",
            "yandex_vpc_subnet.ext-subnet"
          ]
        }
      ]
    },
    {
      "mode": "managed",
      "type": "yandex_lb_network_load_balancer",
      "name": "int-lb",
      "provider": "provider[\"registry.terraform.io/yandex-cloud/yandex\"]",
      "instances": [
        {
          "schema_version": 0,
          "attributes": {
            "attached_target_group": [
              {
                "healthcheck": [
                  {
                    "healthy_threshold": 2,
                    "http_options": [],
                    "interval": 2,
                    "name": "tcp",
                    "tcp_options": [
                      {
                        "port": 80
                      }
                    ],
                    "timeout": 1,
                    "unhealthy_threshold": 2
                  }
                ],
                "target_group_id": "enp1m10vm5jpog9ugc5f"
              }
            ],
            "created_at": "2021-07-21T21:02:57Z",
            "description": "",
            "folder_id": "b1g5dha51t4h3463lm9q",
            "id": "b7r6pd64jghlktvdvs5p",
            "labels": null,
            "listener": [
              {
                "external_address_spec": [],
                "internal_address_spec": [
                  {
                    "address": "192.168.2.28",
                    "ip_version": "ipv4",
                    "subnet_id": "e9ba0tbc3es3badj1jfl"
                  }
                ],
                "name": "my-listener",
                "port": 80,
                "protocol": "tcp",
                "target_port": 80
              }
            ],
            "name": "intlb",
            "region_id": "ru-central1",
            "timeouts": null,
            "type": "internal"
          },
          "sensitive_attributes": [],
          "private": "eyJlMmJmYjczMC1lY2FhLTExZTYtOGY4OC0zNDM2M2JjN2M0YzAiOnsiY3JlYXRlIjozMDAwMDAwMDAwMDAsImRlbGV0ZSI6MzAwMDAwMDAwMDAwLCJ1cGRhdGUiOjMwMDAwMDAwMDAwMH19",
          "dependencies": [
            "data.template_file.cloud_init_lin",
            "data.yandex_lb_target_group.app-group",
            "data.yandex_vpc_network.vpc-positive",
            "yandex_compute_instance.ptaf",
            "yandex_lb_network_load_balancer.ext-lb",
            "yandex_lb_target_group.ptaf_group",
            "yandex_vpc_security_group.ptaf-sg",
            "yandex_vpc_security_group.ssh-broker",
            "yandex_vpc_subnet.ext-subnet"
          ]
        }
      ]
    },
    {
      "mode": "managed",
      "type": "yandex_lb_target_group",
      "name": "ptaf_group",
      "provider": "provider[\"registry.terraform.io/yandex-cloud/yandex\"]",
      "instances": [
        {
          "schema_version": 0,
          "attributes": {
            "created_at": "2021-07-21T21:02:33Z",
            "description": "",
            "folder_id": "b1g5dha51t4h3463lm9q",
            "id": "enpuuijb8283a29k9brs",
            "labels": null,
            "name": "ptafgroup",
            "region_id": "ru-central1",
            "target": [
              {
                "address": "172.18.0.10",
                "subnet_id": "e2lk2acfhut4tvjrlhu1"
              },
              {
                "address": "192.168.2.10",
                "subnet_id": "e9ba0tbc3es3badj1jfl"
              }
            ],
            "timeouts": null
          },
          "sensitive_attributes": [],
          "private": "eyJlMmJmYjczMC1lY2FhLTExZTYtOGY4OC0zNDM2M2JjN2M0YzAiOnsiY3JlYXRlIjozMDAwMDAwMDAwMDAsImRlbGV0ZSI6MzAwMDAwMDAwMDAwLCJ1cGRhdGUiOjMwMDAwMDAwMDAwMH19",
          "dependencies": [
            "data.template_file.cloud_init_lin",
            "data.yandex_vpc_network.vpc-positive",
            "yandex_compute_instance.ptaf",
            "yandex_vpc_security_group.ptaf-sg",
            "yandex_vpc_security_group.ssh-broker",
            "yandex_vpc_subnet.ext-subnet"
          ]
        }
      ]
    },
    {
      "mode": "managed",
      "type": "yandex_resourcemanager_folder_iam_binding",
      "name": "func-admin",
      "provider": "provider[\"registry.terraform.io/yandex-cloud/yandex\"]",
      "instances": [
        {
          "schema_version": 0,
          "attributes": {
            "folder_id": "b1g5dha51t4h3463lm9q",
            "id": "b1g5dha51t4h3463lm9q/serverless.functions.admin",
            "members": [
              "serviceAccount:aje3e6sv3uhastpk3lp8"
            ],
            "role": "serverless.functions.admin",
            "sleep_after": null
          },
          "sensitive_attributes": [],
          "private": "bnVsbA==",
          "dependencies": [
            "yandex_iam_service_account.sa-ptaf"
          ]
        }
      ]
    },
    {
      "mode": "managed",
      "type": "yandex_resourcemanager_folder_iam_binding",
      "name": "func-admin2",
      "provider": "provider[\"registry.terraform.io/yandex-cloud/yandex\"]",
      "instances": [
        {
          "schema_version": 0,
          "attributes": {
            "folder_id": "b1g5dha51t4h3463lm9q",
            "id": "b1g5dha51t4h3463lm9q/viewer",
            "members": [
              "serviceAccount:aje3e6sv3uhastpk3lp8"
            ],
            "role": "viewer",
            "sleep_after": null
          },
          "sensitive_attributes": [],
          "private": "bnVsbA==",
          "dependencies": [
            "yandex_iam_service_account.sa-ptaf"
          ]
        }
      ]
    },
    {
      "mode": "managed",
      "type": "yandex_resourcemanager_folder_iam_binding",
      "name": "func-admin3",
      "provider": "provider[\"registry.terraform.io/yandex-cloud/yandex\"]",
      "instances": [
        {
          "schema_version": 0,
          "attributes": {
            "folder_id": "b1g5dha51t4h3463lm9q",
            "id": "b1g5dha51t4h3463lm9q/logging.writer",
            "members": [
              "serviceAccount:aje3e6sv3uhastpk3lp8"
            ],
            "role": "logging.writer",
            "sleep_after": null
          },
          "sensitive_attributes": [],
          "private": "bnVsbA==",
          "dependencies": [
            "yandex_iam_service_account.sa-ptaf"
          ]
        }
      ]
    },
    {
      "mode": "managed",
      "type": "yandex_resourcemanager_folder_iam_binding",
      "name": "func-admin4",
      "provider": "provider[\"registry.terraform.io/yandex-cloud/yandex\"]",
      "instances": [
        {
          "schema_version": 0,
          "attributes": {
            "folder_id": "b1g5dha51t4h3463lm9q",
            "id": "b1g5dha51t4h3463lm9q/load-balancer.admin",
            "members": [
              "serviceAccount:aje3e6sv3uhastpk3lp8"
            ],
            "role": "load-balancer.admin",
            "sleep_after": null
          },
          "sensitive_attributes": [],
          "private": "bnVsbA==",
          "dependencies": [
            "yandex_iam_service_account.sa-ptaf"
          ]
        }
      ]
    },
    {
      "mode": "managed",
      "type": "yandex_vpc_security_group",
      "name": "app-sg",
      "provider": "provider[\"registry.terraform.io/yandex-cloud/yandex\"]",
      "instances": [
        {
          "schema_version": 0,
          "attributes": {
            "created_at": "2021-07-21T21:01:14Z",
            "description": "",
            "egress": [
              {
                "description": "",
                "from_port": 0,
                "id": "enplkvbm1gj1s2jdgdon",
                "labels": {},
                "port": -1,
                "predefined_target": "",
                "protocol": "ANY",
                "security_group_id": "",
                "to_port": 65535,
                "v4_cidr_blocks": [
                  "0.0.0.0/0"
                ],
                "v6_cidr_blocks": []
              }
            ],
            "folder_id": "b1g5dha51t4h3463lm9q",
            "id": "enpsfh3jdtg37gem6nuq",
            "ingress": [
              {
                "description": "",
                "from_port": -1,
                "id": "enppenenhv0pg8f4p0mh",
                "labels": {},
                "port": 443,
                "predefined_target": "",
                "protocol": "TCP",
                "security_group_id": "enpfvbn81qaglhq4hfmi",
                "to_port": -1,
                "v4_cidr_blocks": [],
                "v6_cidr_blocks": []
              },
              {
                "description": "",
                "from_port": -1,
                "id": "enpupa1mj0m5fbj28jb7",
                "labels": {},
                "port": 80,
                "predefined_target": "",
                "protocol": "TCP",
                "security_group_id": "enpfvbn81qaglhq4hfmi",
                "to_port": -1,
                "v4_cidr_blocks": [],
                "v6_cidr_blocks": []
              },
              {
                "description": "",
                "from_port": 0,
                "id": "enpi7kec2qsn0s79l430",
                "labels": {},
                "port": -1,
                "predefined_target": "",
                "protocol": "TCP",
                "security_group_id": "",
                "to_port": 65535,
                "v4_cidr_blocks": [
                  "198.18.235.0/24",
                  "198.18.248.0/24"
                ],
                "v6_cidr_blocks": []
              }
            ],
            "labels": null,
            "name": "apps-sg",
            "network_id": "enp5319ctfe47kh2q4jp",
            "status": "ACTIVE",
            "timeouts": null
          },
          "sensitive_attributes": [],
          "private": "eyJlMmJmYjczMC1lY2FhLTExZTYtOGY4OC0zNDM2M2JjN2M0YzAiOnsiY3JlYXRlIjoxODAwMDAwMDAwMDAsImRlbGV0ZSI6MTgwMDAwMDAwMDAwLCJ1cGRhdGUiOjE4MDAwMDAwMDAwMH19",
          "dependencies": [
            "data.yandex_vpc_network.vpc-positive",
            "yandex_vpc_security_group.ptaf-sg",
            "yandex_vpc_security_group.ssh-broker"
          ]
        }
      ]
    },
    {
      "mode": "managed",
      "type": "yandex_vpc_security_group",
      "name": "ptaf-sg",
      "provider": "provider[\"registry.terraform.io/yandex-cloud/yandex\"]",
      "instances": [
        {
          "schema_version": 0,
          "attributes": {
            "created_at": "2021-07-21T21:01:14Z",
            "description": "",
            "egress": [
              {
                "description": "",
                "from_port": 0,
                "id": "enp18lfvnajvejr03o1o",
                "labels": {},
                "port": -1,
                "predefined_target": "",
                "protocol": "ANY",
                "security_group_id": "",
                "to_port": 65535,
                "v4_cidr_blocks": [
                  "0.0.0.0/0"
                ],
                "v6_cidr_blocks": []
              }
            ],
            "folder_id": "b1g5dha51t4h3463lm9q",
            "id": "enpfvbn81qaglhq4hfmi",
            "ingress": [
              {
                "description": "",
                "from_port": -1,
                "id": "enpcgdnbng4ee08fmhda",
                "labels": {},
                "port": 80,
                "predefined_target": "",
                "protocol": "TCP",
                "security_group_id": "",
                "to_port": -1,
                "v4_cidr_blocks": [
                  "0.0.0.0/0"
                ],
                "v6_cidr_blocks": []
              },
              {
                "description": "",
                "from_port": -1,
                "id": "enptqqhmrqim6tomn6k3",
                "labels": {},
                "port": 443,
                "predefined_target": "",
                "protocol": "TCP",
                "security_group_id": "",
                "to_port": -1,
                "v4_cidr_blocks": [
                  "0.0.0.0/0"
                ],
                "v6_cidr_blocks": []
              },
              {
                "description": "",
                "from_port": 0,
                "id": "enpjapii1ragn1dap61r",
                "labels": {},
                "port": -1,
                "predefined_target": "",
                "protocol": "TCP",
                "security_group_id": "enpaqf10lmekffcdoon4",
                "to_port": 65535,
                "v4_cidr_blocks": [],
                "v6_cidr_blocks": []
              },
              {
                "description": "",
                "from_port": 0,
                "id": "enpqntdsl4j1bgr5q5gm",
                "labels": {},
                "port": -1,
                "predefined_target": "",
                "protocol": "TCP",
                "security_group_id": "",
                "to_port": 65535,
                "v4_cidr_blocks": [
                  "198.18.235.0/24",
                  "198.18.248.0/24"
                ],
                "v6_cidr_blocks": []
              }
            ],
            "labels": null,
            "name": "ptaf-sg",
            "network_id": "enp5319ctfe47kh2q4jp",
            "status": "ACTIVE",
            "timeouts": null
          },
          "sensitive_attributes": [],
          "private": "eyJlMmJmYjczMC1lY2FhLTExZTYtOGY4OC0zNDM2M2JjN2M0YzAiOnsiY3JlYXRlIjoxODAwMDAwMDAwMDAsImRlbGV0ZSI6MTgwMDAwMDAwMDAwLCJ1cGRhdGUiOjE4MDAwMDAwMDAwMH19",
          "dependencies": [
            "data.yandex_vpc_network.vpc-positive",
            "yandex_vpc_security_group.ssh-broker"
          ]
        }
      ]
    },
    {
      "mode": "managed",
      "type": "yandex_vpc_security_group",
      "name": "ssh-broker",
      "provider": "provider[\"registry.terraform.io/yandex-cloud/yandex\"]",
      "instances": [
        {
          "schema_version": 0,
          "attributes": {
            "created_at": "2021-07-21T21:01:13Z",
            "description": "",
            "egress": [
              {
                "description": "",
                "from_port": 0,
                "id": "enp4g036bk3iarbpsl35",
                "labels": {},
                "port": -1,
                "predefined_target": "",
                "protocol": "ANY",
                "security_group_id": "",
                "to_port": 65535,
                "v4_cidr_blocks": [
                  "0.0.0.0/0"
                ],
                "v6_cidr_blocks": []
              }
            ],
            "folder_id": "b1g5dha51t4h3463lm9q",
            "id": "enpaqf10lmekffcdoon4",
            "ingress": [
              {
                "description": "",
                "from_port": -1,
                "id": "enpf5nmg78lnt2l8te1d",
                "labels": {},
                "port": 22,
                "predefined_target": "",
                "protocol": "TCP",
                "security_group_id": "",
                "to_port": -1,
                "v4_cidr_blocks": [
                  "0.0.0.0/0"
                ],
                "v6_cidr_blocks": []
              }
            ],
            "labels": null,
            "name": "broker-sg",
            "network_id": "enp5319ctfe47kh2q4jp",
            "status": "ACTIVE",
            "timeouts": null
          },
          "sensitive_attributes": [],
          "private": "eyJlMmJmYjczMC1lY2FhLTExZTYtOGY4OC0zNDM2M2JjN2M0YzAiOnsiY3JlYXRlIjoxODAwMDAwMDAwMDAsImRlbGV0ZSI6MTgwMDAwMDAwMDAwLCJ1cGRhdGUiOjE4MDAwMDAwMDAwMH19",
          "dependencies": [
            "data.yandex_vpc_network.vpc-positive"
          ]
        }
      ]
    },
    {
      "mode": "managed",
      "type": "yandex_vpc_subnet",
      "name": "ext-subnet",
      "provider": "provider[\"registry.terraform.io/yandex-cloud/yandex\"]",
      "instances": [
        {
          "index_key": 0,
          "schema_version": 0,
          "attributes": {
            "created_at": "2021-07-21T21:01:14Z",
            "description": "",
            "dhcp_options": [],
            "folder_id": "b1g5dha51t4h3463lm9q",
            "id": "e9ba0tbc3es3badj1jfl",
            "labels": null,
            "name": "ext-subnet-a",
            "network_id": "enp5319ctfe47kh2q4jp",
            "route_table_id": "",
            "timeouts": null,
            "v4_cidr_blocks": [
              "192.168.2.0/24"
            ],
            "v6_cidr_blocks": [],
            "zone": "ru-central1-a"
          },
          "sensitive_attributes": [],
          "private": "eyJlMmJmYjczMC1lY2FhLTExZTYtOGY4OC0zNDM2M2JjN2M0YzAiOnsiY3JlYXRlIjoxODAwMDAwMDAwMDAsImRlbGV0ZSI6MTgwMDAwMDAwMDAwLCJ1cGRhdGUiOjE4MDAwMDAwMDAwMH19",
          "dependencies": [
            "data.yandex_vpc_network.vpc-positive"
          ]
        },
        {
          "index_key": 1,
          "schema_version": 0,
          "attributes": {
            "created_at": "2021-07-21T21:01:13Z",
            "description": "",
            "dhcp_options": [],
            "folder_id": "b1g5dha51t4h3463lm9q",
            "id": "e2lk2acfhut4tvjrlhu1",
            "labels": null,
            "name": "ext-subnet-b",
            "network_id": "enp5319ctfe47kh2q4jp",
            "route_table_id": "",
            "timeouts": null,
            "v4_cidr_blocks": [
              "172.18.0.0/24"
            ],
            "v6_cidr_blocks": [],
            "zone": "ru-central1-b"
          },
          "sensitive_attributes": [],
          "private": "eyJlMmJmYjczMC1lY2FhLTExZTYtOGY4OC0zNDM2M2JjN2M0YzAiOnsiY3JlYXRlIjoxODAwMDAwMDAwMDAsImRlbGV0ZSI6MTgwMDAwMDAwMDAwLCJ1cGRhdGUiOjE4MDAwMDAwMDAwMH19",
          "dependencies": [
            "data.yandex_vpc_network.vpc-positive"
          ]
        }
      ]
    },
    {
      "mode": "managed",
      "type": "yandex_vpc_subnet",
      "name": "mgmgt-subnet",
      "provider": "provider[\"registry.terraform.io/yandex-cloud/yandex\"]",
      "instances": [
        {
          "index_key": 0,
          "schema_version": 0,
          "attributes": {
            "created_at": "2021-07-21T21:01:12Z",
            "description": "",
            "dhcp_options": [],
            "folder_id": "b1g5dha51t4h3463lm9q",
            "id": "e9b4ornkhgdlrvao2m6r",
            "labels": null,
            "name": "mgmt-subnet-a",
            "network_id": "enp5319ctfe47kh2q4jp",
            "route_table_id": "",
            "timeouts": null,
            "v4_cidr_blocks": [
              "192.168.0.0/24"
            ],
            "v6_cidr_blocks": [],
            "zone": "ru-central1-a"
          },
          "sensitive_attributes": [],
          "private": "eyJlMmJmYjczMC1lY2FhLTExZTYtOGY4OC0zNDM2M2JjN2M0YzAiOnsiY3JlYXRlIjoxODAwMDAwMDAwMDAsImRlbGV0ZSI6MTgwMDAwMDAwMDAwLCJ1cGRhdGUiOjE4MDAwMDAwMDAwMH19",
          "dependencies": [
            "data.yandex_vpc_network.vpc-positive"
          ]
        },
        {
          "index_key": 1,
          "schema_version": 0,
          "attributes": {
            "created_at": "2021-07-21T21:01:15Z",
            "description": "",
            "dhcp_options": [],
            "folder_id": "b1g5dha51t4h3463lm9q",
            "id": "e2lar2gvt6ego58p0ao9",
            "labels": null,
            "name": "mgmt-subnet-b",
            "network_id": "enp5319ctfe47kh2q4jp",
            "route_table_id": "",
            "timeouts": null,
            "v4_cidr_blocks": [
              "172.16.0.0/24"
            ],
            "v6_cidr_blocks": [],
            "zone": "ru-central1-b"
          },
          "sensitive_attributes": [],
          "private": "eyJlMmJmYjczMC1lY2FhLTExZTYtOGY4OC0zNDM2M2JjN2M0YzAiOnsiY3JlYXRlIjoxODAwMDAwMDAwMDAsImRlbGV0ZSI6MTgwMDAwMDAwMDAwLCJ1cGRhdGUiOjE4MDAwMDAwMDAwMH19",
          "dependencies": [
            "data.yandex_vpc_network.vpc-positive"
          ]
        }
      ]
    }
  ]
}
