{
  "version": 4,
  "terraform_version": "0.15.3",
  "serial": 279,
  "lineage": "753728c8-2579-f135-2ea2-feda3d2d4310",
  "outputs": {},
  "resources": [
    {
      "mode": "data",
      "type": "archive_file",
      "name": "function",
      "provider": "provider[\"registry.terraform.io/hashicorp/archive\"]",
      "instances": [
        {
          "schema_version": 0,
          "attributes": {
            "excludes": null,
            "id": "22e4b8687c10525da2038b06bb886eb8bc05f446",
            "output_base64sha256": "3wHrvgfBtKLXxYNA5v3dua0kUSapxycw7BHX+svPtFg=",
            "output_file_mode": null,
            "output_md5": "d35d0cfedc2ee261aa128bb850988231",
            "output_path": "./sync.zip",
            "output_sha": "22e4b8687c10525da2038b06bb886eb8bc05f446",
            "output_size": 1071,
            "source": [],
            "source_content": null,
            "source_content_filename": null,
            "source_dir": "./function",
            "source_file": null,
            "type": "zip"
          },
          "sensitive_attributes": []
        }
      ]
    },
    {
      "mode": "data",
      "type": "template_file",
      "name": "cloud_init_lin",
      "provider": "provider[\"registry.terraform.io/hashicorp/template\"]",
      "instances": [
        {
          "schema_version": 0,
          "attributes": {
            "filename": null,
            "id": "82f63e1015b22103802b9703d8ad75c6929d2843bf2cd581eb8f1a47b4b10cac",
            "rendered": "#cloud-config\n#ssh_pwauth: no\nusers:\n  - name: yc-user\n    sudo: ALL=(ALL) NOPASSWD:ALL\n    groups: sudo\n    shell: /bin/bash\n    ssh_authorized_keys:\n      - \"ssh-rsa AAAAB3NzaC1yc2EAAAADAQABAAABgQDNU65i9w8rZOhJbfCrHkAY/WqB4hEH8SZYLzGN6rXltPqibKDNwXTo1BatS93nqahRv7Z3j1+/1jkKDhgvokRQ9XlSLp2t5UzEy+6VxJIavHpe3y69BYjUnbWp/7NOLMNxAyN8FUpHyAdAuIlLQDu0sKPbG6VmOMLMbaaVsXbFBj9Cv9tqS8aiEMtV8xF1cmgop4fAEv0+AFaBXSFgDh+u5brOuo5N8Rfn0HbvpE/pMPMqGTs1pQFToSotM/5vYJYE3O26UPpOqG2gphzzt6/skXTv8xoHRItInj0PnFXDDM8N9ChfhgpFcTDeMCqPhjtnZ8aLh13tByXDF1RCSB2hj3F1yI2hXCyJJvODuavX5w8wPQ4elli7RrA7XV1w4yLgPm7K8u5Z7783Jkcy6OJ6p+E24NnKbIj9dGqmiy76gmgqKA5C1F/Mk9r6pdfHT4RDekYR9/naaxRQNvdX1z98cI5RMId1H9s/BqEspAxbnjXqkZcef77mYl6nLdMizmU= mirtov8@mirtov8-osx\n\"\n      ",
            "template": "#cloud-config\n#ssh_pwauth: no\nusers:\n  - name: yc-user\n    sudo: ALL=(ALL) NOPASSWD:ALL\n    groups: sudo\n    shell: /bin/bash\n    ssh_authorized_keys:\n      - \"${ssh_key}\"\n      ",
            "vars": {
              "ssh_key": "ssh-rsa AAAAB3NzaC1yc2EAAAADAQABAAABgQDNU65i9w8rZOhJbfCrHkAY/WqB4hEH8SZYLzGN6rXltPqibKDNwXTo1BatS93nqahRv7Z3j1+/1jkKDhgvokRQ9XlSLp2t5UzEy+6VxJIavHpe3y69BYjUnbWp/7NOLMNxAyN8FUpHyAdAuIlLQDu0sKPbG6VmOMLMbaaVsXbFBj9Cv9tqS8aiEMtV8xF1cmgop4fAEv0+AFaBXSFgDh+u5brOuo5N8Rfn0HbvpE/pMPMqGTs1pQFToSotM/5vYJYE3O26UPpOqG2gphzzt6/skXTv8xoHRItInj0PnFXDDM8N9ChfhgpFcTDeMCqPhjtnZ8aLh13tByXDF1RCSB2hj3F1yI2hXCyJJvODuavX5w8wPQ4elli7RrA7XV1w4yLgPm7K8u5Z7783Jkcy6OJ6p+E24NnKbIj9dGqmiy76gmgqKA5C1F/Mk9r6pdfHT4RDekYR9/naaxRQNvdX1z98cI5RMId1H9s/BqEspAxbnjXqkZcef77mYl6nLdMizmU= mirtov8@mirtov8-osx\n"
            }
          },
          "sensitive_attributes": []
        }
      ]
    },
    {
      "mode": "data",
      "type": "yandex_compute_image",
      "name": "img_lin",
      "provider": "provider[\"registry.terraform.io/yandex-cloud/yandex\"]",
      "instances": [
        {
          "schema_version": 0,
          "attributes": {
            "created_at": "2021-06-10T17:13:11Z",
            "description": "Ubuntu 20.04 distribution. Official website and documentation: https://www.ubuntu.com",
            "family": "ubuntu-2004-lts",
            "folder_id": "standard-images",
            "id": "fd83klic6c8gfgi40urb",
            "image_id": "fd83klic6c8gfgi40urb",
            "labels": {},
            "min_disk_size": 3,
            "name": "ubuntu-2004-lts-1623345129",
            "os_type": "linux",
            "product_ids": [
              "f2efrqfcllr7ns1o7b1t"
            ],
            "size": 2,
            "status": "ready"
          },
          "sensitive_attributes": []
        }
      ]
    },
    {
      "mode": "data",
      "type": "yandex_lb_target_group",
      "name": "app-group",
      "provider": "provider[\"registry.terraform.io/yandex-cloud/yandex\"]",
      "instances": [
        {
          "schema_version": 0,
          "attributes": {
            "created_at": "2021-07-21T09:21:57Z",
            "description": "",
            "folder_id": "b1g5dha51t4h3463lm9q",
            "id": "enpbgla6ga7b8v8bjek0",
            "labels": {},
            "name": "appsgroup",
            "target": [
              {
                "address": "172.17.0.15",
                "subnet_id": "e2l96limei9hr4t62hk3"
              },
              {
                "address": "192.168.1.15",
                "subnet_id": "e9bvvo6mes36bi7bqmaq"
              }
            ],
            "target_group_id": "enpbgla6ga7b8v8bjek0"
          },
          "sensitive_attributes": []
        }
      ]
    },
    {
      "mode": "data",
      "type": "yandex_vpc_network",
      "name": "vpc-positive",
      "provider": "provider[\"registry.terraform.io/yandex-cloud/yandex\"]",
      "instances": [
        {
          "schema_version": 0,
          "attributes": {
            "created_at": "2021-07-21T09:21:02Z",
            "default_security_group_id": "",
            "description": "",
            "folder_id": "b1g5dha51t4h3463lm9q",
            "id": "enp5319ctfe47kh2q4jp",
            "labels": {},
            "name": "vpc-infra",
            "network_id": "enp5319ctfe47kh2q4jp",
            "subnet_ids": [
              "e2l96limei9hr4t62hk3",
              "e9bvvo6mes36bi7bqmaq"
            ]
          },
          "sensitive_attributes": []
        }
      ]
    },
    {
      "mode": "managed",
      "type": "yandex_compute_instance",
      "name": "ptaf",
      "provider": "provider[\"registry.terraform.io/yandex-cloud/yandex\"]",
      "instances": [
        {
          "index_key": 0,
          "schema_version": 1,
          "attributes": {
            "allow_stopping_for_update": null,
            "boot_disk": [
              {
                "auto_delete": true,
                "device_name": "fhmr3sr4v83ln461mead",
                "disk_id": "fhmr3sr4v83ln461mead",
                "initialize_params": [
                  {
                    "description": "",
                    "image_id": "fd8p1mmcim8jllgd7vuc",
                    "name": "",
                    "size": 80,
                    "snapshot_id": "",
                    "type": "network-ssd"
                  }
                ],
                "mode": "READ_WRITE"
              }
            ],
            "created_at": "2021-07-21T15:40:22Z",
            "description": "",
            "folder_id": "b1g5dha51t4h3463lm9q",
            "fqdn": "ptaf-a.ru-central1.internal",
            "hostname": "ptaf-a",
            "id": "fhmm18qcetubjii670v3",
            "labels": null,
            "metadata": {
              "serial-port-enable": "1",
              "user-data": "#cloud-config\n#ssh_pwauth: no\nusers:\n  - name: yc-user\n    sudo: ALL=(ALL) NOPASSWD:ALL\n    groups: sudo\n    shell: /bin/bash\n    ssh_authorized_keys:\n      - \"ssh-rsa AAAAB3NzaC1yc2EAAAADAQABAAABgQDNU65i9w8rZOhJbfCrHkAY/WqB4hEH8SZYLzGN6rXltPqibKDNwXTo1BatS93nqahRv7Z3j1+/1jkKDhgvokRQ9XlSLp2t5UzEy+6VxJIavHpe3y69BYjUnbWp/7NOLMNxAyN8FUpHyAdAuIlLQDu0sKPbG6VmOMLMbaaVsXbFBj9Cv9tqS8aiEMtV8xF1cmgop4fAEv0+AFaBXSFgDh+u5brOuo5N8Rfn0HbvpE/pMPMqGTs1pQFToSotM/5vYJYE3O26UPpOqG2gphzzt6/skXTv8xoHRItInj0PnFXDDM8N9ChfhgpFcTDeMCqPhjtnZ8aLh13tByXDF1RCSB2hj3F1yI2hXCyJJvODuavX5w8wPQ4elli7RrA7XV1w4yLgPm7K8u5Z7783Jkcy6OJ6p+E24NnKbIj9dGqmiy76gmgqKA5C1F/Mk9r6pdfHT4RDekYR9/naaxRQNvdX1z98cI5RMId1H9s/BqEspAxbnjXqkZcef77mYl6nLdMizmU= mirtov8@mirtov8-osx\n\"\n      "
            },
            "name": "ptaf-a",
            "network_acceleration_type": "standard",
            "network_interface": [
              {
                "dns_record": [],
                "index": 0,
                "ip_address": "192.168.2.10",
                "ipv4": true,
                "ipv6": false,
                "ipv6_address": "",
                "ipv6_dns_record": [],
                "mac_address": "d0:0d:16:0a:34:c7",
                "nat": false,
                "nat_dns_record": [],
                "nat_ip_address": "",
                "nat_ip_version": "",
                "security_group_ids": [
                  "enp8rh1cs0mm4urssg00"
                ],
                "subnet_id": "e9bc9nuqu01fdfjubbd2"
              }
            ],
            "placement_policy": [
              {
                "placement_group_id": ""
              }
            ],
            "platform_id": "standard-v1",
            "resources": [
              {
                "core_fraction": 100,
                "cores": 2,
                "gpus": 0,
                "memory": 4
              }
            ],
            "scheduling_policy": [
              {
                "preemptible": false
              }
            ],
            "secondary_disk": [],
            "service_account_id": "",
            "status": "running",
            "timeouts": null,
            "zone": "ru-central1-a"
          },
          "sensitive_attributes": [],
          "private": "eyJlMmJmYjczMC1lY2FhLTExZTYtOGY4OC0zNDM2M2JjN2M0YzAiOnsiY3JlYXRlIjozMDAwMDAwMDAwMDAsImRlbGV0ZSI6MzAwMDAwMDAwMDAwLCJ1cGRhdGUiOjMwMDAwMDAwMDAwMH0sInNjaGVtYV92ZXJzaW9uIjoiMSJ9",
          "dependencies": [
            "data.template_file.cloud_init_lin",
            "data.yandex_vpc_network.vpc-positive",
            "yandex_vpc_security_group.ptaf-sg",
            "yandex_vpc_security_group.ssh-broker",
            "yandex_vpc_subnet.ext-subnet"
          ]
        },
        {
          "index_key": 1,
          "schema_version": 1,
          "attributes": {
            "allow_stopping_for_update": null,
            "boot_disk": [
              {
                "auto_delete": true,
                "device_name": "epd1uitee4ungmh4dart",
                "disk_id": "epd1uitee4ungmh4dart",
                "initialize_params": [
                  {
                    "description": "",
                    "image_id": "fd8p1mmcim8jllgd7vuc",
                    "name": "",
                    "size": 80,
                    "snapshot_id": "",
                    "type": "network-ssd"
                  }
                ],
                "mode": "READ_WRITE"
              }
            ],
            "created_at": "2021-07-21T15:40:22Z",
            "description": "",
            "folder_id": "b1g5dha51t4h3463lm9q",
            "fqdn": "ptaf-b.ru-central1.internal",
            "hostname": "ptaf-b",
            "id": "epd6lfnefs8gvp2dmqhl",
            "labels": null,
            "metadata": {
              "serial-port-enable": "1",
              "user-data": "#cloud-config\n#ssh_pwauth: no\nusers:\n  - name: yc-user\n    sudo: ALL=(ALL) NOPASSWD:ALL\n    groups: sudo\n    shell: /bin/bash\n    ssh_authorized_keys:\n      - \"ssh-rsa AAAAB3NzaC1yc2EAAAADAQABAAABgQDNU65i9w8rZOhJbfCrHkAY/WqB4hEH8SZYLzGN6rXltPqibKDNwXTo1BatS93nqahRv7Z3j1+/1jkKDhgvokRQ9XlSLp2t5UzEy+6VxJIavHpe3y69BYjUnbWp/7NOLMNxAyN8FUpHyAdAuIlLQDu0sKPbG6VmOMLMbaaVsXbFBj9Cv9tqS8aiEMtV8xF1cmgop4fAEv0+AFaBXSFgDh+u5brOuo5N8Rfn0HbvpE/pMPMqGTs1pQFToSotM/5vYJYE3O26UPpOqG2gphzzt6/skXTv8xoHRItInj0PnFXDDM8N9ChfhgpFcTDeMCqPhjtnZ8aLh13tByXDF1RCSB2hj3F1yI2hXCyJJvODuavX5w8wPQ4elli7RrA7XV1w4yLgPm7K8u5Z7783Jkcy6OJ6p+E24NnKbIj9dGqmiy76gmgqKA5C1F/Mk9r6pdfHT4RDekYR9/naaxRQNvdX1z98cI5RMId1H9s/BqEspAxbnjXqkZcef77mYl6nLdMizmU= mirtov8@mirtov8-osx\n\"\n      "
            },
            "name": "ptaf-b",
            "network_acceleration_type": "standard",
            "network_interface": [
              {
                "dns_record": [],
                "index": 0,
                "ip_address": "172.18.0.10",
                "ipv4": true,
                "ipv6": false,
                "ipv6_address": "",
                "ipv6_dns_record": [],
                "mac_address": "d0:0d:6a:be:ee:7f",
                "nat": false,
                "nat_dns_record": [],
                "nat_ip_address": "",
                "nat_ip_version": "",
                "security_group_ids": [
                  "enp8rh1cs0mm4urssg00"
                ],
                "subnet_id": "e2l0tcm3mcvoi6sallsa"
              }
            ],
            "placement_policy": [
              {
                "placement_group_id": ""
              }
            ],
            "platform_id": "standard-v1",
            "resources": [
              {
                "core_fraction": 100,
                "cores": 2,
                "gpus": 0,
                "memory": 4
              }
            ],
            "scheduling_policy": [
              {
                "preemptible": false
              }
            ],
            "secondary_disk": [],
            "service_account_id": "",
            "status": "running",
            "timeouts": null,
            "zone": "ru-central1-b"
          },
          "sensitive_attributes": [],
          "private": "eyJlMmJmYjczMC1lY2FhLTExZTYtOGY4OC0zNDM2M2JjN2M0YzAiOnsiY3JlYXRlIjozMDAwMDAwMDAwMDAsImRlbGV0ZSI6MzAwMDAwMDAwMDAwLCJ1cGRhdGUiOjMwMDAwMDAwMDAwMH0sInNjaGVtYV92ZXJzaW9uIjoiMSJ9",
          "dependencies": [
            "data.template_file.cloud_init_lin",
            "data.yandex_vpc_network.vpc-positive",
            "yandex_vpc_security_group.ptaf-sg",
            "yandex_vpc_security_group.ssh-broker",
            "yandex_vpc_subnet.ext-subnet"
          ]
        }
      ]
    },
    {
      "mode": "managed",
      "type": "yandex_compute_instance",
      "name": "ssh",
      "provider": "provider[\"registry.terraform.io/yandex-cloud/yandex\"]",
      "instances": [
        {
          "index_key": 0,
          "schema_version": 1,
          "attributes": {
            "allow_stopping_for_update": null,
            "boot_disk": [
              {
                "auto_delete": true,
                "device_name": "fhmk38g7tgqba14dh65o",
                "disk_id": "fhmk38g7tgqba14dh65o",
                "initialize_params": [
                  {
                    "description": "",
                    "image_id": "fd83klic6c8gfgi40urb",
                    "name": "",
                    "size": 26,
                    "snapshot_id": "",
                    "type": "network-ssd"
                  }
                ],
                "mode": "READ_WRITE"
              }
            ],
            "created_at": "2021-07-21T15:40:19Z",
            "description": "",
            "folder_id": "b1g5dha51t4h3463lm9q",
            "fqdn": "ssh-a.ru-central1.internal",
            "hostname": "ssh-a",
            "id": "fhm15cui4120505s4ge9",
            "labels": null,
            "metadata": {
              "serial-port-enable": "1",
              "user-data": "#cloud-config\n#ssh_pwauth: no\nusers:\n  - name: yc-user\n    sudo: ALL=(ALL) NOPASSWD:ALL\n    groups: sudo\n    shell: /bin/bash\n    ssh_authorized_keys:\n      - \"ssh-rsa AAAAB3NzaC1yc2EAAAADAQABAAABgQDNU65i9w8rZOhJbfCrHkAY/WqB4hEH8SZYLzGN6rXltPqibKDNwXTo1BatS93nqahRv7Z3j1+/1jkKDhgvokRQ9XlSLp2t5UzEy+6VxJIavHpe3y69BYjUnbWp/7NOLMNxAyN8FUpHyAdAuIlLQDu0sKPbG6VmOMLMbaaVsXbFBj9Cv9tqS8aiEMtV8xF1cmgop4fAEv0+AFaBXSFgDh+u5brOuo5N8Rfn0HbvpE/pMPMqGTs1pQFToSotM/5vYJYE3O26UPpOqG2gphzzt6/skXTv8xoHRItInj0PnFXDDM8N9ChfhgpFcTDeMCqPhjtnZ8aLh13tByXDF1RCSB2hj3F1yI2hXCyJJvODuavX5w8wPQ4elli7RrA7XV1w4yLgPm7K8u5Z7783Jkcy6OJ6p+E24NnKbIj9dGqmiy76gmgqKA5C1F/Mk9r6pdfHT4RDekYR9/naaxRQNvdX1z98cI5RMId1H9s/BqEspAxbnjXqkZcef77mYl6nLdMizmU= mirtov8@mirtov8-osx\n\"\n      "
            },
            "name": "ssh-a",
            "network_acceleration_type": "standard",
            "network_interface": [
              {
                "dns_record": [],
                "index": 0,
                "ip_address": "192.168.0.9",
                "ipv4": true,
                "ipv6": false,
                "ipv6_address": "",
                "ipv6_dns_record": [],
                "mac_address": "d0:0d:12:b3:d2:20",
                "nat": true,
                "nat_dns_record": [],
                "nat_ip_address": "178.154.254.120",
                "nat_ip_version": "IPV4",
                "security_group_ids": [
                  "enpa3v10n5nija2ag85n"
                ],
                "subnet_id": "e9b4lrsi090do3bc0e75"
              }
            ],
            "placement_policy": [
              {
                "placement_group_id": ""
              }
            ],
            "platform_id": "standard-v2",
            "resources": [
              {
                "core_fraction": 100,
                "cores": 2,
                "gpus": 0,
                "memory": 4
              }
            ],
            "scheduling_policy": [
              {
                "preemptible": false
              }
            ],
            "secondary_disk": [],
            "service_account_id": "",
            "status": "running",
            "timeouts": null,
            "zone": "ru-central1-a"
          },
          "sensitive_attributes": [],
          "private": "eyJlMmJmYjczMC1lY2FhLTExZTYtOGY4OC0zNDM2M2JjN2M0YzAiOnsiY3JlYXRlIjozMDAwMDAwMDAwMDAsImRlbGV0ZSI6MzAwMDAwMDAwMDAwLCJ1cGRhdGUiOjMwMDAwMDAwMDAwMH0sInNjaGVtYV92ZXJzaW9uIjoiMSJ9",
          "dependencies": [
            "data.template_file.cloud_init_lin",
            "data.yandex_compute_image.img_lin",
            "data.yandex_vpc_network.vpc-positive",
            "yandex_vpc_security_group.ssh-broker",
            "yandex_vpc_subnet.mgmgt-subnet"
          ]
        },
        {
          "index_key": 1,
          "schema_version": 1,
          "attributes": {
            "allow_stopping_for_update": null,
            "boot_disk": [
              {
                "auto_delete": true,
                "device_name": "epdga1p526ncjk1v0sa3",
                "disk_id": "epdga1p526ncjk1v0sa3",
                "initialize_params": [
                  {
                    "description": "",
                    "image_id": "fd83klic6c8gfgi40urb",
                    "name": "",
                    "size": 26,
                    "snapshot_id": "",
                    "type": "network-ssd"
                  }
                ],
                "mode": "READ_WRITE"
              }
            ],
            "created_at": "2021-07-21T15:40:19Z",
            "description": "",
            "folder_id": "b1g5dha51t4h3463lm9q",
            "fqdn": "ssh-b.ru-central1.internal",
            "hostname": "ssh-b",
            "id": "epdk3o483d3ftin6jsvn",
            "labels": null,
            "metadata": {
              "serial-port-enable": "1",
              "user-data": "#cloud-config\n#ssh_pwauth: no\nusers:\n  - name: yc-user\n    sudo: ALL=(ALL) NOPASSWD:ALL\n    groups: sudo\n    shell: /bin/bash\n    ssh_authorized_keys:\n      - \"ssh-rsa AAAAB3NzaC1yc2EAAAADAQABAAABgQDNU65i9w8rZOhJbfCrHkAY/WqB4hEH8SZYLzGN6rXltPqibKDNwXTo1BatS93nqahRv7Z3j1+/1jkKDhgvokRQ9XlSLp2t5UzEy+6VxJIavHpe3y69BYjUnbWp/7NOLMNxAyN8FUpHyAdAuIlLQDu0sKPbG6VmOMLMbaaVsXbFBj9Cv9tqS8aiEMtV8xF1cmgop4fAEv0+AFaBXSFgDh+u5brOuo5N8Rfn0HbvpE/pMPMqGTs1pQFToSotM/5vYJYE3O26UPpOqG2gphzzt6/skXTv8xoHRItInj0PnFXDDM8N9ChfhgpFcTDeMCqPhjtnZ8aLh13tByXDF1RCSB2hj3F1yI2hXCyJJvODuavX5w8wPQ4elli7RrA7XV1w4yLgPm7K8u5Z7783Jkcy6OJ6p+E24NnKbIj9dGqmiy76gmgqKA5C1F/Mk9r6pdfHT4RDekYR9/naaxRQNvdX1z98cI5RMId1H9s/BqEspAxbnjXqkZcef77mYl6nLdMizmU= mirtov8@mirtov8-osx\n\"\n      "
            },
            "name": "ssh-b",
            "network_acceleration_type": "standard",
            "network_interface": [
              {
                "dns_record": [],
                "index": 0,
                "ip_address": "172.16.0.9",
                "ipv4": true,
                "ipv6": false,
                "ipv6_address": "",
                "ipv6_dns_record": [],
                "mac_address": "d0:0d:14:1e:08:81",
                "nat": true,
                "nat_dns_record": [],
                "nat_ip_address": "84.201.164.109",
                "nat_ip_version": "IPV4",
                "security_group_ids": [
                  "enpa3v10n5nija2ag85n"
                ],
                "subnet_id": "e2l2cckqeqi5hj8kspvr"
              }
            ],
            "placement_policy": [
              {
                "placement_group_id": ""
              }
            ],
            "platform_id": "standard-v2",
            "resources": [
              {
                "core_fraction": 100,
                "cores": 2,
                "gpus": 0,
                "memory": 4
              }
            ],
            "scheduling_policy": [
              {
                "preemptible": false
              }
            ],
            "secondary_disk": [],
            "service_account_id": "",
            "status": "running",
            "timeouts": null,
            "zone": "ru-central1-b"
          },
          "sensitive_attributes": [],
          "private": "eyJlMmJmYjczMC1lY2FhLTExZTYtOGY4OC0zNDM2M2JjN2M0YzAiOnsiY3JlYXRlIjozMDAwMDAwMDAwMDAsImRlbGV0ZSI6MzAwMDAwMDAwMDAwLCJ1cGRhdGUiOjMwMDAwMDAwMDAwMH0sInNjaGVtYV92ZXJzaW9uIjoiMSJ9",
          "dependencies": [
            "data.template_file.cloud_init_lin",
            "data.yandex_compute_image.img_lin",
            "data.yandex_vpc_network.vpc-positive",
            "yandex_vpc_security_group.ssh-broker",
            "yandex_vpc_subnet.mgmgt-subnet"
          ]
        }
      ]
    },
    {
      "mode": "managed",
      "type": "yandex_function",
      "name": "bypass",
      "provider": "provider[\"registry.terraform.io/yandex-cloud/yandex\"]",
      "instances": [
        {
          "schema_version": 0,
          "attributes": {
            "content": [
              {
                "zip_filename": "./sync.zip"
              }
            ],
            "created_at": "2021-07-21T15:41:52Z",
            "description": "",
            "entrypoint": "handler.sh",
            "environment": {
              "elb": "extlb",
              "folderid": "b1g5dha51t4h3463lm9q",
              "ilb": "intlb",
              "test": "b1g5dha51t4h3463lm9q",
              "tgvmid": "enpbgla6ga7b8v8bjek0",
              "tgwafid": "enpjai8vb8d8ockv59hc"
            },
            "execution_timeout": "200",
            "folder_id": "b1g5dha51t4h3463lm9q",
            "id": "d4eddbrd37424e4u8po1",
            "image_size": 4096,
            "labels": null,
            "loggroup_id": "ckgksotgakll5fgcda92",
            "memory": 128,
            "name": "bypass-function",
            "package": [],
            "runtime": "bash",
            "service_account_id": "aje4efbf0eib9hlhf2f3",
            "tags": [],
            "timeouts": null,
            "user_hash": "3wHrvgfBtKLXxYNA5v3dua0kUSapxycw7BHX+svPtFg=",
            "version": "d4er3om0fpmdo0s88kjo"
          },
          "sensitive_attributes": [],
          "private": "eyJlMmJmYjczMC1lY2FhLTExZTYtOGY4OC0zNDM2M2JjN2M0YzAiOnsiY3JlYXRlIjozMDAwMDAwMDAwMDAsImRlbGV0ZSI6MzAwMDAwMDAwMDAwLCJ1cGRhdGUiOjMwMDAwMDAwMDAwMH19",
          "dependencies": [
            "data.archive_file.function",
            "data.template_file.cloud_init_lin",
            "data.yandex_lb_target_group.app-group",
            "data.yandex_vpc_network.vpc-positive",
            "yandex_compute_instance.ptaf",
            "yandex_iam_service_account.sa-ptaf",
            "yandex_lb_network_load_balancer.ext-lb",
            "yandex_lb_network_load_balancer.int-lb",
            "yandex_lb_target_group.ptaf_group",
            "yandex_vpc_security_group.ptaf-sg",
            "yandex_vpc_security_group.ssh-broker",
            "yandex_vpc_subnet.ext-subnet"
          ]
        }
      ]
    },
    {
      "mode": "managed",
      "type": "yandex_function_trigger",
      "name": "bypass-trigger",
      "provider": "provider[\"registry.terraform.io/yandex-cloud/yandex\"]",
      "instances": [
        {
          "schema_version": 0,
          "attributes": {
            "created_at": "2021-07-21T15:41:55Z",
            "description": "any description",
            "dlq": [],
            "folder_id": "b1g5dha51t4h3463lm9q",
            "function": [
              {
                "id": "d4eddbrd37424e4u8po1",
                "retry_attempts": "",
                "retry_interval": "",
                "service_account_id": "aje4efbf0eib9hlhf2f3",
                "tag": ""
              }
            ],
            "id": "a1sl2em3ngd0ftino316",
            "iot": [],
            "labels": null,
            "log_group": [],
            "message_queue": [],
            "name": "bypass-trigger",
            "object_storage": [],
            "timeouts": null,
            "timer": [
              {
                "cron_expression": "*/5 * * * ? *"
              }
            ]
          },
          "sensitive_attributes": [],
          "private": "eyJlMmJmYjczMC1lY2FhLTExZTYtOGY4OC0zNDM2M2JjN2M0YzAiOnsiY3JlYXRlIjozMDAwMDAwMDAwMDAsImRlbGV0ZSI6MzAwMDAwMDAwMDAwLCJ1cGRhdGUiOjMwMDAwMDAwMDAwMH19",
          "dependencies": [
            "data.archive_file.function",
            "data.template_file.cloud_init_lin",
            "data.yandex_lb_target_group.app-group",
            "data.yandex_vpc_network.vpc-positive",
            "yandex_compute_instance.ptaf",
            "yandex_function.bypass",
            "yandex_iam_service_account.sa-ptaf",
            "yandex_lb_network_load_balancer.ext-lb",
            "yandex_lb_network_load_balancer.int-lb",
            "yandex_lb_target_group.ptaf_group",
            "yandex_vpc_security_group.ptaf-sg",
            "yandex_vpc_security_group.ssh-broker",
            "yandex_vpc_subnet.ext-subnet"
          ]
        }
      ]
    },
    {
      "mode": "managed",
      "type": "yandex_iam_service_account",
      "name": "sa-ptaf",
      "provider": "provider[\"registry.terraform.io/yandex-cloud/yandex\"]",
      "instances": [
        {
          "schema_version": 0,
          "attributes": {
            "created_at": "2021-07-21T15:40:17Z",
            "description": "service account for ptaf func",
            "folder_id": "b1g5dha51t4h3463lm9q",
            "id": "aje4efbf0eib9hlhf2f3",
            "name": "sa-ptaf",
            "timeouts": null
          },
          "sensitive_attributes": [],
          "private": "eyJlMmJmYjczMC1lY2FhLTExZTYtOGY4OC0zNDM2M2JjN2M0YzAiOnsiY3JlYXRlIjo2MDAwMDAwMDAwMCwiZGVsZXRlIjo2MDAwMDAwMDAwMCwidXBkYXRlIjo2MDAwMDAwMDAwMH19"
        }
      ]
    },
    {
      "mode": "managed",
      "type": "yandex_lb_network_load_balancer",
      "name": "ext-lb",
      "provider": "provider[\"registry.terraform.io/yandex-cloud/yandex\"]",
      "instances": [
        {
          "schema_version": 0,
          "attributes": {
            "attached_target_group": [
              {
                "healthcheck": [
                  {
                    "healthy_threshold": 2,
                    "http_options": [],
                    "interval": 2,
                    "name": "tcp",
                    "tcp_options": [
                      {
                        "port": 80
                      }
                    ],
                    "timeout": 1,
                    "unhealthy_threshold": 2
                  }
                ],
                "target_group_id": "enpjai8vb8d8ockv59hc"
              }
            ],
            "created_at": "2021-07-21T14:43:16Z",
            "description": "",
            "folder_id": "b1g5dha51t4h3463lm9q",
            "id": "b7r20m3afb04183rf2oc",
            "labels": {},
            "listener": [
              {
                "external_address_spec": [
                  {
                    "address": "84.201.187.52",
                    "ip_version": "ipv4"
                  }
                ],
                "internal_address_spec": [],
                "name": "my-listener",
                "port": 80,
                "protocol": "tcp",
                "target_port": 80
              }
            ],
            "name": "extlb",
            "region_id": "ru-central1",
            "timeouts": {
              "create": null,
              "delete": null,
              "update": null
            },
            "type": "external"
          },
          "sensitive_attributes": [],
          "private": "eyJlMmJmYjczMC1lY2FhLTExZTYtOGY4OC0zNDM2M2JjN2M0YzAiOnsiY3JlYXRlIjozMDAwMDAwMDAwMDAsImRlbGV0ZSI6MzAwMDAwMDAwMDAwLCJ1cGRhdGUiOjMwMDAwMDAwMDAwMH19",
          "dependencies": [
            "data.template_file.cloud_init_lin",
            "data.yandex_vpc_network.vpc-positive",
            "yandex_compute_instance.ptaf",
            "yandex_lb_target_group.ptaf_group",
            "yandex_vpc_security_group.ptaf-sg",
            "yandex_vpc_security_group.ssh-broker",
            "yandex_vpc_subnet.ext-subnet"
          ]
        }
      ]
    },
    {
      "mode": "managed",
      "type": "yandex_lb_network_load_balancer",
      "name": "int-lb",
      "provider": "provider[\"registry.terraform.io/yandex-cloud/yandex\"]",
      "instances": [
        {
          "schema_version": 0,
          "attributes": {
            "attached_target_group": [
              {
                "healthcheck": [
                  {
                    "healthy_threshold": 2,
                    "http_options": [],
                    "interval": 2,
                    "name": "tcp",
                    "tcp_options": [
                      {
                        "port": 80
                      }
                    ],
                    "timeout": 1,
                    "unhealthy_threshold": 2
                  }
                ],
                "target_group_id": "enpbgla6ga7b8v8bjek0"
              }
            ],
            "created_at": "2021-07-21T15:41:41Z",
            "description": "",
            "folder_id": "b1g5dha51t4h3463lm9q",
            "id": "b7r4vipuj698topf3ao2",
            "labels": null,
            "listener": [
              {
                "external_address_spec": [],
                "internal_address_spec": [
                  {
                    "address": "192.168.2.25",
                    "ip_version": "ipv4",
                    "subnet_id": "e9bc9nuqu01fdfjubbd2"
                  }
                ],
                "name": "my-listener",
                "port": 80,
                "protocol": "tcp",
                "target_port": 80
              }
            ],
            "name": "intlb",
            "region_id": "ru-central1",
            "timeouts": null,
            "type": "internal"
          },
          "sensitive_attributes": [],
          "private": "eyJlMmJmYjczMC1lY2FhLTExZTYtOGY4OC0zNDM2M2JjN2M0YzAiOnsiY3JlYXRlIjozMDAwMDAwMDAwMDAsImRlbGV0ZSI6MzAwMDAwMDAwMDAwLCJ1cGRhdGUiOjMwMDAwMDAwMDAwMH19",
          "dependencies": [
            "data.template_file.cloud_init_lin",
            "data.yandex_lb_target_group.app-group",
            "data.yandex_vpc_network.vpc-positive",
            "yandex_compute_instance.ptaf",
            "yandex_lb_network_load_balancer.ext-lb",
            "yandex_lb_target_group.ptaf_group",
            "yandex_vpc_security_group.ptaf-sg",
            "yandex_vpc_security_group.ssh-broker",
            "yandex_vpc_subnet.ext-subnet"
          ]
        }
      ]
    },
    {
      "mode": "managed",
      "type": "yandex_lb_target_group",
      "name": "ptaf_group",
      "provider": "provider[\"registry.terraform.io/yandex-cloud/yandex\"]",
      "instances": [
        {
          "schema_version": 0,
          "attributes": {
            "created_at": "2021-07-21T15:41:22Z",
            "description": "",
            "folder_id": "b1g5dha51t4h3463lm9q",
            "id": "enpjai8vb8d8ockv59hc",
            "labels": null,
            "name": "ptafgroup",
            "region_id": "ru-central1",
            "target": [
              {
                "address": "172.18.0.10",
                "subnet_id": "e2l0tcm3mcvoi6sallsa"
              },
              {
                "address": "192.168.2.10",
                "subnet_id": "e9bc9nuqu01fdfjubbd2"
              }
            ],
            "timeouts": null
          },
          "sensitive_attributes": [],
          "private": "eyJlMmJmYjczMC1lY2FhLTExZTYtOGY4OC0zNDM2M2JjN2M0YzAiOnsiY3JlYXRlIjozMDAwMDAwMDAwMDAsImRlbGV0ZSI6MzAwMDAwMDAwMDAwLCJ1cGRhdGUiOjMwMDAwMDAwMDAwMH19",
          "dependencies": [
            "data.template_file.cloud_init_lin",
            "data.yandex_vpc_network.vpc-positive",
            "yandex_compute_instance.ptaf",
            "yandex_vpc_security_group.ptaf-sg",
            "yandex_vpc_security_group.ssh-broker",
            "yandex_vpc_subnet.ext-subnet"
          ]
        }
      ]
    },
    {
      "mode": "managed",
      "type": "yandex_resourcemanager_folder_iam_binding",
      "name": "func-admin",
      "provider": "provider[\"registry.terraform.io/yandex-cloud/yandex\"]",
      "instances": [
        {
          "schema_version": 0,
          "attributes": {
            "folder_id": "b1g5dha51t4h3463lm9q",
            "id": "b1g5dha51t4h3463lm9q/serverless.functions.admin",
            "members": [
              "serviceAccount:aje4efbf0eib9hlhf2f3"
            ],
            "role": "serverless.functions.admin",
            "sleep_after": null
          },
          "sensitive_attributes": [],
          "private": "bnVsbA==",
          "dependencies": [
            "yandex_iam_service_account.sa-ptaf"
          ]
        }
      ]
    },
    {
      "mode": "managed",
      "type": "yandex_resourcemanager_folder_iam_binding",
      "name": "func-admin2",
      "provider": "provider[\"registry.terraform.io/yandex-cloud/yandex\"]",
      "instances": [
        {
          "schema_version": 0,
          "attributes": {
            "folder_id": "b1g5dha51t4h3463lm9q",
            "id": "b1g5dha51t4h3463lm9q/viewer",
            "members": [
              "serviceAccount:aje4efbf0eib9hlhf2f3"
            ],
            "role": "viewer",
            "sleep_after": null
          },
          "sensitive_attributes": [],
          "private": "bnVsbA==",
          "dependencies": [
            "yandex_iam_service_account.sa-ptaf"
          ]
        }
      ]
    },
    {
      "mode": "managed",
      "type": "yandex_resourcemanager_folder_iam_binding",
      "name": "func-admin3",
      "provider": "provider[\"registry.terraform.io/yandex-cloud/yandex\"]",
      "instances": [
        {
          "schema_version": 0,
          "attributes": {
            "folder_id": "b1g5dha51t4h3463lm9q",
            "id": "b1g5dha51t4h3463lm9q/logging.writer",
            "members": [
              "serviceAccount:aje4efbf0eib9hlhf2f3"
            ],
            "role": "logging.writer",
            "sleep_after": null
          },
          "sensitive_attributes": [],
          "private": "bnVsbA==",
          "dependencies": [
            "yandex_iam_service_account.sa-ptaf"
          ]
        }
      ]
    },
    {
      "mode": "managed",
      "type": "yandex_resourcemanager_folder_iam_binding",
      "name": "func-admin4",
      "provider": "provider[\"registry.terraform.io/yandex-cloud/yandex\"]",
      "instances": [
        {
          "schema_version": 0,
          "attributes": {
            "folder_id": "b1g5dha51t4h3463lm9q",
            "id": "b1g5dha51t4h3463lm9q/load-balancer.admin",
            "members": [
              "serviceAccount:aje4efbf0eib9hlhf2f3"
            ],
            "role": "load-balancer.admin",
            "sleep_after": null
          },
          "sensitive_attributes": [],
          "private": "bnVsbA==",
          "dependencies": [
            "yandex_iam_service_account.sa-ptaf"
          ]
        }
      ]
    },
    {
      "mode": "managed",
      "type": "yandex_vpc_security_group",
      "name": "app-sg",
      "provider": "provider[\"registry.terraform.io/yandex-cloud/yandex\"]",
      "instances": [
        {
          "schema_version": 0,
          "attributes": {
            "created_at": "2021-07-21T15:40:19Z",
            "description": "",
            "egress": [
              {
                "description": "",
                "from_port": 0,
                "id": "enpnbm8cjso8nq52va3c",
                "labels": {},
                "port": -1,
                "predefined_target": "",
                "protocol": "ANY",
                "security_group_id": "",
                "to_port": 65535,
                "v4_cidr_blocks": [
                  "0.0.0.0/0"
                ],
                "v6_cidr_blocks": []
              }
            ],
            "folder_id": "b1g5dha51t4h3463lm9q",
            "id": "enpqe92rbfh5liekb3hr",
            "ingress": [
              {
                "description": "",
                "from_port": -1,
                "id": "enp0aaovtf2kd56mlgmc",
                "labels": {},
                "port": 443,
                "predefined_target": "",
                "protocol": "ANY",
                "security_group_id": "enp8rh1cs0mm4urssg00",
                "to_port": -1,
                "v4_cidr_blocks": [],
                "v6_cidr_blocks": []
              },
              {
                "description": "",
                "from_port": -1,
                "id": "enpcl8h423eaeobpkf98",
                "labels": {},
                "port": 80,
                "predefined_target": "",
                "protocol": "ANY",
                "security_group_id": "enp8rh1cs0mm4urssg00",
                "to_port": -1,
                "v4_cidr_blocks": [],
                "v6_cidr_blocks": []
              }
            ],
            "labels": null,
            "name": "apps-sg",
            "network_id": "enp5319ctfe47kh2q4jp",
            "status": "ACTIVE",
            "timeouts": null
          },
          "sensitive_attributes": [],
          "private": "eyJlMmJmYjczMC1lY2FhLTExZTYtOGY4OC0zNDM2M2JjN2M0YzAiOnsiY3JlYXRlIjoxODAwMDAwMDAwMDAsImRlbGV0ZSI6MTgwMDAwMDAwMDAwLCJ1cGRhdGUiOjE4MDAwMDAwMDAwMH19",
          "dependencies": [
            "data.yandex_vpc_network.vpc-positive",
            "yandex_vpc_security_group.ptaf-sg",
            "yandex_vpc_security_group.ssh-broker"
          ]
        }
      ]
    },
    {
      "mode": "managed",
      "type": "yandex_vpc_security_group",
      "name": "ptaf-sg",
      "provider": "provider[\"registry.terraform.io/yandex-cloud/yandex\"]",
      "instances": [
        {
          "schema_version": 0,
          "attributes": {
            "created_at": "2021-07-21T15:40:18Z",
            "description": "",
            "egress": [
              {
                "description": "",
                "from_port": 0,
                "id": "enpi51a9tf6v5r30sv6v",
                "labels": {},
                "port": -1,
                "predefined_target": "",
                "protocol": "ANY",
                "security_group_id": "",
                "to_port": 65535,
                "v4_cidr_blocks": [
                  "0.0.0.0/0"
                ],
                "v6_cidr_blocks": []
              }
            ],
            "folder_id": "b1g5dha51t4h3463lm9q",
            "id": "enp8rh1cs0mm4urssg00",
            "ingress": [
              {
                "description": "",
                "from_port": -1,
                "id": "enpbo43bdr5r2aa02dfo",
                "labels": {},
                "port": 443,
                "predefined_target": "",
                "protocol": "ANY",
                "security_group_id": "",
                "to_port": -1,
                "v4_cidr_blocks": [
                  "0.0.0.0/0"
                ],
                "v6_cidr_blocks": []
              },
              {
                "description": "",
                "from_port": -1,
                "id": "enpu7jdmo7ktus1equ52",
                "labels": {},
                "port": 80,
                "predefined_target": "",
                "protocol": "ANY",
                "security_group_id": "",
                "to_port": -1,
                "v4_cidr_blocks": [
                  "0.0.0.0/0"
                ],
                "v6_cidr_blocks": []
              },
              {
                "description": "",
                "from_port": 0,
                "id": "enp34btrogsriokvoflt",
                "labels": {},
                "port": -1,
                "predefined_target": "",
                "protocol": "ANY",
                "security_group_id": "enpa3v10n5nija2ag85n",
                "to_port": 65535,
                "v4_cidr_blocks": [],
                "v6_cidr_blocks": []
              }
            ],
            "labels": null,
            "name": "ptaf-sg",
            "network_id": "enp5319ctfe47kh2q4jp",
            "status": "ACTIVE",
            "timeouts": null
          },
          "sensitive_attributes": [],
          "private": "eyJlMmJmYjczMC1lY2FhLTExZTYtOGY4OC0zNDM2M2JjN2M0YzAiOnsiY3JlYXRlIjoxODAwMDAwMDAwMDAsImRlbGV0ZSI6MTgwMDAwMDAwMDAwLCJ1cGRhdGUiOjE4MDAwMDAwMDAwMH19",
          "dependencies": [
            "data.yandex_vpc_network.vpc-positive",
            "yandex_vpc_security_group.ssh-broker"
          ]
        }
      ]
    },
    {
      "mode": "managed",
      "type": "yandex_vpc_security_group",
      "name": "ssh-broker",
      "provider": "provider[\"registry.terraform.io/yandex-cloud/yandex\"]",
      "instances": [
        {
          "schema_version": 0,
          "attributes": {
            "created_at": "2021-07-21T15:40:17Z",
            "description": "",
            "egress": [
              {
                "description": "",
                "from_port": 0,
                "id": "enpbfh4khmf1rce8g7jh",
                "labels": {},
                "port": -1,
                "predefined_target": "",
                "protocol": "ANY",
                "security_group_id": "",
                "to_port": 65535,
                "v4_cidr_blocks": [
                  "0.0.0.0/0"
                ],
                "v6_cidr_blocks": []
              }
            ],
            "folder_id": "b1g5dha51t4h3463lm9q",
            "id": "enpa3v10n5nija2ag85n",
            "ingress": [
              {
                "description": "",
                "from_port": -1,
                "id": "enpfvktsc21qggfc2pt8",
                "labels": {},
                "port": 22,
                "predefined_target": "",
                "protocol": "ANY",
                "security_group_id": "",
                "to_port": -1,
                "v4_cidr_blocks": [
                  "0.0.0.0/0"
                ],
                "v6_cidr_blocks": []
              }
            ],
            "labels": null,
            "name": "broker-sg",
            "network_id": "enp5319ctfe47kh2q4jp",
            "status": "ACTIVE",
            "timeouts": null
          },
          "sensitive_attributes": [],
          "private": "eyJlMmJmYjczMC1lY2FhLTExZTYtOGY4OC0zNDM2M2JjN2M0YzAiOnsiY3JlYXRlIjoxODAwMDAwMDAwMDAsImRlbGV0ZSI6MTgwMDAwMDAwMDAwLCJ1cGRhdGUiOjE4MDAwMDAwMDAwMH19",
          "dependencies": [
            "data.yandex_vpc_network.vpc-positive"
          ]
        }
      ]
    },
    {
      "mode": "managed",
      "type": "yandex_vpc_subnet",
      "name": "ext-subnet",
      "provider": "provider[\"registry.terraform.io/yandex-cloud/yandex\"]",
      "instances": [
        {
          "index_key": 0,
          "schema_version": 0,
          "attributes": {
            "created_at": "2021-07-21T15:40:21Z",
            "description": "",
            "dhcp_options": [],
            "folder_id": "b1g5dha51t4h3463lm9q",
            "id": "e9bc9nuqu01fdfjubbd2",
            "labels": null,
            "name": "ext-subnet-a",
            "network_id": "enp5319ctfe47kh2q4jp",
            "route_table_id": "",
            "timeouts": null,
            "v4_cidr_blocks": [
              "192.168.2.0/24"
            ],
            "v6_cidr_blocks": [],
            "zone": "ru-central1-a"
          },
          "sensitive_attributes": [],
          "private": "eyJlMmJmYjczMC1lY2FhLTExZTYtOGY4OC0zNDM2M2JjN2M0YzAiOnsiY3JlYXRlIjoxODAwMDAwMDAwMDAsImRlbGV0ZSI6MTgwMDAwMDAwMDAwLCJ1cGRhdGUiOjE4MDAwMDAwMDAwMH19",
          "dependencies": [
            "data.yandex_vpc_network.vpc-positive"
          ]
        },
        {
          "index_key": 1,
          "schema_version": 0,
          "attributes": {
            "created_at": "2021-07-21T15:40:19Z",
            "description": "",
            "dhcp_options": [],
            "folder_id": "b1g5dha51t4h3463lm9q",
            "id": "e2l0tcm3mcvoi6sallsa",
            "labels": null,
            "name": "ext-subnet-b",
            "network_id": "enp5319ctfe47kh2q4jp",
            "route_table_id": "",
            "timeouts": null,
            "v4_cidr_blocks": [
              "172.18.0.0/24"
            ],
            "v6_cidr_blocks": [],
            "zone": "ru-central1-b"
          },
          "sensitive_attributes": [],
          "private": "eyJlMmJmYjczMC1lY2FhLTExZTYtOGY4OC0zNDM2M2JjN2M0YzAiOnsiY3JlYXRlIjoxODAwMDAwMDAwMDAsImRlbGV0ZSI6MTgwMDAwMDAwMDAwLCJ1cGRhdGUiOjE4MDAwMDAwMDAwMH19",
          "dependencies": [
            "data.yandex_vpc_network.vpc-positive"
          ]
        }
      ]
    },
    {
      "mode": "managed",
      "type": "yandex_vpc_subnet",
      "name": "mgmgt-subnet",
      "provider": "provider[\"registry.terraform.io/yandex-cloud/yandex\"]",
      "instances": [
        {
          "index_key": 0,
          "schema_version": 0,
          "attributes": {
            "created_at": "2021-07-21T15:40:17Z",
            "description": "",
            "dhcp_options": [],
            "folder_id": "b1g5dha51t4h3463lm9q",
            "id": "e9b4lrsi090do3bc0e75",
            "labels": null,
            "name": "mgmt-subnet-a",
            "network_id": "enp5319ctfe47kh2q4jp",
            "route_table_id": "",
            "timeouts": null,
            "v4_cidr_blocks": [
              "192.168.0.0/24"
            ],
            "v6_cidr_blocks": [],
            "zone": "ru-central1-a"
          },
          "sensitive_attributes": [],
          "private": "eyJlMmJmYjczMC1lY2FhLTExZTYtOGY4OC0zNDM2M2JjN2M0YzAiOnsiY3JlYXRlIjoxODAwMDAwMDAwMDAsImRlbGV0ZSI6MTgwMDAwMDAwMDAwLCJ1cGRhdGUiOjE4MDAwMDAwMDAwMH19",
          "dependencies": [
            "data.yandex_vpc_network.vpc-positive"
          ]
        },
        {
          "index_key": 1,
          "schema_version": 0,
          "attributes": {
            "created_at": "2021-07-21T15:40:18Z",
            "description": "",
            "dhcp_options": [],
            "folder_id": "b1g5dha51t4h3463lm9q",
            "id": "e2l2cckqeqi5hj8kspvr",
            "labels": null,
            "name": "mgmt-subnet-b",
            "network_id": "enp5319ctfe47kh2q4jp",
            "route_table_id": "",
            "timeouts": null,
            "v4_cidr_blocks": [
              "172.16.0.0/24"
            ],
            "v6_cidr_blocks": [],
            "zone": "ru-central1-b"
          },
          "sensitive_attributes": [],
          "private": "eyJlMmJmYjczMC1lY2FhLTExZTYtOGY4OC0zNDM2M2JjN2M0YzAiOnsiY3JlYXRlIjoxODAwMDAwMDAwMDAsImRlbGV0ZSI6MTgwMDAwMDAwMDAwLCJ1cGRhdGUiOjE4MDAwMDAwMDAwMH19",
          "dependencies": [
            "data.yandex_vpc_network.vpc-positive"
          ]
        }
      ]
    }
  ]
}
