{
  "version": 4,
  "terraform_version": "0.15.3",
  "serial": 16,
  "lineage": "753728c8-2579-f135-2ea2-feda3d2d4310",
  "outputs": {},
  "resources": [
    {
      "mode": "data",
      "type": "template_file",
      "name": "cloud_init_lin",
      "provider": "provider[\"registry.terraform.io/hashicorp/template\"]",
      "instances": [
        {
          "schema_version": 0,
          "attributes": {
            "filename": null,
            "id": "82f63e1015b22103802b9703d8ad75c6929d2843bf2cd581eb8f1a47b4b10cac",
            "rendered": "#cloud-config\n#ssh_pwauth: no\nusers:\n  - name: yc-user\n    sudo: ALL=(ALL) NOPASSWD:ALL\n    groups: sudo\n    shell: /bin/bash\n    ssh_authorized_keys:\n      - \"ssh-rsa AAAAB3NzaC1yc2EAAAADAQABAAABgQDNU65i9w8rZOhJbfCrHkAY/WqB4hEH8SZYLzGN6rXltPqibKDNwXTo1BatS93nqahRv7Z3j1+/1jkKDhgvokRQ9XlSLp2t5UzEy+6VxJIavHpe3y69BYjUnbWp/7NOLMNxAyN8FUpHyAdAuIlLQDu0sKPbG6VmOMLMbaaVsXbFBj9Cv9tqS8aiEMtV8xF1cmgop4fAEv0+AFaBXSFgDh+u5brOuo5N8Rfn0HbvpE/pMPMqGTs1pQFToSotM/5vYJYE3O26UPpOqG2gphzzt6/skXTv8xoHRItInj0PnFXDDM8N9ChfhgpFcTDeMCqPhjtnZ8aLh13tByXDF1RCSB2hj3F1yI2hXCyJJvODuavX5w8wPQ4elli7RrA7XV1w4yLgPm7K8u5Z7783Jkcy6OJ6p+E24NnKbIj9dGqmiy76gmgqKA5C1F/Mk9r6pdfHT4RDekYR9/naaxRQNvdX1z98cI5RMId1H9s/BqEspAxbnjXqkZcef77mYl6nLdMizmU= mirtov8@mirtov8-osx\n\"\n      ",
            "template": "#cloud-config\n#ssh_pwauth: no\nusers:\n  - name: yc-user\n    sudo: ALL=(ALL) NOPASSWD:ALL\n    groups: sudo\n    shell: /bin/bash\n    ssh_authorized_keys:\n      - \"${ssh_key}\"\n      ",
            "vars": {
              "ssh_key": "ssh-rsa AAAAB3NzaC1yc2EAAAADAQABAAABgQDNU65i9w8rZOhJbfCrHkAY/WqB4hEH8SZYLzGN6rXltPqibKDNwXTo1BatS93nqahRv7Z3j1+/1jkKDhgvokRQ9XlSLp2t5UzEy+6VxJIavHpe3y69BYjUnbWp/7NOLMNxAyN8FUpHyAdAuIlLQDu0sKPbG6VmOMLMbaaVsXbFBj9Cv9tqS8aiEMtV8xF1cmgop4fAEv0+AFaBXSFgDh+u5brOuo5N8Rfn0HbvpE/pMPMqGTs1pQFToSotM/5vYJYE3O26UPpOqG2gphzzt6/skXTv8xoHRItInj0PnFXDDM8N9ChfhgpFcTDeMCqPhjtnZ8aLh13tByXDF1RCSB2hj3F1yI2hXCyJJvODuavX5w8wPQ4elli7RrA7XV1w4yLgPm7K8u5Z7783Jkcy6OJ6p+E24NnKbIj9dGqmiy76gmgqKA5C1F/Mk9r6pdfHT4RDekYR9/naaxRQNvdX1z98cI5RMId1H9s/BqEspAxbnjXqkZcef77mYl6nLdMizmU= mirtov8@mirtov8-osx\n"
            }
          },
          "sensitive_attributes": []
        }
      ]
    },
    {
      "mode": "data",
      "type": "yandex_compute_image",
      "name": "img_lin",
      "provider": "provider[\"registry.terraform.io/yandex-cloud/yandex\"]",
      "instances": [
        {
          "schema_version": 0,
          "attributes": {
            "created_at": "2021-06-10T17:13:11Z",
            "description": "Ubuntu 20.04 distribution. Official website and documentation: https://www.ubuntu.com",
            "family": "ubuntu-2004-lts",
            "folder_id": "standard-images",
            "id": "fd83klic6c8gfgi40urb",
            "image_id": "fd83klic6c8gfgi40urb",
            "labels": {},
            "min_disk_size": 3,
            "name": "ubuntu-2004-lts-1623345129",
            "os_type": "linux",
            "product_ids": [
              "f2efrqfcllr7ns1o7b1t"
            ],
            "size": 2,
            "status": "ready"
          },
          "sensitive_attributes": []
        }
      ]
    },
    {
      "mode": "data",
      "type": "yandex_lb_target_group",
      "name": "app-group",
      "provider": "provider[\"registry.terraform.io/yandex-cloud/yandex\"]",
      "instances": [
        {
          "schema_version": 0,
          "attributes": {
            "created_at": "2021-07-21T09:21:57Z",
            "description": "",
            "folder_id": "b1g5dha51t4h3463lm9q",
            "id": "enpbgla6ga7b8v8bjek0",
            "labels": {},
            "name": "appsgroup",
            "target": [
              {
                "address": "172.17.0.15",
                "subnet_id": "e2l96limei9hr4t62hk3"
              },
              {
                "address": "192.168.1.15",
                "subnet_id": "e9bvvo6mes36bi7bqmaq"
              }
            ],
            "target_group_id": "enpbgla6ga7b8v8bjek0"
          },
          "sensitive_attributes": []
        }
      ]
    },
    {
      "mode": "data",
      "type": "yandex_vpc_network",
      "name": "vpc-positive",
      "provider": "provider[\"registry.terraform.io/yandex-cloud/yandex\"]",
      "instances": [
        {
          "schema_version": 0,
          "attributes": {
            "created_at": "2021-07-21T09:21:02Z",
            "default_security_group_id": "",
            "description": "",
            "folder_id": "b1g5dha51t4h3463lm9q",
            "id": "enp5319ctfe47kh2q4jp",
            "labels": {},
            "name": "vpc-infra",
            "network_id": "enp5319ctfe47kh2q4jp",
            "subnet_ids": [
              "e2l96limei9hr4t62hk3",
              "e9bvvo6mes36bi7bqmaq"
            ]
          },
          "sensitive_attributes": []
        }
      ]
    },
    {
      "mode": "managed",
      "type": "yandex_compute_instance",
      "name": "ptaf",
      "provider": "provider[\"registry.terraform.io/yandex-cloud/yandex\"]",
      "instances": [
        {
          "index_key": 0,
          "schema_version": 1,
          "attributes": {
            "allow_stopping_for_update": null,
            "boot_disk": [
              {
                "auto_delete": true,
                "device_name": "fhmvheov9cchm0o15mo1",
                "disk_id": "fhmvheov9cchm0o15mo1",
                "initialize_params": [
                  {
                    "description": "",
                    "image_id": "fd8p1mmcim8jllgd7vuc",
                    "name": "",
                    "size": 80,
                    "snapshot_id": "",
                    "type": "network-ssd"
                  }
                ],
                "mode": "READ_WRITE"
              }
            ],
            "created_at": "2021-07-21T09:57:27Z",
            "description": "",
            "folder_id": "b1g5dha51t4h3463lm9q",
            "fqdn": "ptaf-a.ru-central1.internal",
            "hostname": "ptaf-a",
            "id": "fhm35dvlvhfgv1jacgin",
            "labels": null,
            "metadata": {
              "serial-port-enable": "1",
              "user-data": "#cloud-config\n#ssh_pwauth: no\nusers:\n  - name: yc-user\n    sudo: ALL=(ALL) NOPASSWD:ALL\n    groups: sudo\n    shell: /bin/bash\n    ssh_authorized_keys:\n      - \"ssh-rsa AAAAB3NzaC1yc2EAAAADAQABAAABgQDNU65i9w8rZOhJbfCrHkAY/WqB4hEH8SZYLzGN6rXltPqibKDNwXTo1BatS93nqahRv7Z3j1+/1jkKDhgvokRQ9XlSLp2t5UzEy+6VxJIavHpe3y69BYjUnbWp/7NOLMNxAyN8FUpHyAdAuIlLQDu0sKPbG6VmOMLMbaaVsXbFBj9Cv9tqS8aiEMtV8xF1cmgop4fAEv0+AFaBXSFgDh+u5brOuo5N8Rfn0HbvpE/pMPMqGTs1pQFToSotM/5vYJYE3O26UPpOqG2gphzzt6/skXTv8xoHRItInj0PnFXDDM8N9ChfhgpFcTDeMCqPhjtnZ8aLh13tByXDF1RCSB2hj3F1yI2hXCyJJvODuavX5w8wPQ4elli7RrA7XV1w4yLgPm7K8u5Z7783Jkcy6OJ6p+E24NnKbIj9dGqmiy76gmgqKA5C1F/Mk9r6pdfHT4RDekYR9/naaxRQNvdX1z98cI5RMId1H9s/BqEspAxbnjXqkZcef77mYl6nLdMizmU= mirtov8@mirtov8-osx\n\"\n      "
            },
            "name": "ptaf-a",
            "network_acceleration_type": "standard",
            "network_interface": [
              {
                "dns_record": [],
                "index": 0,
                "ip_address": "192.168.2.10",
                "ipv4": true,
                "ipv6": false,
                "ipv6_address": "",
                "ipv6_dns_record": [],
                "mac_address": "d0:0d:32:b7:f5:fc",
                "nat": false,
                "nat_dns_record": [],
                "nat_ip_address": "",
                "nat_ip_version": "",
                "security_group_ids": [
                  "enp44pomufv8m4i6mouv"
                ],
                "subnet_id": "e9b5tfvohoqcsafpliak"
              }
            ],
            "placement_policy": [
              {
                "placement_group_id": ""
              }
            ],
            "platform_id": "standard-v1",
            "resources": [
              {
                "core_fraction": 100,
                "cores": 2,
                "gpus": 0,
                "memory": 4
              }
            ],
            "scheduling_policy": [
              {
                "preemptible": false
              }
            ],
            "secondary_disk": [],
            "service_account_id": "",
            "status": "running",
            "timeouts": null,
            "zone": "ru-central1-a"
          },
          "sensitive_attributes": [],
          "private": "eyJlMmJmYjczMC1lY2FhLTExZTYtOGY4OC0zNDM2M2JjN2M0YzAiOnsiY3JlYXRlIjozMDAwMDAwMDAwMDAsImRlbGV0ZSI6MzAwMDAwMDAwMDAwLCJ1cGRhdGUiOjMwMDAwMDAwMDAwMH0sInNjaGVtYV92ZXJzaW9uIjoiMSJ9",
          "dependencies": [
            "data.template_file.cloud_init_lin",
            "data.yandex_vpc_network.vpc-positive",
            "yandex_vpc_security_group.ptaf-sg",
            "yandex_vpc_security_group.ssh-broker",
            "yandex_vpc_subnet.ext-subnet"
          ]
        },
        {
          "index_key": 1,
          "schema_version": 1,
          "attributes": {
            "allow_stopping_for_update": null,
            "boot_disk": [
              {
                "auto_delete": true,
                "device_name": "epdkp2crv2rkhq4svean",
                "disk_id": "epdkp2crv2rkhq4svean",
                "initialize_params": [
                  {
                    "description": "",
                    "image_id": "fd8p1mmcim8jllgd7vuc",
                    "name": "",
                    "size": 80,
                    "snapshot_id": "",
                    "type": "network-ssd"
                  }
                ],
                "mode": "READ_WRITE"
              }
            ],
            "created_at": "2021-07-21T09:57:27Z",
            "description": "",
            "folder_id": "b1g5dha51t4h3463lm9q",
            "fqdn": "ptaf-b.ru-central1.internal",
            "hostname": "ptaf-b",
            "id": "epddrr620erjem191i7h",
            "labels": null,
            "metadata": {
              "serial-port-enable": "1",
              "user-data": "#cloud-config\n#ssh_pwauth: no\nusers:\n  - name: yc-user\n    sudo: ALL=(ALL) NOPASSWD:ALL\n    groups: sudo\n    shell: /bin/bash\n    ssh_authorized_keys:\n      - \"ssh-rsa AAAAB3NzaC1yc2EAAAADAQABAAABgQDNU65i9w8rZOhJbfCrHkAY/WqB4hEH8SZYLzGN6rXltPqibKDNwXTo1BatS93nqahRv7Z3j1+/1jkKDhgvokRQ9XlSLp2t5UzEy+6VxJIavHpe3y69BYjUnbWp/7NOLMNxAyN8FUpHyAdAuIlLQDu0sKPbG6VmOMLMbaaVsXbFBj9Cv9tqS8aiEMtV8xF1cmgop4fAEv0+AFaBXSFgDh+u5brOuo5N8Rfn0HbvpE/pMPMqGTs1pQFToSotM/5vYJYE3O26UPpOqG2gphzzt6/skXTv8xoHRItInj0PnFXDDM8N9ChfhgpFcTDeMCqPhjtnZ8aLh13tByXDF1RCSB2hj3F1yI2hXCyJJvODuavX5w8wPQ4elli7RrA7XV1w4yLgPm7K8u5Z7783Jkcy6OJ6p+E24NnKbIj9dGqmiy76gmgqKA5C1F/Mk9r6pdfHT4RDekYR9/naaxRQNvdX1z98cI5RMId1H9s/BqEspAxbnjXqkZcef77mYl6nLdMizmU= mirtov8@mirtov8-osx\n\"\n      "
            },
            "name": "ptaf-b",
            "network_acceleration_type": "standard",
            "network_interface": [
              {
                "dns_record": [],
                "index": 0,
                "ip_address": "172.18.0.10",
                "ipv4": true,
                "ipv6": false,
                "ipv6_address": "",
                "ipv6_dns_record": [],
                "mac_address": "d0:0d:dd:ec:c2:03",
                "nat": false,
                "nat_dns_record": [],
                "nat_ip_address": "",
                "nat_ip_version": "",
                "security_group_ids": [
                  "enp44pomufv8m4i6mouv"
                ],
                "subnet_id": "e2l9d3bkahra36ilmp56"
              }
            ],
            "placement_policy": [
              {
                "placement_group_id": ""
              }
            ],
            "platform_id": "standard-v1",
            "resources": [
              {
                "core_fraction": 100,
                "cores": 2,
                "gpus": 0,
                "memory": 4
              }
            ],
            "scheduling_policy": [
              {
                "preemptible": false
              }
            ],
            "secondary_disk": [],
            "service_account_id": "",
            "status": "running",
            "timeouts": null,
            "zone": "ru-central1-b"
          },
          "sensitive_attributes": [],
          "private": "eyJlMmJmYjczMC1lY2FhLTExZTYtOGY4OC0zNDM2M2JjN2M0YzAiOnsiY3JlYXRlIjozMDAwMDAwMDAwMDAsImRlbGV0ZSI6MzAwMDAwMDAwMDAwLCJ1cGRhdGUiOjMwMDAwMDAwMDAwMH0sInNjaGVtYV92ZXJzaW9uIjoiMSJ9",
          "dependencies": [
            "data.template_file.cloud_init_lin",
            "data.yandex_vpc_network.vpc-positive",
            "yandex_vpc_security_group.ptaf-sg",
            "yandex_vpc_security_group.ssh-broker",
            "yandex_vpc_subnet.ext-subnet"
          ]
        }
      ]
    },
    {
      "mode": "managed",
      "type": "yandex_compute_instance",
      "name": "ssh",
      "provider": "provider[\"registry.terraform.io/yandex-cloud/yandex\"]",
      "instances": [
        {
          "index_key": 0,
          "schema_version": 1,
          "attributes": {
            "allow_stopping_for_update": null,
            "boot_disk": [
              {
                "auto_delete": true,
                "device_name": "fhmjtnqfb0anb6294lso",
                "disk_id": "fhmjtnqfb0anb6294lso",
                "initialize_params": [
                  {
                    "description": "",
                    "image_id": "fd83klic6c8gfgi40urb",
                    "name": "",
                    "size": 26,
                    "snapshot_id": "",
                    "type": "network-ssd"
                  }
                ],
                "mode": "READ_WRITE"
              }
            ],
            "created_at": "2021-07-21T09:57:26Z",
            "description": "",
            "folder_id": "b1g5dha51t4h3463lm9q",
            "fqdn": "ssh-a.ru-central1.internal",
            "hostname": "ssh-a",
            "id": "fhmrjgjkag90a9sd4t84",
            "labels": null,
            "metadata": {
              "serial-port-enable": "1",
              "user-data": "#cloud-config\n#ssh_pwauth: no\nusers:\n  - name: yc-user\n    sudo: ALL=(ALL) NOPASSWD:ALL\n    groups: sudo\n    shell: /bin/bash\n    ssh_authorized_keys:\n      - \"ssh-rsa AAAAB3NzaC1yc2EAAAADAQABAAABgQDNU65i9w8rZOhJbfCrHkAY/WqB4hEH8SZYLzGN6rXltPqibKDNwXTo1BatS93nqahRv7Z3j1+/1jkKDhgvokRQ9XlSLp2t5UzEy+6VxJIavHpe3y69BYjUnbWp/7NOLMNxAyN8FUpHyAdAuIlLQDu0sKPbG6VmOMLMbaaVsXbFBj9Cv9tqS8aiEMtV8xF1cmgop4fAEv0+AFaBXSFgDh+u5brOuo5N8Rfn0HbvpE/pMPMqGTs1pQFToSotM/5vYJYE3O26UPpOqG2gphzzt6/skXTv8xoHRItInj0PnFXDDM8N9ChfhgpFcTDeMCqPhjtnZ8aLh13tByXDF1RCSB2hj3F1yI2hXCyJJvODuavX5w8wPQ4elli7RrA7XV1w4yLgPm7K8u5Z7783Jkcy6OJ6p+E24NnKbIj9dGqmiy76gmgqKA5C1F/Mk9r6pdfHT4RDekYR9/naaxRQNvdX1z98cI5RMId1H9s/BqEspAxbnjXqkZcef77mYl6nLdMizmU= mirtov8@mirtov8-osx\n\"\n      "
            },
            "name": "ssh-a",
            "network_acceleration_type": "standard",
            "network_interface": [
              {
                "dns_record": [],
                "index": 0,
                "ip_address": "192.168.0.9",
                "ipv4": true,
                "ipv6": false,
                "ipv6_address": "",
                "ipv6_dns_record": [],
                "mac_address": "d0:0d:1b:9c:27:45",
                "nat": true,
                "nat_dns_record": [],
                "nat_ip_address": "178.154.241.65",
                "nat_ip_version": "IPV4",
                "security_group_ids": [
                  "enpqgjtn5gtirtp6i07c"
                ],
                "subnet_id": "e9bv0u46babv0t40b709"
              }
            ],
            "placement_policy": [
              {
                "placement_group_id": ""
              }
            ],
            "platform_id": "standard-v2",
            "resources": [
              {
                "core_fraction": 100,
                "cores": 2,
                "gpus": 0,
                "memory": 4
              }
            ],
            "scheduling_policy": [
              {
                "preemptible": false
              }
            ],
            "secondary_disk": [],
            "service_account_id": "",
            "status": "running",
            "timeouts": null,
            "zone": "ru-central1-a"
          },
          "sensitive_attributes": [],
          "private": "eyJlMmJmYjczMC1lY2FhLTExZTYtOGY4OC0zNDM2M2JjN2M0YzAiOnsiY3JlYXRlIjozMDAwMDAwMDAwMDAsImRlbGV0ZSI6MzAwMDAwMDAwMDAwLCJ1cGRhdGUiOjMwMDAwMDAwMDAwMH0sInNjaGVtYV92ZXJzaW9uIjoiMSJ9",
          "dependencies": [
            "data.template_file.cloud_init_lin",
            "data.yandex_compute_image.img_lin",
            "data.yandex_vpc_network.vpc-positive",
            "yandex_vpc_security_group.ssh-broker",
            "yandex_vpc_subnet.mgmgt-subnet"
          ]
        },
        {
          "index_key": 1,
          "schema_version": 1,
          "attributes": {
            "allow_stopping_for_update": null,
            "boot_disk": [
              {
                "auto_delete": true,
                "device_name": "epdq1t0d21g3nua7tpof",
                "disk_id": "epdq1t0d21g3nua7tpof",
                "initialize_params": [
                  {
                    "description": "",
                    "image_id": "fd83klic6c8gfgi40urb",
                    "name": "",
                    "size": 26,
                    "snapshot_id": "",
                    "type": "network-ssd"
                  }
                ],
                "mode": "READ_WRITE"
              }
            ],
            "created_at": "2021-07-21T09:57:26Z",
            "description": "",
            "folder_id": "b1g5dha51t4h3463lm9q",
            "fqdn": "ssh-b.ru-central1.internal",
            "hostname": "ssh-b",
            "id": "epduuvq5meburflhtogr",
            "labels": null,
            "metadata": {
              "serial-port-enable": "1",
              "user-data": "#cloud-config\n#ssh_pwauth: no\nusers:\n  - name: yc-user\n    sudo: ALL=(ALL) NOPASSWD:ALL\n    groups: sudo\n    shell: /bin/bash\n    ssh_authorized_keys:\n      - \"ssh-rsa AAAAB3NzaC1yc2EAAAADAQABAAABgQDNU65i9w8rZOhJbfCrHkAY/WqB4hEH8SZYLzGN6rXltPqibKDNwXTo1BatS93nqahRv7Z3j1+/1jkKDhgvokRQ9XlSLp2t5UzEy+6VxJIavHpe3y69BYjUnbWp/7NOLMNxAyN8FUpHyAdAuIlLQDu0sKPbG6VmOMLMbaaVsXbFBj9Cv9tqS8aiEMtV8xF1cmgop4fAEv0+AFaBXSFgDh+u5brOuo5N8Rfn0HbvpE/pMPMqGTs1pQFToSotM/5vYJYE3O26UPpOqG2gphzzt6/skXTv8xoHRItInj0PnFXDDM8N9ChfhgpFcTDeMCqPhjtnZ8aLh13tByXDF1RCSB2hj3F1yI2hXCyJJvODuavX5w8wPQ4elli7RrA7XV1w4yLgPm7K8u5Z7783Jkcy6OJ6p+E24NnKbIj9dGqmiy76gmgqKA5C1F/Mk9r6pdfHT4RDekYR9/naaxRQNvdX1z98cI5RMId1H9s/BqEspAxbnjXqkZcef77mYl6nLdMizmU= mirtov8@mirtov8-osx\n\"\n      "
            },
            "name": "ssh-b",
            "network_acceleration_type": "standard",
            "network_interface": [
              {
                "dns_record": [],
                "index": 0,
                "ip_address": "172.16.0.9",
                "ipv4": true,
                "ipv6": false,
                "ipv6_address": "",
                "ipv6_dns_record": [],
                "mac_address": "d0:0d:1e:f7:f4:5b",
                "nat": true,
                "nat_dns_record": [],
                "nat_ip_address": "130.193.52.65",
                "nat_ip_version": "IPV4",
                "security_group_ids": [
                  "enpqgjtn5gtirtp6i07c"
                ],
                "subnet_id": "e2l1c779nuo5mdppvev6"
              }
            ],
            "placement_policy": [
              {
                "placement_group_id": ""
              }
            ],
            "platform_id": "standard-v2",
            "resources": [
              {
                "core_fraction": 100,
                "cores": 2,
                "gpus": 0,
                "memory": 4
              }
            ],
            "scheduling_policy": [
              {
                "preemptible": false
              }
            ],
            "secondary_disk": [],
            "service_account_id": "",
            "status": "running",
            "timeouts": null,
            "zone": "ru-central1-b"
          },
          "sensitive_attributes": [],
          "private": "eyJlMmJmYjczMC1lY2FhLTExZTYtOGY4OC0zNDM2M2JjN2M0YzAiOnsiY3JlYXRlIjozMDAwMDAwMDAwMDAsImRlbGV0ZSI6MzAwMDAwMDAwMDAwLCJ1cGRhdGUiOjMwMDAwMDAwMDAwMH0sInNjaGVtYV92ZXJzaW9uIjoiMSJ9",
          "dependencies": [
            "data.template_file.cloud_init_lin",
            "data.yandex_compute_image.img_lin",
            "data.yandex_vpc_network.vpc-positive",
            "yandex_vpc_security_group.ssh-broker",
            "yandex_vpc_subnet.mgmgt-subnet"
          ]
        }
      ]
    },
    {
      "mode": "managed",
      "type": "yandex_lb_network_load_balancer",
      "name": "ext-lb",
      "provider": "provider[\"registry.terraform.io/yandex-cloud/yandex\"]",
      "instances": [
        {
          "schema_version": 0,
          "attributes": {
            "attached_target_group": [
              {
                "healthcheck": [
                  {
                    "healthy_threshold": 2,
                    "http_options": [],
                    "interval": 2,
                    "name": "tcp",
                    "tcp_options": [
                      {
                        "port": 80
                      }
                    ],
                    "timeout": 1,
                    "unhealthy_threshold": 2
                  }
                ],
                "target_group_id": "enp2957b6bscude2l70t"
              }
            ],
            "created_at": "2021-07-21T09:21:59Z",
            "description": "",
            "folder_id": "b1g5dha51t4h3463lm9q",
            "id": "b7rdq3npia795es5k24n",
            "labels": {},
            "listener": [
              {
                "external_address_spec": [
                  {
                    "address": "84.201.187.52",
                    "ip_version": "ipv4"
                  }
                ],
                "internal_address_spec": [],
                "name": "my-listener",
                "port": 80,
                "protocol": "tcp",
                "target_port": 80
              }
            ],
            "name": "extlb",
            "region_id": "ru-central1",
            "timeouts": {
              "create": null,
              "delete": null,
              "update": null
            },
            "type": "external"
          },
          "sensitive_attributes": [],
          "private": "eyJlMmJmYjczMC1lY2FhLTExZTYtOGY4OC0zNDM2M2JjN2M0YzAiOnsiY3JlYXRlIjozMDAwMDAwMDAwMDAsImRlbGV0ZSI6MzAwMDAwMDAwMDAwLCJ1cGRhdGUiOjMwMDAwMDAwMDAwMH19",
          "dependencies": [
            "data.template_file.cloud_init_lin",
            "data.yandex_vpc_network.vpc-positive",
            "yandex_compute_instance.ptaf",
            "yandex_lb_target_group.ptaf_group",
            "yandex_vpc_security_group.ptaf-sg",
            "yandex_vpc_security_group.ssh-broker",
            "yandex_vpc_subnet.ext-subnet"
          ]
        }
      ]
    },
    {
      "mode": "managed",
      "type": "yandex_lb_network_load_balancer",
      "name": "int-lb",
      "provider": "provider[\"registry.terraform.io/yandex-cloud/yandex\"]",
      "instances": [
        {
          "schema_version": 0,
          "attributes": {
            "attached_target_group": [
              {
                "healthcheck": [
                  {
                    "healthy_threshold": 2,
                    "http_options": [],
                    "interval": 2,
                    "name": "tcp",
                    "tcp_options": [
                      {
                        "port": 80
                      }
                    ],
                    "timeout": 1,
                    "unhealthy_threshold": 2
                  }
                ],
                "target_group_id": "enpbgla6ga7b8v8bjek0"
              }
            ],
            "created_at": "2021-07-21T09:58:53Z",
            "description": "",
            "folder_id": "b1g5dha51t4h3463lm9q",
            "id": "b7rthrldfismf7agugio",
            "labels": null,
            "listener": [
              {
                "external_address_spec": [],
                "internal_address_spec": [
                  {
                    "address": "192.168.2.15",
                    "ip_version": "ipv4",
                    "subnet_id": "e9b5tfvohoqcsafpliak"
                  }
                ],
                "name": "my-listener",
                "port": 80,
                "protocol": "tcp",
                "target_port": 80
              }
            ],
            "name": "intlb",
            "region_id": "ru-central1",
            "timeouts": null,
            "type": "internal"
          },
          "sensitive_attributes": [],
          "private": "eyJlMmJmYjczMC1lY2FhLTExZTYtOGY4OC0zNDM2M2JjN2M0YzAiOnsiY3JlYXRlIjozMDAwMDAwMDAwMDAsImRlbGV0ZSI6MzAwMDAwMDAwMDAwLCJ1cGRhdGUiOjMwMDAwMDAwMDAwMH19",
          "dependencies": [
            "data.template_file.cloud_init_lin",
            "data.yandex_lb_target_group.app-group",
            "data.yandex_vpc_network.vpc-positive",
            "yandex_compute_instance.ptaf",
            "yandex_lb_network_load_balancer.ext-lb",
            "yandex_lb_target_group.ptaf_group",
            "yandex_vpc_security_group.ptaf-sg",
            "yandex_vpc_security_group.ssh-broker",
            "yandex_vpc_subnet.ext-subnet"
          ]
        }
      ]
    },
    {
      "mode": "managed",
      "type": "yandex_lb_target_group",
      "name": "ptaf_group",
      "provider": "provider[\"registry.terraform.io/yandex-cloud/yandex\"]",
      "instances": [
        {
          "schema_version": 0,
          "attributes": {
            "created_at": "2021-07-21T09:58:30Z",
            "description": "",
            "folder_id": "b1g5dha51t4h3463lm9q",
            "id": "enp2957b6bscude2l70t",
            "labels": null,
            "name": "ptafgroup",
            "region_id": "ru-central1",
            "target": [
              {
                "address": "172.18.0.10",
                "subnet_id": "e2l9d3bkahra36ilmp56"
              },
              {
                "address": "192.168.2.10",
                "subnet_id": "e9b5tfvohoqcsafpliak"
              }
            ],
            "timeouts": null
          },
          "sensitive_attributes": [],
          "private": "eyJlMmJmYjczMC1lY2FhLTExZTYtOGY4OC0zNDM2M2JjN2M0YzAiOnsiY3JlYXRlIjozMDAwMDAwMDAwMDAsImRlbGV0ZSI6MzAwMDAwMDAwMDAwLCJ1cGRhdGUiOjMwMDAwMDAwMDAwMH19",
          "dependencies": [
            "data.template_file.cloud_init_lin",
            "data.yandex_vpc_network.vpc-positive",
            "yandex_compute_instance.ptaf",
            "yandex_vpc_security_group.ptaf-sg",
            "yandex_vpc_security_group.ssh-broker",
            "yandex_vpc_subnet.ext-subnet"
          ]
        }
      ]
    },
    {
      "mode": "managed",
      "type": "yandex_vpc_security_group",
      "name": "app-sg",
      "provider": "provider[\"registry.terraform.io/yandex-cloud/yandex\"]",
      "instances": [
        {
          "schema_version": 0,
          "attributes": {
            "created_at": "2021-07-21T09:57:24Z",
            "description": "",
            "egress": [
              {
                "description": "",
                "from_port": 0,
                "id": "enppmmoepgohtoo02o4f",
                "labels": {},
                "port": -1,
                "predefined_target": "",
                "protocol": "ANY",
                "security_group_id": "",
                "to_port": 65535,
                "v4_cidr_blocks": [
                  "0.0.0.0/0"
                ],
                "v6_cidr_blocks": []
              }
            ],
            "folder_id": "b1g5dha51t4h3463lm9q",
            "id": "enpda2he0q6d5s3l1l4d",
            "ingress": [
              {
                "description": "",
                "from_port": -1,
                "id": "enpfgm4rfa7b0ebkanqh",
                "labels": {},
                "port": 80,
                "predefined_target": "",
                "protocol": "ANY",
                "security_group_id": "enp44pomufv8m4i6mouv",
                "to_port": -1,
                "v4_cidr_blocks": [],
                "v6_cidr_blocks": []
              },
              {
                "description": "",
                "from_port": -1,
                "id": "enpuf4mgbta01ob472to",
                "labels": {},
                "port": 443,
                "predefined_target": "",
                "protocol": "ANY",
                "security_group_id": "enp44pomufv8m4i6mouv",
                "to_port": -1,
                "v4_cidr_blocks": [],
                "v6_cidr_blocks": []
              }
            ],
            "labels": null,
            "name": "apps-sg",
            "network_id": "enp5319ctfe47kh2q4jp",
            "status": "ACTIVE",
            "timeouts": null
          },
          "sensitive_attributes": [],
          "private": "eyJlMmJmYjczMC1lY2FhLTExZTYtOGY4OC0zNDM2M2JjN2M0YzAiOnsiY3JlYXRlIjoxODAwMDAwMDAwMDAsImRlbGV0ZSI6MTgwMDAwMDAwMDAwLCJ1cGRhdGUiOjE4MDAwMDAwMDAwMH19",
          "dependencies": [
            "data.yandex_vpc_network.vpc-positive",
            "yandex_vpc_security_group.ptaf-sg",
            "yandex_vpc_security_group.ssh-broker"
          ]
        }
      ]
    },
    {
      "mode": "managed",
      "type": "yandex_vpc_security_group",
      "name": "ptaf-sg",
      "provider": "provider[\"registry.terraform.io/yandex-cloud/yandex\"]",
      "instances": [
        {
          "schema_version": 0,
          "attributes": {
            "created_at": "2021-07-21T09:57:23Z",
            "description": "",
            "egress": [
              {
                "description": "",
                "from_port": 0,
                "id": "enphk00j77tf3tobu3dc",
                "labels": {},
                "port": -1,
                "predefined_target": "",
                "protocol": "ANY",
                "security_group_id": "",
                "to_port": 65535,
                "v4_cidr_blocks": [
                  "0.0.0.0/0"
                ],
                "v6_cidr_blocks": []
              }
            ],
            "folder_id": "b1g5dha51t4h3463lm9q",
            "id": "enp44pomufv8m4i6mouv",
            "ingress": [
              {
                "description": "",
                "from_port": -1,
                "id": "enpk7n5bi3uuna0qu7me",
                "labels": {},
                "port": 80,
                "predefined_target": "",
                "protocol": "ANY",
                "security_group_id": "",
                "to_port": -1,
                "v4_cidr_blocks": [
                  "0.0.0.0/0"
                ],
                "v6_cidr_blocks": []
              },
              {
                "description": "",
                "from_port": -1,
                "id": "enpuiui0l6v6almag6bg",
                "labels": {},
                "port": 443,
                "predefined_target": "",
                "protocol": "ANY",
                "security_group_id": "",
                "to_port": -1,
                "v4_cidr_blocks": [
                  "0.0.0.0/0"
                ],
                "v6_cidr_blocks": []
              },
              {
                "description": "",
                "from_port": 0,
                "id": "enp748ngf7c8n15fjni4",
                "labels": {},
                "port": -1,
                "predefined_target": "",
                "protocol": "ANY",
                "security_group_id": "enpqgjtn5gtirtp6i07c",
                "to_port": 65535,
                "v4_cidr_blocks": [],
                "v6_cidr_blocks": []
              }
            ],
            "labels": null,
            "name": "ptaf-sg",
            "network_id": "enp5319ctfe47kh2q4jp",
            "status": "ACTIVE",
            "timeouts": null
          },
          "sensitive_attributes": [],
          "private": "eyJlMmJmYjczMC1lY2FhLTExZTYtOGY4OC0zNDM2M2JjN2M0YzAiOnsiY3JlYXRlIjoxODAwMDAwMDAwMDAsImRlbGV0ZSI6MTgwMDAwMDAwMDAwLCJ1cGRhdGUiOjE4MDAwMDAwMDAwMH19",
          "dependencies": [
            "data.yandex_vpc_network.vpc-positive",
            "yandex_vpc_security_group.ssh-broker"
          ]
        }
      ]
    },
    {
      "mode": "managed",
      "type": "yandex_vpc_security_group",
      "name": "ssh-broker",
      "provider": "provider[\"registry.terraform.io/yandex-cloud/yandex\"]",
      "instances": [
        {
          "schema_version": 0,
          "attributes": {
            "created_at": "2021-07-21T09:57:22Z",
            "description": "",
            "egress": [
              {
                "description": "",
                "from_port": 0,
                "id": "enplc0cqh7ublb24121h",
                "labels": {},
                "port": -1,
                "predefined_target": "",
                "protocol": "ANY",
                "security_group_id": "",
                "to_port": 65535,
                "v4_cidr_blocks": [
                  "0.0.0.0/0"
                ],
                "v6_cidr_blocks": []
              }
            ],
            "folder_id": "b1g5dha51t4h3463lm9q",
            "id": "enpqgjtn5gtirtp6i07c",
            "ingress": [
              {
                "description": "",
                "from_port": -1,
                "id": "enprna5n2aeop3ss7fa6",
                "labels": {},
                "port": 22,
                "predefined_target": "",
                "protocol": "ANY",
                "security_group_id": "",
                "to_port": -1,
                "v4_cidr_blocks": [
                  "0.0.0.0/0"
                ],
                "v6_cidr_blocks": []
              }
            ],
            "labels": null,
            "name": "broker-sg",
            "network_id": "enp5319ctfe47kh2q4jp",
            "status": "ACTIVE",
            "timeouts": null
          },
          "sensitive_attributes": [],
          "private": "eyJlMmJmYjczMC1lY2FhLTExZTYtOGY4OC0zNDM2M2JjN2M0YzAiOnsiY3JlYXRlIjoxODAwMDAwMDAwMDAsImRlbGV0ZSI6MTgwMDAwMDAwMDAwLCJ1cGRhdGUiOjE4MDAwMDAwMDAwMH19",
          "dependencies": [
            "data.yandex_vpc_network.vpc-positive"
          ]
        }
      ]
    },
    {
      "mode": "managed",
      "type": "yandex_vpc_subnet",
      "name": "ext-subnet",
      "provider": "provider[\"registry.terraform.io/yandex-cloud/yandex\"]",
      "instances": [
        {
          "index_key": 0,
          "schema_version": 0,
          "attributes": {
            "created_at": "2021-07-21T09:57:21Z",
            "description": "",
            "dhcp_options": [],
            "folder_id": "b1g5dha51t4h3463lm9q",
            "id": "e9b5tfvohoqcsafpliak",
            "labels": null,
            "name": "ext-subnet-a",
            "network_id": "enp5319ctfe47kh2q4jp",
            "route_table_id": "",
            "timeouts": null,
            "v4_cidr_blocks": [
              "192.168.2.0/24"
            ],
            "v6_cidr_blocks": [],
            "zone": "ru-central1-a"
          },
          "sensitive_attributes": [],
          "private": "eyJlMmJmYjczMC1lY2FhLTExZTYtOGY4OC0zNDM2M2JjN2M0YzAiOnsiY3JlYXRlIjoxODAwMDAwMDAwMDAsImRlbGV0ZSI6MTgwMDAwMDAwMDAwLCJ1cGRhdGUiOjE4MDAwMDAwMDAwMH19",
          "dependencies": [
            "data.yandex_vpc_network.vpc-positive"
          ]
        },
        {
          "index_key": 1,
          "schema_version": 0,
          "attributes": {
            "created_at": "2021-07-21T09:57:26Z",
            "description": "",
            "dhcp_options": [],
            "folder_id": "b1g5dha51t4h3463lm9q",
            "id": "e2l9d3bkahra36ilmp56",
            "labels": null,
            "name": "ext-subnet-b",
            "network_id": "enp5319ctfe47kh2q4jp",
            "route_table_id": "",
            "timeouts": null,
            "v4_cidr_blocks": [
              "172.18.0.0/24"
            ],
            "v6_cidr_blocks": [],
            "zone": "ru-central1-b"
          },
          "sensitive_attributes": [],
          "private": "eyJlMmJmYjczMC1lY2FhLTExZTYtOGY4OC0zNDM2M2JjN2M0YzAiOnsiY3JlYXRlIjoxODAwMDAwMDAwMDAsImRlbGV0ZSI6MTgwMDAwMDAwMDAwLCJ1cGRhdGUiOjE4MDAwMDAwMDAwMH19",
          "dependencies": [
            "data.yandex_vpc_network.vpc-positive"
          ]
        }
      ]
    },
    {
      "mode": "managed",
      "type": "yandex_vpc_subnet",
      "name": "mgmgt-subnet",
      "provider": "provider[\"registry.terraform.io/yandex-cloud/yandex\"]",
      "instances": [
        {
          "index_key": 0,
          "schema_version": 0,
          "attributes": {
            "created_at": "2021-07-21T09:57:23Z",
            "description": "",
            "dhcp_options": [],
            "folder_id": "b1g5dha51t4h3463lm9q",
            "id": "e9bv0u46babv0t40b709",
            "labels": null,
            "name": "mgmt-subnet-a",
            "network_id": "enp5319ctfe47kh2q4jp",
            "route_table_id": "",
            "timeouts": null,
            "v4_cidr_blocks": [
              "192.168.0.0/24"
            ],
            "v6_cidr_blocks": [],
            "zone": "ru-central1-a"
          },
          "sensitive_attributes": [],
          "private": "eyJlMmJmYjczMC1lY2FhLTExZTYtOGY4OC0zNDM2M2JjN2M0YzAiOnsiY3JlYXRlIjoxODAwMDAwMDAwMDAsImRlbGV0ZSI6MTgwMDAwMDAwMDAwLCJ1cGRhdGUiOjE4MDAwMDAwMDAwMH19",
          "dependencies": [
            "data.yandex_vpc_network.vpc-positive"
          ]
        },
        {
          "index_key": 1,
          "schema_version": 0,
          "attributes": {
            "created_at": "2021-07-21T09:57:25Z",
            "description": "",
            "dhcp_options": [],
            "folder_id": "b1g5dha51t4h3463lm9q",
            "id": "e2l1c779nuo5mdppvev6",
            "labels": null,
            "name": "mgmt-subnet-b",
            "network_id": "enp5319ctfe47kh2q4jp",
            "route_table_id": "",
            "timeouts": null,
            "v4_cidr_blocks": [
              "172.16.0.0/24"
            ],
            "v6_cidr_blocks": [],
            "zone": "ru-central1-b"
          },
          "sensitive_attributes": [],
          "private": "eyJlMmJmYjczMC1lY2FhLTExZTYtOGY4OC0zNDM2M2JjN2M0YzAiOnsiY3JlYXRlIjoxODAwMDAwMDAwMDAsImRlbGV0ZSI6MTgwMDAwMDAwMDAwLCJ1cGRhdGUiOjE4MDAwMDAwMDAwMH19",
          "dependencies": [
            "data.yandex_vpc_network.vpc-positive"
          ]
        }
      ]
    }
  ]
}
