{
  "version": 4,
  "terraform_version": "0.15.3",
  "serial": 100,
  "lineage": "3b295b69-1ebe-c98c-c15b-48884710ee8e",
  "outputs": {},
  "resources": [
    {
      "mode": "data",
      "type": "template_file",
      "name": "cloud_init_lin",
      "provider": "provider[\"registry.terraform.io/hashicorp/template\"]",
      "instances": [
        {
          "schema_version": 0,
          "attributes": {
            "filename": null,
            "id": "82f63e1015b22103802b9703d8ad75c6929d2843bf2cd581eb8f1a47b4b10cac",
            "rendered": "#cloud-config\n#ssh_pwauth: no\nusers:\n  - name: yc-user\n    sudo: ALL=(ALL) NOPASSWD:ALL\n    groups: sudo\n    shell: /bin/bash\n    ssh_authorized_keys:\n      - \"ssh-rsa AAAAB3NzaC1yc2EAAAADAQABAAABgQDNU65i9w8rZOhJbfCrHkAY/WqB4hEH8SZYLzGN6rXltPqibKDNwXTo1BatS93nqahRv7Z3j1+/1jkKDhgvokRQ9XlSLp2t5UzEy+6VxJIavHpe3y69BYjUnbWp/7NOLMNxAyN8FUpHyAdAuIlLQDu0sKPbG6VmOMLMbaaVsXbFBj9Cv9tqS8aiEMtV8xF1cmgop4fAEv0+AFaBXSFgDh+u5brOuo5N8Rfn0HbvpE/pMPMqGTs1pQFToSotM/5vYJYE3O26UPpOqG2gphzzt6/skXTv8xoHRItInj0PnFXDDM8N9ChfhgpFcTDeMCqPhjtnZ8aLh13tByXDF1RCSB2hj3F1yI2hXCyJJvODuavX5w8wPQ4elli7RrA7XV1w4yLgPm7K8u5Z7783Jkcy6OJ6p+E24NnKbIj9dGqmiy76gmgqKA5C1F/Mk9r6pdfHT4RDekYR9/naaxRQNvdX1z98cI5RMId1H9s/BqEspAxbnjXqkZcef77mYl6nLdMizmU= mirtov8@mirtov8-osx\n\"\n      ",
            "template": "#cloud-config\n#ssh_pwauth: no\nusers:\n  - name: yc-user\n    sudo: ALL=(ALL) NOPASSWD:ALL\n    groups: sudo\n    shell: /bin/bash\n    ssh_authorized_keys:\n      - \"${ssh_key}\"\n      ",
            "vars": {
              "ssh_key": "ssh-rsa AAAAB3NzaC1yc2EAAAADAQABAAABgQDNU65i9w8rZOhJbfCrHkAY/WqB4hEH8SZYLzGN6rXltPqibKDNwXTo1BatS93nqahRv7Z3j1+/1jkKDhgvokRQ9XlSLp2t5UzEy+6VxJIavHpe3y69BYjUnbWp/7NOLMNxAyN8FUpHyAdAuIlLQDu0sKPbG6VmOMLMbaaVsXbFBj9Cv9tqS8aiEMtV8xF1cmgop4fAEv0+AFaBXSFgDh+u5brOuo5N8Rfn0HbvpE/pMPMqGTs1pQFToSotM/5vYJYE3O26UPpOqG2gphzzt6/skXTv8xoHRItInj0PnFXDDM8N9ChfhgpFcTDeMCqPhjtnZ8aLh13tByXDF1RCSB2hj3F1yI2hXCyJJvODuavX5w8wPQ4elli7RrA7XV1w4yLgPm7K8u5Z7783Jkcy6OJ6p+E24NnKbIj9dGqmiy76gmgqKA5C1F/Mk9r6pdfHT4RDekYR9/naaxRQNvdX1z98cI5RMId1H9s/BqEspAxbnjXqkZcef77mYl6nLdMizmU= mirtov8@mirtov8-osx\n"
            }
          },
          "sensitive_attributes": []
        }
      ]
    },
    {
      "mode": "data",
      "type": "yandex_compute_image",
      "name": "img_lin",
      "provider": "provider[\"registry.terraform.io/yandex-cloud/yandex\"]",
      "instances": [
        {
          "schema_version": 0,
          "attributes": {
            "created_at": "2021-06-10T17:13:11Z",
            "description": "Ubuntu 20.04 distribution. Official website and documentation: https://www.ubuntu.com",
            "family": "ubuntu-2004-lts",
            "folder_id": "standard-images",
            "id": "fd83klic6c8gfgi40urb",
            "image_id": "fd83klic6c8gfgi40urb",
            "labels": {},
            "min_disk_size": 3,
            "name": "ubuntu-2004-lts-1623345129",
            "os_type": "linux",
            "product_ids": [
              "f2efrqfcllr7ns1o7b1t"
            ],
            "size": 2,
            "status": "ready"
          },
          "sensitive_attributes": []
        }
      ]
    },
    {
      "mode": "data",
      "type": "yandex_vpc_network",
      "name": "vpc-positive",
      "provider": "provider[\"registry.terraform.io/yandex-cloud/yandex\"]",
      "instances": [
        {
          "schema_version": 0,
          "attributes": {
            "created_at": "2021-07-19T13:21:10Z",
            "default_security_group_id": "",
            "description": "",
            "folder_id": "b1g5dha51t4h3463lm9q",
            "id": "enptlqi0e05qqni9h5jo",
            "labels": {},
            "name": "vpc-infra",
            "network_id": "enptlqi0e05qqni9h5jo",
            "subnet_ids": [
              "e2lbkfnf7kvhh1356ujv",
              "e9bk3oa3ic91um46qssc"
            ]
          },
          "sensitive_attributes": []
        }
      ]
    },
    {
      "mode": "managed",
      "type": "yandex_compute_instance",
      "name": "ptaf",
      "provider": "provider[\"registry.terraform.io/yandex-cloud/yandex\"]",
      "instances": [
        {
          "index_key": 0,
          "schema_version": 1,
          "attributes": {
            "allow_stopping_for_update": null,
            "boot_disk": [
              {
                "auto_delete": true,
                "device_name": "fhm9cbh6ksdt180808qc",
                "disk_id": "fhm9cbh6ksdt180808qc",
                "initialize_params": [
                  {
                    "description": "",
                    "image_id": "fd82o4hrthjatcgr16t8",
                    "name": "",
                    "size": 80,
                    "snapshot_id": "",
                    "type": "network-ssd"
                  }
                ],
                "mode": "READ_WRITE"
              }
            ],
            "created_at": "2021-07-19T15:18:44Z",
            "description": "",
            "folder_id": "b1g5dha51t4h3463lm9q",
            "fqdn": "ptaf-a.ru-central1.internal",
            "hostname": "ptaf-a",
            "id": "fhmrf2rjjlrj8hp40oj7",
            "labels": null,
            "metadata": {
              "serial-port-enable": "1",
              "user-data": "#cloud-config\n#ssh_pwauth: no\nusers:\n  - name: yc-user\n    sudo: ALL=(ALL) NOPASSWD:ALL\n    groups: sudo\n    shell: /bin/bash\n    ssh_authorized_keys:\n      - \"ssh-rsa AAAAB3NzaC1yc2EAAAADAQABAAABgQDNU65i9w8rZOhJbfCrHkAY/WqB4hEH8SZYLzGN6rXltPqibKDNwXTo1BatS93nqahRv7Z3j1+/1jkKDhgvokRQ9XlSLp2t5UzEy+6VxJIavHpe3y69BYjUnbWp/7NOLMNxAyN8FUpHyAdAuIlLQDu0sKPbG6VmOMLMbaaVsXbFBj9Cv9tqS8aiEMtV8xF1cmgop4fAEv0+AFaBXSFgDh+u5brOuo5N8Rfn0HbvpE/pMPMqGTs1pQFToSotM/5vYJYE3O26UPpOqG2gphzzt6/skXTv8xoHRItInj0PnFXDDM8N9ChfhgpFcTDeMCqPhjtnZ8aLh13tByXDF1RCSB2hj3F1yI2hXCyJJvODuavX5w8wPQ4elli7RrA7XV1w4yLgPm7K8u5Z7783Jkcy6OJ6p+E24NnKbIj9dGqmiy76gmgqKA5C1F/Mk9r6pdfHT4RDekYR9/naaxRQNvdX1z98cI5RMId1H9s/BqEspAxbnjXqkZcef77mYl6nLdMizmU= mirtov8@mirtov8-osx\n\"\n      "
            },
            "name": "ptaf-a",
            "network_acceleration_type": "standard",
            "network_interface": [
              {
                "dns_record": [],
                "index": 0,
                "ip_address": "192.168.2.15",
                "ipv4": true,
                "ipv6": false,
                "ipv6_address": "",
                "ipv6_dns_record": [],
                "mac_address": "d0:0d:1b:78:b7:39",
                "nat": true,
                "nat_dns_record": [],
                "nat_ip_address": "178.154.200.115",
                "nat_ip_version": "IPV4",
                "security_group_ids": [
                  "enpbr8ckdph85rohf77g"
                ],
                "subnet_id": "e9b2rqgfeq7v2vtenp49"
              }
            ],
            "placement_policy": [
              {
                "placement_group_id": ""
              }
            ],
            "platform_id": "standard-v1",
            "resources": [
              {
                "core_fraction": 100,
                "cores": 2,
                "gpus": 0,
                "memory": 4
              }
            ],
            "scheduling_policy": [
              {
                "preemptible": false
              }
            ],
            "secondary_disk": [],
            "service_account_id": "",
            "status": "running",
            "timeouts": null,
            "zone": "ru-central1-a"
          },
          "sensitive_attributes": [],
          "private": "eyJlMmJmYjczMC1lY2FhLTExZTYtOGY4OC0zNDM2M2JjN2M0YzAiOnsiY3JlYXRlIjozMDAwMDAwMDAwMDAsImRlbGV0ZSI6MzAwMDAwMDAwMDAwLCJ1cGRhdGUiOjMwMDAwMDAwMDAwMH0sInNjaGVtYV92ZXJzaW9uIjoiMSJ9",
          "dependencies": [
            "data.template_file.cloud_init_lin",
            "data.yandex_vpc_network.vpc-positive",
            "yandex_vpc_security_group.ptaf-sg",
            "yandex_vpc_security_group.ssh-broker",
            "yandex_vpc_subnet.ext-subnet"
          ]
        },
        {
          "index_key": 1,
          "status": "tainted",
          "schema_version": 1,
          "attributes": {
            "allow_stopping_for_update": null,
            "boot_disk": [
              {
                "auto_delete": true,
                "device_name": "",
                "disk_id": "",
                "initialize_params": [
                  {
                    "description": "",
                    "image_id": "fd82o4hrthjatcgr16t8",
                    "name": "",
                    "size": 80,
                    "snapshot_id": "",
                    "type": "network-ssd"
                  }
                ],
                "mode": ""
              }
            ],
            "created_at": null,
            "description": null,
            "folder_id": null,
            "fqdn": null,
            "hostname": "ptaf-b",
            "id": "epdp4qo5gckd4nme74p5",
            "labels": null,
            "metadata": {
              "serial-port-enable": "1",
              "user-data": "#cloud-config\n#ssh_pwauth: no\nusers:\n  - name: yc-user\n    sudo: ALL=(ALL) NOPASSWD:ALL\n    groups: sudo\n    shell: /bin/bash\n    ssh_authorized_keys:\n      - \"ssh-rsa AAAAB3NzaC1yc2EAAAADAQABAAABgQDNU65i9w8rZOhJbfCrHkAY/WqB4hEH8SZYLzGN6rXltPqibKDNwXTo1BatS93nqahRv7Z3j1+/1jkKDhgvokRQ9XlSLp2t5UzEy+6VxJIavHpe3y69BYjUnbWp/7NOLMNxAyN8FUpHyAdAuIlLQDu0sKPbG6VmOMLMbaaVsXbFBj9Cv9tqS8aiEMtV8xF1cmgop4fAEv0+AFaBXSFgDh+u5brOuo5N8Rfn0HbvpE/pMPMqGTs1pQFToSotM/5vYJYE3O26UPpOqG2gphzzt6/skXTv8xoHRItInj0PnFXDDM8N9ChfhgpFcTDeMCqPhjtnZ8aLh13tByXDF1RCSB2hj3F1yI2hXCyJJvODuavX5w8wPQ4elli7RrA7XV1w4yLgPm7K8u5Z7783Jkcy6OJ6p+E24NnKbIj9dGqmiy76gmgqKA5C1F/Mk9r6pdfHT4RDekYR9/naaxRQNvdX1z98cI5RMId1H9s/BqEspAxbnjXqkZcef77mYl6nLdMizmU= mirtov8@mirtov8-osx\n\"\n      "
            },
            "name": "ptaf-b",
            "network_acceleration_type": "standard",
            "network_interface": [
              {
                "dns_record": [],
                "index": 0,
                "ip_address": "172.18.0.15",
                "ipv4": true,
                "ipv6": false,
                "ipv6_address": "",
                "ipv6_dns_record": [],
                "mac_address": "",
                "nat": true,
                "nat_dns_record": [],
                "nat_ip_address": "",
                "nat_ip_version": "",
                "security_group_ids": [
                  "enpbr8ckdph85rohf77g"
                ],
                "subnet_id": "e2lhd9v74e8gjk621nvo"
              }
            ],
            "placement_policy": null,
            "platform_id": "standard-v1",
            "resources": [
              {
                "core_fraction": 100,
                "cores": 2,
                "gpus": 0,
                "memory": 4
              }
            ],
            "scheduling_policy": null,
            "secondary_disk": [],
            "service_account_id": null,
            "status": null,
            "timeouts": null,
            "zone": "ru-central1-b"
          },
          "sensitive_attributes": [],
          "private": "eyJlMmJmYjczMC1lY2FhLTExZTYtOGY4OC0zNDM2M2JjN2M0YzAiOnsiY3JlYXRlIjozMDAwMDAwMDAwMDAsImRlbGV0ZSI6MzAwMDAwMDAwMDAwLCJ1cGRhdGUiOjMwMDAwMDAwMDAwMH0sInNjaGVtYV92ZXJzaW9uIjoiMSJ9",
          "dependencies": [
            "data.template_file.cloud_init_lin",
            "data.yandex_vpc_network.vpc-positive",
            "yandex_vpc_security_group.ptaf-sg",
            "yandex_vpc_security_group.ssh-broker",
            "yandex_vpc_subnet.ext-subnet"
          ]
        }
      ]
    },
    {
      "mode": "managed",
      "type": "yandex_compute_instance",
      "name": "ssh",
      "provider": "provider[\"registry.terraform.io/yandex-cloud/yandex\"]",
      "instances": [
        {
          "index_key": 0,
          "schema_version": 1,
          "attributes": {
            "allow_stopping_for_update": null,
            "boot_disk": [
              {
                "auto_delete": true,
                "device_name": "fhmij24iucupovgre9ek",
                "disk_id": "fhmij24iucupovgre9ek",
                "initialize_params": [
                  {
                    "description": "",
                    "image_id": "fd83klic6c8gfgi40urb",
                    "name": "",
                    "size": 26,
                    "snapshot_id": "",
                    "type": "network-ssd"
                  }
                ],
                "mode": "READ_WRITE"
              }
            ],
            "created_at": "2021-07-19T15:18:43Z",
            "description": "",
            "folder_id": "b1g5dha51t4h3463lm9q",
            "fqdn": "ssh-a.ru-central1.internal",
            "hostname": "ssh-a",
            "id": "fhm9dd350bdb40o2rs51",
            "labels": null,
            "metadata": {
              "serial-port-enable": "1",
              "user-data": "#cloud-config\n#ssh_pwauth: no\nusers:\n  - name: yc-user\n    sudo: ALL=(ALL) NOPASSWD:ALL\n    groups: sudo\n    shell: /bin/bash\n    ssh_authorized_keys:\n      - \"ssh-rsa AAAAB3NzaC1yc2EAAAADAQABAAABgQDNU65i9w8rZOhJbfCrHkAY/WqB4hEH8SZYLzGN6rXltPqibKDNwXTo1BatS93nqahRv7Z3j1+/1jkKDhgvokRQ9XlSLp2t5UzEy+6VxJIavHpe3y69BYjUnbWp/7NOLMNxAyN8FUpHyAdAuIlLQDu0sKPbG6VmOMLMbaaVsXbFBj9Cv9tqS8aiEMtV8xF1cmgop4fAEv0+AFaBXSFgDh+u5brOuo5N8Rfn0HbvpE/pMPMqGTs1pQFToSotM/5vYJYE3O26UPpOqG2gphzzt6/skXTv8xoHRItInj0PnFXDDM8N9ChfhgpFcTDeMCqPhjtnZ8aLh13tByXDF1RCSB2hj3F1yI2hXCyJJvODuavX5w8wPQ4elli7RrA7XV1w4yLgPm7K8u5Z7783Jkcy6OJ6p+E24NnKbIj9dGqmiy76gmgqKA5C1F/Mk9r6pdfHT4RDekYR9/naaxRQNvdX1z98cI5RMId1H9s/BqEspAxbnjXqkZcef77mYl6nLdMizmU= mirtov8@mirtov8-osx\n\"\n      "
            },
            "name": "ssh-a",
            "network_acceleration_type": "standard",
            "network_interface": [
              {
                "dns_record": [],
                "index": 0,
                "ip_address": "192.168.0.9",
                "ipv4": true,
                "ipv6": false,
                "ipv6_address": "",
                "ipv6_dns_record": [],
                "mac_address": "d0:0d:96:b4:65:02",
                "nat": true,
                "nat_dns_record": [],
                "nat_ip_address": "84.201.157.131",
                "nat_ip_version": "IPV4",
                "security_group_ids": [
                  "enpc2fau9maach5hf5c3"
                ],
                "subnet_id": "e9bdgl604d305njqeq4d"
              }
            ],
            "placement_policy": [
              {
                "placement_group_id": ""
              }
            ],
            "platform_id": "standard-v2",
            "resources": [
              {
                "core_fraction": 100,
                "cores": 2,
                "gpus": 0,
                "memory": 4
              }
            ],
            "scheduling_policy": [
              {
                "preemptible": false
              }
            ],
            "secondary_disk": [],
            "service_account_id": "",
            "status": "running",
            "timeouts": null,
            "zone": "ru-central1-a"
          },
          "sensitive_attributes": [],
          "private": "eyJlMmJmYjczMC1lY2FhLTExZTYtOGY4OC0zNDM2M2JjN2M0YzAiOnsiY3JlYXRlIjozMDAwMDAwMDAwMDAsImRlbGV0ZSI6MzAwMDAwMDAwMDAwLCJ1cGRhdGUiOjMwMDAwMDAwMDAwMH0sInNjaGVtYV92ZXJzaW9uIjoiMSJ9",
          "dependencies": [
            "data.template_file.cloud_init_lin",
            "data.yandex_compute_image.img_lin",
            "data.yandex_vpc_network.vpc-positive",
            "yandex_vpc_security_group.ssh-broker",
            "yandex_vpc_subnet.mgmgt-subnet"
          ]
        },
        {
          "index_key": 1,
          "schema_version": 1,
          "attributes": {
            "allow_stopping_for_update": null,
            "boot_disk": [
              {
                "auto_delete": true,
                "device_name": "epdubu37divbn2fielae",
                "disk_id": "epdubu37divbn2fielae",
                "initialize_params": [
                  {
                    "description": "",
                    "image_id": "fd83klic6c8gfgi40urb",
                    "name": "",
                    "size": 26,
                    "snapshot_id": "",
                    "type": "network-ssd"
                  }
                ],
                "mode": "READ_WRITE"
              }
            ],
            "created_at": "2021-07-19T15:18:43Z",
            "description": "",
            "folder_id": "b1g5dha51t4h3463lm9q",
            "fqdn": "ssh-b.ru-central1.internal",
            "hostname": "ssh-b",
            "id": "epdg8bs1fj94icai3hq2",
            "labels": null,
            "metadata": {
              "serial-port-enable": "1",
              "user-data": "#cloud-config\n#ssh_pwauth: no\nusers:\n  - name: yc-user\n    sudo: ALL=(ALL) NOPASSWD:ALL\n    groups: sudo\n    shell: /bin/bash\n    ssh_authorized_keys:\n      - \"ssh-rsa AAAAB3NzaC1yc2EAAAADAQABAAABgQDNU65i9w8rZOhJbfCrHkAY/WqB4hEH8SZYLzGN6rXltPqibKDNwXTo1BatS93nqahRv7Z3j1+/1jkKDhgvokRQ9XlSLp2t5UzEy+6VxJIavHpe3y69BYjUnbWp/7NOLMNxAyN8FUpHyAdAuIlLQDu0sKPbG6VmOMLMbaaVsXbFBj9Cv9tqS8aiEMtV8xF1cmgop4fAEv0+AFaBXSFgDh+u5brOuo5N8Rfn0HbvpE/pMPMqGTs1pQFToSotM/5vYJYE3O26UPpOqG2gphzzt6/skXTv8xoHRItInj0PnFXDDM8N9ChfhgpFcTDeMCqPhjtnZ8aLh13tByXDF1RCSB2hj3F1yI2hXCyJJvODuavX5w8wPQ4elli7RrA7XV1w4yLgPm7K8u5Z7783Jkcy6OJ6p+E24NnKbIj9dGqmiy76gmgqKA5C1F/Mk9r6pdfHT4RDekYR9/naaxRQNvdX1z98cI5RMId1H9s/BqEspAxbnjXqkZcef77mYl6nLdMizmU= mirtov8@mirtov8-osx\n\"\n      "
            },
            "name": "ssh-b",
            "network_acceleration_type": "standard",
            "network_interface": [
              {
                "dns_record": [],
                "index": 0,
                "ip_address": "172.16.0.9",
                "ipv4": true,
                "ipv6": false,
                "ipv6_address": "",
                "ipv6_dns_record": [],
                "mac_address": "d0:0d:10:42:f8:17",
                "nat": true,
                "nat_dns_record": [],
                "nat_ip_address": "84.201.161.178",
                "nat_ip_version": "IPV4",
                "security_group_ids": [
                  "enpc2fau9maach5hf5c3"
                ],
                "subnet_id": "e2lgh0r49pngvv874qha"
              }
            ],
            "placement_policy": [
              {
                "placement_group_id": ""
              }
            ],
            "platform_id": "standard-v2",
            "resources": [
              {
                "core_fraction": 100,
                "cores": 2,
                "gpus": 0,
                "memory": 4
              }
            ],
            "scheduling_policy": [
              {
                "preemptible": false
              }
            ],
            "secondary_disk": [],
            "service_account_id": "",
            "status": "running",
            "timeouts": null,
            "zone": "ru-central1-b"
          },
          "sensitive_attributes": [],
          "private": "eyJlMmJmYjczMC1lY2FhLTExZTYtOGY4OC0zNDM2M2JjN2M0YzAiOnsiY3JlYXRlIjozMDAwMDAwMDAwMDAsImRlbGV0ZSI6MzAwMDAwMDAwMDAwLCJ1cGRhdGUiOjMwMDAwMDAwMDAwMH0sInNjaGVtYV92ZXJzaW9uIjoiMSJ9",
          "dependencies": [
            "data.template_file.cloud_init_lin",
            "data.yandex_compute_image.img_lin",
            "data.yandex_vpc_network.vpc-positive",
            "yandex_vpc_security_group.ssh-broker",
            "yandex_vpc_subnet.mgmgt-subnet"
          ]
        }
      ]
    },
    {
      "mode": "managed",
      "type": "yandex_vpc_security_group",
      "name": "app-sg",
      "provider": "provider[\"registry.terraform.io/yandex-cloud/yandex\"]",
      "instances": [
        {
          "schema_version": 0,
          "attributes": {
            "created_at": "2021-07-19T15:18:41Z",
            "description": "",
            "egress": [
              {
                "description": "",
                "from_port": 0,
                "id": "enpask1vvhs3diaa4da7",
                "labels": {},
                "port": -1,
                "predefined_target": "",
                "protocol": "ANY",
                "security_group_id": "",
                "to_port": 65535,
                "v4_cidr_blocks": [
                  "0.0.0.0/0"
                ],
                "v6_cidr_blocks": []
              }
            ],
            "folder_id": "b1g5dha51t4h3463lm9q",
            "id": "enp3mk7492nvlftogdsn",
            "ingress": [
              {
                "description": "",
                "from_port": -1,
                "id": "enpos61rnk0hndnrr09u",
                "labels": {},
                "port": 80,
                "predefined_target": "",
                "protocol": "ANY",
                "security_group_id": "",
                "to_port": -1,
                "v4_cidr_blocks": [
                  "0.0.0.0/0"
                ],
                "v6_cidr_blocks": []
              },
              {
                "description": "",
                "from_port": -1,
                "id": "enpug2qvn2s1plechp0g",
                "labels": {},
                "port": 443,
                "predefined_target": "",
                "protocol": "ANY",
                "security_group_id": "enpbr8ckdph85rohf77g",
                "to_port": -1,
                "v4_cidr_blocks": [],
                "v6_cidr_blocks": []
              }
            ],
            "labels": null,
            "name": "apps-sg",
            "network_id": "enptlqi0e05qqni9h5jo",
            "status": "ACTIVE",
            "timeouts": null
          },
          "sensitive_attributes": [],
          "private": "eyJlMmJmYjczMC1lY2FhLTExZTYtOGY4OC0zNDM2M2JjN2M0YzAiOnsiY3JlYXRlIjoxODAwMDAwMDAwMDAsImRlbGV0ZSI6MTgwMDAwMDAwMDAwLCJ1cGRhdGUiOjE4MDAwMDAwMDAwMH19",
          "dependencies": [
            "data.yandex_vpc_network.vpc-positive",
            "yandex_vpc_security_group.ptaf-sg",
            "yandex_vpc_security_group.ssh-broker"
          ]
        }
      ]
    },
    {
      "mode": "managed",
      "type": "yandex_vpc_security_group",
      "name": "ptaf-sg",
      "provider": "provider[\"registry.terraform.io/yandex-cloud/yandex\"]",
      "instances": [
        {
          "schema_version": 0,
          "attributes": {
            "created_at": "2021-07-19T15:18:40Z",
            "description": "",
            "egress": [
              {
                "description": "",
                "from_port": 0,
                "id": "enptj24vdk2i8v10pjt2",
                "labels": {},
                "port": -1,
                "predefined_target": "",
                "protocol": "ANY",
                "security_group_id": "",
                "to_port": 65535,
                "v4_cidr_blocks": [
                  "0.0.0.0/0"
                ],
                "v6_cidr_blocks": []
              }
            ],
            "folder_id": "b1g5dha51t4h3463lm9q",
            "id": "enpbr8ckdph85rohf77g",
            "ingress": [
              {
                "description": "",
                "from_port": -1,
                "id": "enp2blvrqtb4s2c9s0ef",
                "labels": {},
                "port": 80,
                "predefined_target": "",
                "protocol": "ANY",
                "security_group_id": "",
                "to_port": -1,
                "v4_cidr_blocks": [
                  "0.0.0.0/0"
                ],
                "v6_cidr_blocks": []
              },
              {
                "description": "",
                "from_port": -1,
                "id": "enp3dc29e6jan4skbnn7",
                "labels": {},
                "port": 443,
                "predefined_target": "",
                "protocol": "ANY",
                "security_group_id": "",
                "to_port": -1,
                "v4_cidr_blocks": [
                  "0.0.0.0/0"
                ],
                "v6_cidr_blocks": []
              },
              {
                "description": "",
                "from_port": 0,
                "id": "enpjlalfmpkr44geq5kg",
                "labels": {},
                "port": -1,
                "predefined_target": "",
                "protocol": "ANY",
                "security_group_id": "enpc2fau9maach5hf5c3",
                "to_port": 65535,
                "v4_cidr_blocks": [],
                "v6_cidr_blocks": []
              }
            ],
            "labels": null,
            "name": "ptaf-sg",
            "network_id": "enptlqi0e05qqni9h5jo",
            "status": "ACTIVE",
            "timeouts": null
          },
          "sensitive_attributes": [],
          "private": "eyJlMmJmYjczMC1lY2FhLTExZTYtOGY4OC0zNDM2M2JjN2M0YzAiOnsiY3JlYXRlIjoxODAwMDAwMDAwMDAsImRlbGV0ZSI6MTgwMDAwMDAwMDAwLCJ1cGRhdGUiOjE4MDAwMDAwMDAwMH19",
          "dependencies": [
            "data.yandex_vpc_network.vpc-positive",
            "yandex_vpc_security_group.ssh-broker"
          ]
        }
      ]
    },
    {
      "mode": "managed",
      "type": "yandex_vpc_security_group",
      "name": "ssh-broker",
      "provider": "provider[\"registry.terraform.io/yandex-cloud/yandex\"]",
      "instances": [
        {
          "schema_version": 0,
          "attributes": {
            "created_at": "2021-07-19T15:18:39Z",
            "description": "",
            "egress": [
              {
                "description": "",
                "from_port": 0,
                "id": "enpp77cut9cifnhm212h",
                "labels": {},
                "port": -1,
                "predefined_target": "",
                "protocol": "ANY",
                "security_group_id": "",
                "to_port": 65535,
                "v4_cidr_blocks": [
                  "0.0.0.0/0"
                ],
                "v6_cidr_blocks": []
              }
            ],
            "folder_id": "b1g5dha51t4h3463lm9q",
            "id": "enpc2fau9maach5hf5c3",
            "ingress": [
              {
                "description": "",
                "from_port": -1,
                "id": "enp5h37cf1l90iiv3pun",
                "labels": {},
                "port": 22,
                "predefined_target": "",
                "protocol": "ANY",
                "security_group_id": "",
                "to_port": -1,
                "v4_cidr_blocks": [
                  "0.0.0.0/0"
                ],
                "v6_cidr_blocks": []
              }
            ],
            "labels": null,
            "name": "broker-sg",
            "network_id": "enptlqi0e05qqni9h5jo",
            "status": "ACTIVE",
            "timeouts": null
          },
          "sensitive_attributes": [],
          "private": "eyJlMmJmYjczMC1lY2FhLTExZTYtOGY4OC0zNDM2M2JjN2M0YzAiOnsiY3JlYXRlIjoxODAwMDAwMDAwMDAsImRlbGV0ZSI6MTgwMDAwMDAwMDAwLCJ1cGRhdGUiOjE4MDAwMDAwMDAwMH19",
          "dependencies": [
            "data.yandex_vpc_network.vpc-positive"
          ]
        }
      ]
    },
    {
      "mode": "managed",
      "type": "yandex_vpc_subnet",
      "name": "ext-subnet",
      "provider": "provider[\"registry.terraform.io/yandex-cloud/yandex\"]",
      "instances": [
        {
          "index_key": 0,
          "schema_version": 0,
          "attributes": {
            "created_at": "2021-07-19T15:18:39Z",
            "description": "",
            "dhcp_options": [],
            "folder_id": "b1g5dha51t4h3463lm9q",
            "id": "e9b2rqgfeq7v2vtenp49",
            "labels": null,
            "name": "ext-subnet-a",
            "network_id": "enptlqi0e05qqni9h5jo",
            "route_table_id": "",
            "timeouts": null,
            "v4_cidr_blocks": [
              "192.168.2.0/24"
            ],
            "v6_cidr_blocks": [],
            "zone": "ru-central1-a"
          },
          "sensitive_attributes": [],
          "private": "eyJlMmJmYjczMC1lY2FhLTExZTYtOGY4OC0zNDM2M2JjN2M0YzAiOnsiY3JlYXRlIjoxODAwMDAwMDAwMDAsImRlbGV0ZSI6MTgwMDAwMDAwMDAwLCJ1cGRhdGUiOjE4MDAwMDAwMDAwMH19",
          "dependencies": [
            "data.yandex_vpc_network.vpc-positive"
          ]
        },
        {
          "index_key": 1,
          "schema_version": 0,
          "attributes": {
            "created_at": "2021-07-19T15:18:43Z",
            "description": "",
            "dhcp_options": [],
            "folder_id": "b1g5dha51t4h3463lm9q",
            "id": "e2lhd9v74e8gjk621nvo",
            "labels": null,
            "name": "ext-subnet-b",
            "network_id": "enptlqi0e05qqni9h5jo",
            "route_table_id": "",
            "timeouts": null,
            "v4_cidr_blocks": [
              "172.18.0.0/24"
            ],
            "v6_cidr_blocks": [],
            "zone": "ru-central1-b"
          },
          "sensitive_attributes": [],
          "private": "eyJlMmJmYjczMC1lY2FhLTExZTYtOGY4OC0zNDM2M2JjN2M0YzAiOnsiY3JlYXRlIjoxODAwMDAwMDAwMDAsImRlbGV0ZSI6MTgwMDAwMDAwMDAwLCJ1cGRhdGUiOjE4MDAwMDAwMDAwMH19",
          "dependencies": [
            "data.yandex_vpc_network.vpc-positive"
          ]
        }
      ]
    },
    {
      "mode": "managed",
      "type": "yandex_vpc_subnet",
      "name": "mgmgt-subnet",
      "provider": "provider[\"registry.terraform.io/yandex-cloud/yandex\"]",
      "instances": [
        {
          "index_key": 0,
          "schema_version": 0,
          "attributes": {
            "created_at": "2021-07-19T15:18:42Z",
            "description": "",
            "dhcp_options": [],
            "folder_id": "b1g5dha51t4h3463lm9q",
            "id": "e9bdgl604d305njqeq4d",
            "labels": null,
            "name": "mgmt-subnet-a",
            "network_id": "enptlqi0e05qqni9h5jo",
            "route_table_id": "",
            "timeouts": null,
            "v4_cidr_blocks": [
              "192.168.0.0/24"
            ],
            "v6_cidr_blocks": [],
            "zone": "ru-central1-a"
          },
          "sensitive_attributes": [],
          "private": "eyJlMmJmYjczMC1lY2FhLTExZTYtOGY4OC0zNDM2M2JjN2M0YzAiOnsiY3JlYXRlIjoxODAwMDAwMDAwMDAsImRlbGV0ZSI6MTgwMDAwMDAwMDAwLCJ1cGRhdGUiOjE4MDAwMDAwMDAwMH19",
          "dependencies": [
            "data.yandex_vpc_network.vpc-positive"
          ]
        },
        {
          "index_key": 1,
          "schema_version": 0,
          "attributes": {
            "created_at": "2021-07-19T15:18:40Z",
            "description": "",
            "dhcp_options": [],
            "folder_id": "b1g5dha51t4h3463lm9q",
            "id": "e2lgh0r49pngvv874qha",
            "labels": null,
            "name": "mgmt-subnet-b",
            "network_id": "enptlqi0e05qqni9h5jo",
            "route_table_id": "",
            "timeouts": null,
            "v4_cidr_blocks": [
              "172.16.0.0/24"
            ],
            "v6_cidr_blocks": [],
            "zone": "ru-central1-b"
          },
          "sensitive_attributes": [],
          "private": "eyJlMmJmYjczMC1lY2FhLTExZTYtOGY4OC0zNDM2M2JjN2M0YzAiOnsiY3JlYXRlIjoxODAwMDAwMDAwMDAsImRlbGV0ZSI6MTgwMDAwMDAwMDAwLCJ1cGRhdGUiOjE4MDAwMDAwMDAwMH19",
          "dependencies": [
            "data.yandex_vpc_network.vpc-positive"
          ]
        }
      ]
    }
  ]
}
